
Microsoft Visual Studio Solution File, Format Version 12.00
# Visual Studio Version 17
VisualStudioVersion = 17.1.32210.238
MinimumVisualStudioVersion = 10.0.40219.1
Project("{FAE04EC0-301F-11D3-BF4B-00C04F79EFBC}") = "ExtractVMManager", "ExtractVMManager\ExtractVMManager.csproj", "{B3B772E4-1A8D-4054-881E-72DD4D4DBC79}"
EndProject
Global
	GlobalSection(SolutionConfigurationPlatforms) = preSolution
		Debug|Any CPU = Debug|Any CPU
		Release|Any CPU = Release|Any CPU
	EndGlobalSection
	GlobalSection(ProjectConfigurationPlatforms) = postSolution
		{B3B772E4-1A8D-4054-881E-72DD4D4DBC79}.Debug|Any CPU.ActiveCfg = Debug|Any CPU
		{B3B772E4-1A8D-4054-881E-72DD4D4DBC79}.Debug|Any CPU.Build.0 = Debug|Any CPU
		{B3B772E4-1A8D-4054-881E-72DD4D4DBC79}.Release|Any CPU.ActiveCfg = Release|Any CPU
		{B3B772E4-1A8D-4054-881E-72DD4D4DBC79}.Release|Any CPU.Build.0 = Release|Any CPU
	EndGlobalSection
	GlobalSection(SolutionProperties) = preSolution
		HideSolutionNode = FALSE
	EndGlobalSection
	GlobalSection(ExtensibilityGlobals) = postSolution
		SolutionGuid = {17EB1E09-87ED-4C2F-918F-FD05AC609AC5}
	EndGlobalSection
EndGlobal
