
Microsoft Visual Studio Solution File, Format Version 12.00
# Visual Studio Version 17
VisualStudioVersion = 17.4.33122.133
MinimumVisualStudioVersion = 10.0.40219.1
Project("{9A19103F-16F7-4668-BE54-9A1E7A4F7556}") = "IndexConverterV2", "IndexConverterV2\IndexConverterV2\IndexConverterV2.csproj", "{B0D918F2-BA81-441C-AEC1-AACAA389B331}"
EndProject
Project("{9A19103F-16F7-4668-BE54-9A1E7A4F7556}") = "IndexConverterV2.Tests", "IndexConverterV2\IndexConverterV2.Tests\IndexConverterV2.Tests.csproj", "{689B5940-A261-4B2D-B765-57ABD95FC08B}"
EndProject
Global
	GlobalSection(SolutionConfigurationPlatforms) = preSolution
		Debug|Any CPU = Debug|Any CPU
		Release|Any CPU = Release|Any CPU
	EndGlobalSection
	GlobalSection(ProjectConfigurationPlatforms) = postSolution
		{B0D918F2-BA81-441C-AEC1-AACAA389B331}.Debug|Any CPU.ActiveCfg = Debug|Any CPU
		{B0D918F2-BA81-441C-AEC1-AACAA389B331}.Debug|Any CPU.Build.0 = Debug|Any CPU
		{B0D918F2-BA81-441C-AEC1-AACAA389B331}.Release|Any CPU.ActiveCfg = Release|Any CPU
		{B0D918F2-BA81-441C-AEC1-AACAA389B331}.Release|Any CPU.Build.0 = Release|Any CPU
		{689B5940-A261-4B2D-B765-57ABD95FC08B}.Debug|Any CPU.ActiveCfg = Debug|Any CPU
		{689B5940-A261-4B2D-B765-57ABD95FC08B}.Debug|Any CPU.Build.0 = Debug|Any CPU
		{689B5940-A261-4B2D-B765-57ABD95FC08B}.Release|Any CPU.ActiveCfg = Release|Any CPU
		{689B5940-A261-4B2D-B765-57ABD95FC08B}.Release|Any CPU.Build.0 = Release|Any CPU
	EndGlobalSection
	GlobalSection(SolutionProperties) = preSolution
		HideSolutionNode = FALSE
	EndGlobalSection
	GlobalSection(ExtensibilityGlobals) = postSolution
		SolutionGuid = {89FEB170-95B8-4CD7-A893-2EA0BBDA9A12}
	EndGlobalSection
EndGlobal
