
Microsoft Visual Studio Solution File, Format Version 9.00
# Visual Studio 2005
Project("{8BC9CEB8-8B4A-11D0-8D11-00A0C91BC942}") = "LandRecords", "LandRecords.vcproj", "{DBF08AD9-881B-4013-9747-34B1FE71EB97}"
	ProjectSection(WebsiteProperties) = preProject
		Debug.AspNetCompiler.Debug = "True"
		Release.AspNetCompiler.Debug = "False"
	EndProjectSection
	ProjectSection(ProjectDependencies) = postProject
		{86DE8911-DA28-4C13-8CE8-B6C2A30B859C} = {86DE8911-DA28-4C13-8CE8-B6C2A30B859C}
		{BAE54A20-1EB1-433E-B329-8523849D3154} = {BAE54A20-1EB1-433E-B329-8523849D3154}
		{C9BEB739-8C91-4201-9E94-2D5F650FB5AE} = {C9BEB739-8C91-4201-9E94-2D5F650FB5AE}
		{A7A54D3D-9716-469B-998C-5288B957B8F9} = {A7A54D3D-9716-469B-998C-5288B957B8F9}
		{A2E13543-A708-49E3-BA6E-4FC6DFE31E7C} = {A2E13543-A708-49E3-BA6E-4FC6DFE31E7C}
		{13DE434B-18A0-4597-9F1D-64A0AB2F8918} = {13DE434B-18A0-4597-9F1D-64A0AB2F8918}
		{592CE050-C634-42FC-AE10-5824EBD6A943} = {592CE050-C634-42FC-AE10-5824EBD6A943}
		{037F8051-5F5F-48C4-9BF3-34AA990AA5DE} = {037F8051-5F5F-48C4-9BF3-34AA990AA5DE}
		{D6FB7556-7F3C-4E40-BE84-46803C9C059B} = {D6FB7556-7F3C-4E40-BE84-46803C9C059B}
		{7F591058-6DC9-4787-AE25-5A45AE78E3FA} = {7F591058-6DC9-4787-AE25-5A45AE78E3FA}
		{B1376860-A6F2-432F-AA51-C14AEC90AFCF} = {B1376860-A6F2-432F-AA51-C14AEC90AFCF}
		{E7889662-1B92-485D-AFF2-AC673DD433BC} = {E7889662-1B92-485D-AFF2-AC673DD433BC}
		{E0A8DA6D-EEA9-4687-87E8-F66211DC91D4} = {E0A8DA6D-EEA9-4687-87E8-F66211DC91D4}
		{6E79B970-87F0-4B8C-8C3D-C449CF29E8F9} = {6E79B970-87F0-4B8C-8C3D-C449CF29E8F9}
		{694BC78E-FD76-4275-8F0B-12A658AF5E39} = {694BC78E-FD76-4275-8F0B-12A658AF5E39}
		{BC158591-28CD-4351-959C-36D41A9A2C71} = {BC158591-28CD-4351-959C-36D41A9A2C71}
		{C33C299B-7BC9-4303-B42C-59C7510CD86D} = {C33C299B-7BC9-4303-B42C-59C7510CD86D}
		{802278A5-0E94-4164-A0C8-89D12370CD8B} = {802278A5-0E94-4164-A0C8-89D12370CD8B}
		{A96917AB-80A9-44A7-AC3B-6EA28075CE38} = {A96917AB-80A9-44A7-AC3B-6EA28075CE38}
		{3A8AEEDB-EB79-44CA-8823-4BDBB9AA2B90} = {3A8AEEDB-EB79-44CA-8823-4BDBB9AA2B90}
		{4A3A15DD-5C9D-4921-8D7E-3BAF065FE984} = {4A3A15DD-5C9D-4921-8D7E-3BAF065FE984}
		{182A7BEF-E666-42DC-A5F0-34A10A7694F1} = {182A7BEF-E666-42DC-A5F0-34A10A7694F1}
	EndProjectSection
EndProject
Project("{8BC9CEB8-8B4A-11D0-8D11-00A0C91BC942}") = "BaseUtils", "..\..\..\..\BaseUtils\Code\BaseUtils.vcproj", "{91B17D62-305C-4EA4-ADD2-72AC7FE8D0AF}"
	ProjectSection(WebsiteProperties) = preProject
		Debug.AspNetCompiler.Debug = "True"
		Release.AspNetCompiler.Debug = "False"
	EndProjectSection
EndProject
Project("{8BC9CEB8-8B4A-11D0-8D11-00A0C91BC942}") = "COMLM", "..\..\..\..\COMComponents\UCLIDComponentsLM\COMLM\Code\COMLM.vcproj", "{4A3A15DD-5C9D-4921-8D7E-3BAF065FE984}"
	ProjectSection(WebsiteProperties) = preProject
		Debug.AspNetCompiler.Debug = "True"
		Release.AspNetCompiler.Debug = "False"
	EndProjectSection
	ProjectSection(ProjectDependencies) = postProject
		{91B17D62-305C-4EA4-ADD2-72AC7FE8D0AF} = {91B17D62-305C-4EA4-ADD2-72AC7FE8D0AF}
		{6FA06B83-AC26-49B7-8138-9342792EACC4} = {6FA06B83-AC26-49B7-8138-9342792EACC4}
	EndProjectSection
EndProject
Project("{8BC9CEB8-8B4A-11D0-8D11-00A0C91BC942}") = "COMLMCore", "..\..\..\..\COMComponents\UCLIDComponentsLM\COMLMCore\Code\COMLMCore.vcproj", "{6FA06B83-AC26-49B7-8138-9342792EACC4}"
	ProjectSection(WebsiteProperties) = preProject
		Debug.AspNetCompiler.Debug = "True"
		Release.AspNetCompiler.Debug = "False"
	EndProjectSection
	ProjectSection(ProjectDependencies) = postProject
		{14D4D963-B656-4B04-ADD7-8F98FC4F664D} = {14D4D963-B656-4B04-ADD7-8F98FC4F664D}
		{91B17D62-305C-4EA4-ADD2-72AC7FE8D0AF} = {91B17D62-305C-4EA4-ADD2-72AC7FE8D0AF}
	EndProjectSection
EndProject
Project("{8BC9CEB8-8B4A-11D0-8D11-00A0C91BC942}") = "ESMessageUtils", "..\..\..\..\COMComponents\ESMessageUtils\Code\ESMessageUtils.vcproj", "{D026CB45-DFA8-4FD7-AE12-C6F05978187A}"
	ProjectSection(WebsiteProperties) = preProject
		Debug.AspNetCompiler.Debug = "True"
		Release.AspNetCompiler.Debug = "False"
	EndProjectSection
	ProjectSection(ProjectDependencies) = postProject
		{7F591058-6DC9-4787-AE25-5A45AE78E3FA} = {7F591058-6DC9-4787-AE25-5A45AE78E3FA}
		{91B17D62-305C-4EA4-ADD2-72AC7FE8D0AF} = {91B17D62-305C-4EA4-ADD2-72AC7FE8D0AF}
		{08CC1AFB-7B9D-42E5-B823-DC72CDC06631} = {08CC1AFB-7B9D-42E5-B823-DC72CDC06631}
	EndProjectSection
EndProject
Project("{8BC9CEB8-8B4A-11D0-8D11-00A0C91BC942}") = "FiltersCore", "..\..\..\..\COMComponents\UCLIDFilters\FiltersCore\Code\FiltersCore.vcproj", "{35C477DD-52FB-47F4-9E94-94EED8C69347}"
	ProjectSection(WebsiteProperties) = preProject
		Debug.AspNetCompiler.Debug = "True"
		Release.AspNetCompiler.Debug = "False"
	EndProjectSection
	ProjectSection(ProjectDependencies) = postProject
		{91B17D62-305C-4EA4-ADD2-72AC7FE8D0AF} = {91B17D62-305C-4EA4-ADD2-72AC7FE8D0AF}
		{C33C299B-7BC9-4303-B42C-59C7510CD86D} = {C33C299B-7BC9-4303-B42C-59C7510CD86D}
	EndProjectSection
EndProject
Project("{8BC9CEB8-8B4A-11D0-8D11-00A0C91BC942}") = "Filters", "..\..\..\..\Filters\Code\Filters.vcproj", "{20819C73-176D-44AD-AE75-04B40D6BCC8F}"
	ProjectSection(WebsiteProperties) = preProject
		Debug.AspNetCompiler.Debug = "True"
		Release.AspNetCompiler.Debug = "False"
	EndProjectSection
	ProjectSection(ProjectDependencies) = postProject
		{EBE90516-603A-4562-8B47-51234CBB9903} = {EBE90516-603A-4562-8B47-51234CBB9903}
		{91B17D62-305C-4EA4-ADD2-72AC7FE8D0AF} = {91B17D62-305C-4EA4-ADD2-72AC7FE8D0AF}
		{35C477DD-52FB-47F4-9E94-94EED8C69347} = {35C477DD-52FB-47F4-9E94-94EED8C69347}
	EndProjectSection
EndProject
Project("{8BC9CEB8-8B4A-11D0-8D11-00A0C91BC942}") = "GeneralIV", "..\..\..\InputValidators\GeneralIV\Code\GeneralIV.vcproj", "{A7A54D3D-9716-469B-998C-5288B957B8F9}"
	ProjectSection(WebsiteProperties) = preProject
		Debug.AspNetCompiler.Debug = "True"
		Release.AspNetCompiler.Debug = "False"
	EndProjectSection
	ProjectSection(ProjectDependencies) = postProject
		{037F8051-5F5F-48C4-9BF3-34AA990AA5DE} = {037F8051-5F5F-48C4-9BF3-34AA990AA5DE}
		{7F591058-6DC9-4787-AE25-5A45AE78E3FA} = {7F591058-6DC9-4787-AE25-5A45AE78E3FA}
		{B1376860-A6F2-432F-AA51-C14AEC90AFCF} = {B1376860-A6F2-432F-AA51-C14AEC90AFCF}
		{91B17D62-305C-4EA4-ADD2-72AC7FE8D0AF} = {91B17D62-305C-4EA4-ADD2-72AC7FE8D0AF}
		{6FA06B83-AC26-49B7-8138-9342792EACC4} = {6FA06B83-AC26-49B7-8138-9342792EACC4}
		{4A3A15DD-5C9D-4921-8D7E-3BAF065FE984} = {4A3A15DD-5C9D-4921-8D7E-3BAF065FE984}
		{6E3EEAF2-30A3-42BE-BE62-9CF2BA3702D2} = {6E3EEAF2-30A3-42BE-BE62-9CF2BA3702D2}
	EndProjectSection
EndProject
Project("{8BC9CEB8-8B4A-11D0-8D11-00A0C91BC942}") = "GenericDisplay2", "..\..\..\..\OcxAndDlls\UCLIDGenericDisplay2\Code\GenericDisplay2.vcproj", "{CAE2C57D-2BDB-4E14-ADAA-19BF0304F155}"
	ProjectSection(WebsiteProperties) = preProject
		Debug.AspNetCompiler.Debug = "True"
		Release.AspNetCompiler.Debug = "False"
	EndProjectSection
	ProjectSection(ProjectDependencies) = postProject
		{08CC1AFB-7B9D-42E5-B823-DC72CDC06631} = {08CC1AFB-7B9D-42E5-B823-DC72CDC06631}
		{016331FA-BFF3-4947-B7DF-1754B76D31AF} = {016331FA-BFF3-4947-B7DF-1754B76D31AF}
		{91B17D62-305C-4EA4-ADD2-72AC7FE8D0AF} = {91B17D62-305C-4EA4-ADD2-72AC7FE8D0AF}
		{7F591058-6DC9-4787-AE25-5A45AE78E3FA} = {7F591058-6DC9-4787-AE25-5A45AE78E3FA}
	EndProjectSection
EndProject
Project("{8BC9CEB8-8B4A-11D0-8D11-00A0C91BC942}") = "HighlightedTextIR", "..\..\..\InputReceivers\HighlightedTextIR\Code\Core\HighlightedTextIR.vcproj", "{BC158591-28CD-4351-959C-36D41A9A2C71}"
	ProjectSection(WebsiteProperties) = preProject
		Debug.AspNetCompiler.Debug = "True"
		Release.AspNetCompiler.Debug = "False"
	EndProjectSection
	ProjectSection(ProjectDependencies) = postProject
		{037F8051-5F5F-48C4-9BF3-34AA990AA5DE} = {037F8051-5F5F-48C4-9BF3-34AA990AA5DE}
		{7F591058-6DC9-4787-AE25-5A45AE78E3FA} = {7F591058-6DC9-4787-AE25-5A45AE78E3FA}
		{91B17D62-305C-4EA4-ADD2-72AC7FE8D0AF} = {91B17D62-305C-4EA4-ADD2-72AC7FE8D0AF}
		{6FA06B83-AC26-49B7-8138-9342792EACC4} = {6FA06B83-AC26-49B7-8138-9342792EACC4}
		{B491A5CE-2F14-495E-A9DC-FFA598702E3A} = {B491A5CE-2F14-495E-A9DC-FFA598702E3A}
		{6E3EEAF2-30A3-42BE-BE62-9CF2BA3702D2} = {6E3EEAF2-30A3-42BE-BE62-9CF2BA3702D2}
	EndProjectSection
EndProject
Project("{8BC9CEB8-8B4A-11D0-8D11-00A0C91BC942}") = "HTIRAutoTest", "..\..\..\InputReceivers\HighlightedTextIR\Test\HighlightedTextIRAutoTest\Code\HTIRAutoTest.vcproj", "{BAE54A20-1EB1-433E-B329-8523849D3154}"
	ProjectSection(WebsiteProperties) = preProject
		Debug.AspNetCompiler.Debug = "True"
		Release.AspNetCompiler.Debug = "False"
	EndProjectSection
	ProjectSection(ProjectDependencies) = postProject
		{037F8051-5F5F-48C4-9BF3-34AA990AA5DE} = {037F8051-5F5F-48C4-9BF3-34AA990AA5DE}
		{B1376860-A6F2-432F-AA51-C14AEC90AFCF} = {B1376860-A6F2-432F-AA51-C14AEC90AFCF}
		{91B17D62-305C-4EA4-ADD2-72AC7FE8D0AF} = {91B17D62-305C-4EA4-ADD2-72AC7FE8D0AF}
		{BC158591-28CD-4351-959C-36D41A9A2C71} = {BC158591-28CD-4351-959C-36D41A9A2C71}
		{6E3EEAF2-30A3-42BE-BE62-9CF2BA3702D2} = {6E3EEAF2-30A3-42BE-BE62-9CF2BA3702D2}
	EndProjectSection
EndProject
Project("{8BC9CEB8-8B4A-11D0-8D11-00A0C91BC942}") = "IFCore", "..\..\..\IFCore\Code\IFCore.vcproj", "{037F8051-5F5F-48C4-9BF3-34AA990AA5DE}"
	ProjectSection(WebsiteProperties) = preProject
		Debug.AspNetCompiler.Debug = "True"
		Release.AspNetCompiler.Debug = "False"
	EndProjectSection
	ProjectSection(ProjectDependencies) = postProject
		{7F591058-6DC9-4787-AE25-5A45AE78E3FA} = {7F591058-6DC9-4787-AE25-5A45AE78E3FA}
		{B1376860-A6F2-432F-AA51-C14AEC90AFCF} = {B1376860-A6F2-432F-AA51-C14AEC90AFCF}
		{91B17D62-305C-4EA4-ADD2-72AC7FE8D0AF} = {91B17D62-305C-4EA4-ADD2-72AC7FE8D0AF}
		{6FA06B83-AC26-49B7-8138-9342792EACC4} = {6FA06B83-AC26-49B7-8138-9342792EACC4}
		{1A95338E-9BC0-49A8-B69E-9942DD7CEBB3} = {1A95338E-9BC0-49A8-B69E-9942DD7CEBB3}
		{47D4FFB4-9E64-4B78-8C36-F1B615F1B5AC} = {47D4FFB4-9E64-4B78-8C36-F1B615F1B5AC}
		{4A3A15DD-5C9D-4921-8D7E-3BAF065FE984} = {4A3A15DD-5C9D-4921-8D7E-3BAF065FE984}
		{6E3EEAF2-30A3-42BE-BE62-9CF2BA3702D2} = {6E3EEAF2-30A3-42BE-BE62-9CF2BA3702D2}
	EndProjectSection
EndProject
Project("{8BC9CEB8-8B4A-11D0-8D11-00A0C91BC942}") = "ImageEdit", "..\..\..\..\OcxAndDlls\ImageEdit\Code\ImageEdit.vcproj", "{016331FA-BFF3-4947-B7DF-1754B76D31AF}"
	ProjectSection(WebsiteProperties) = preProject
		Debug.AspNetCompiler.Debug = "True"
		Release.AspNetCompiler.Debug = "False"
	EndProjectSection
	ProjectSection(ProjectDependencies) = postProject
		{91B17D62-305C-4EA4-ADD2-72AC7FE8D0AF} = {91B17D62-305C-4EA4-ADD2-72AC7FE8D0AF}
		{6FA06B83-AC26-49B7-8138-9342792EACC4} = {6FA06B83-AC26-49B7-8138-9342792EACC4}
		{08CC1AFB-7B9D-42E5-B823-DC72CDC06631} = {08CC1AFB-7B9D-42E5-B823-DC72CDC06631}
	EndProjectSection
EndProject
Project("{8BC9CEB8-8B4A-11D0-8D11-00A0C91BC942}") = "InputContexts", "..\..\..\InputContexts\Code\InputContexts.vcproj", "{7A732EC5-7C8C-4EEC-8A51-E8BCAF6EDB8E}"
	ProjectSection(WebsiteProperties) = preProject
		Debug.AspNetCompiler.Debug = "True"
		Release.AspNetCompiler.Debug = "False"
	EndProjectSection
	ProjectSection(ProjectDependencies) = postProject
		{C9BEB739-8C91-4201-9E94-2D5F650FB5AE} = {C9BEB739-8C91-4201-9E94-2D5F650FB5AE}
		{13DE434B-18A0-4597-9F1D-64A0AB2F8918} = {13DE434B-18A0-4597-9F1D-64A0AB2F8918}
		{037F8051-5F5F-48C4-9BF3-34AA990AA5DE} = {037F8051-5F5F-48C4-9BF3-34AA990AA5DE}
		{91B17D62-305C-4EA4-ADD2-72AC7FE8D0AF} = {91B17D62-305C-4EA4-ADD2-72AC7FE8D0AF}
		{6FA06B83-AC26-49B7-8138-9342792EACC4} = {6FA06B83-AC26-49B7-8138-9342792EACC4}
		{BC158591-28CD-4351-959C-36D41A9A2C71} = {BC158591-28CD-4351-959C-36D41A9A2C71}
		{802278A5-0E94-4164-A0C8-89D12370CD8B} = {802278A5-0E94-4164-A0C8-89D12370CD8B}
		{3A8AEEDB-EB79-44CA-8823-4BDBB9AA2B90} = {3A8AEEDB-EB79-44CA-8823-4BDBB9AA2B90}
		{4A3A15DD-5C9D-4921-8D7E-3BAF065FE984} = {4A3A15DD-5C9D-4921-8D7E-3BAF065FE984}
		{182A7BEF-E666-42DC-A5F0-34A10A7694F1} = {182A7BEF-E666-42DC-A5F0-34A10A7694F1}
	EndProjectSection
EndProject
Project("{8BC9CEB8-8B4A-11D0-8D11-00A0C91BC942}") = "InputFinders", "..\..\..\InputReceivers\HighlightedTextIR\Code\InputFinders\Code\InputFinders.vcproj", "{6E79B970-87F0-4B8C-8C3D-C449CF29E8F9}"
	ProjectSection(WebsiteProperties) = preProject
		Debug.AspNetCompiler.Debug = "True"
		Release.AspNetCompiler.Debug = "False"
	EndProjectSection
	ProjectSection(ProjectDependencies) = postProject
		{7F591058-6DC9-4787-AE25-5A45AE78E3FA} = {7F591058-6DC9-4787-AE25-5A45AE78E3FA}
		{B1376860-A6F2-432F-AA51-C14AEC90AFCF} = {B1376860-A6F2-432F-AA51-C14AEC90AFCF}
		{91B17D62-305C-4EA4-ADD2-72AC7FE8D0AF} = {91B17D62-305C-4EA4-ADD2-72AC7FE8D0AF}
		{20819C73-176D-44AD-AE75-04B40D6BCC8F} = {20819C73-176D-44AD-AE75-04B40D6BCC8F}
		{6FA06B83-AC26-49B7-8138-9342792EACC4} = {6FA06B83-AC26-49B7-8138-9342792EACC4}
		{4A3A15DD-5C9D-4921-8D7E-3BAF065FE984} = {4A3A15DD-5C9D-4921-8D7E-3BAF065FE984}
		{35C477DD-52FB-47F4-9E94-94EED8C69347} = {35C477DD-52FB-47F4-9E94-94EED8C69347}
	EndProjectSection
EndProject
Project("{8BC9CEB8-8B4A-11D0-8D11-00A0C91BC942}") = "InputTargetFramework", "..\..\..\InputTargetFramework\Code\InputTargetFramework.vcproj", "{2BF97F72-E4C5-4745-951D-9C3644E997C5}"
	ProjectSection(WebsiteProperties) = preProject
		Debug.AspNetCompiler.Debug = "True"
		Release.AspNetCompiler.Debug = "False"
	EndProjectSection
	ProjectSection(ProjectDependencies) = postProject
		{4511F6CA-F4F5-4176-869A-D063FE328ADC} = {4511F6CA-F4F5-4176-869A-D063FE328ADC}
		{91B17D62-305C-4EA4-ADD2-72AC7FE8D0AF} = {91B17D62-305C-4EA4-ADD2-72AC7FE8D0AF}
		{6FA06B83-AC26-49B7-8138-9342792EACC4} = {6FA06B83-AC26-49B7-8138-9342792EACC4}
		{4A3A15DD-5C9D-4921-8D7E-3BAF065FE984} = {4A3A15DD-5C9D-4921-8D7E-3BAF065FE984}
	EndProjectSection
EndProject
Project("{8BC9CEB8-8B4A-11D0-8D11-00A0C91BC942}") = "LandRecordsIV", "..\..\..\InputValidators\LandRecordsIV\Code\LandRecordsIV.vcproj", "{592CE050-C634-42FC-AE10-5824EBD6A943}"
	ProjectSection(WebsiteProperties) = preProject
		Debug.AspNetCompiler.Debug = "True"
		Release.AspNetCompiler.Debug = "False"
	EndProjectSection
	ProjectSection(ProjectDependencies) = postProject
		{0BB4664B-8D0C-4705-BDFB-2D0223E2EADD} = {0BB4664B-8D0C-4705-BDFB-2D0223E2EADD}
		{037F8051-5F5F-48C4-9BF3-34AA990AA5DE} = {037F8051-5F5F-48C4-9BF3-34AA990AA5DE}
		{7F591058-6DC9-4787-AE25-5A45AE78E3FA} = {7F591058-6DC9-4787-AE25-5A45AE78E3FA}
		{B1376860-A6F2-432F-AA51-C14AEC90AFCF} = {B1376860-A6F2-432F-AA51-C14AEC90AFCF}
		{91B17D62-305C-4EA4-ADD2-72AC7FE8D0AF} = {91B17D62-305C-4EA4-ADD2-72AC7FE8D0AF}
		{20819C73-176D-44AD-AE75-04B40D6BCC8F} = {20819C73-176D-44AD-AE75-04B40D6BCC8F}
		{6FA06B83-AC26-49B7-8138-9342792EACC4} = {6FA06B83-AC26-49B7-8138-9342792EACC4}
		{C33C299B-7BC9-4303-B42C-59C7510CD86D} = {C33C299B-7BC9-4303-B42C-59C7510CD86D}
		{4A3A15DD-5C9D-4921-8D7E-3BAF065FE984} = {4A3A15DD-5C9D-4921-8D7E-3BAF065FE984}
		{35C477DD-52FB-47F4-9E94-94EED8C69347} = {35C477DD-52FB-47F4-9E94-94EED8C69347}
		{6E3EEAF2-30A3-42BE-BE62-9CF2BA3702D2} = {6E3EEAF2-30A3-42BE-BE62-9CF2BA3702D2}
	EndProjectSection
EndProject
Project("{8BC9CEB8-8B4A-11D0-8D11-00A0C91BC942}") = "LeadUtils", "..\..\..\..\VendorSpecificUtils\LeadUtils\Code\LeadUtils.vcproj", "{08CC1AFB-7B9D-42E5-B823-DC72CDC06631}"
	ProjectSection(WebsiteProperties) = preProject
		Debug.AspNetCompiler.Debug = "True"
		Release.AspNetCompiler.Debug = "False"
	EndProjectSection
	ProjectSection(ProjectDependencies) = postProject
		{6FA06B83-AC26-49B7-8138-9342792EACC4} = {6FA06B83-AC26-49B7-8138-9342792EACC4}
		{91B17D62-305C-4EA4-ADD2-72AC7FE8D0AF} = {91B17D62-305C-4EA4-ADD2-72AC7FE8D0AF}
	EndProjectSection
EndProject
Project("{8BC9CEB8-8B4A-11D0-8D11-00A0C91BC942}") = "LineTextCorrectors", "..\..\..\InputReceivers\SpotRecognitionIR\Code\LineTextCorrectors\Code\LineTextCorrectors.vcproj", "{DBBFF7EA-41F9-443C-8382-5B7733E07943}"
	ProjectSection(WebsiteProperties) = preProject
		Debug.AspNetCompiler.Debug = "True"
		Release.AspNetCompiler.Debug = "False"
	EndProjectSection
	ProjectSection(ProjectDependencies) = postProject
		{C9BEB739-8C91-4201-9E94-2D5F650FB5AE} = {C9BEB739-8C91-4201-9E94-2D5F650FB5AE}
		{592CE050-C634-42FC-AE10-5824EBD6A943} = {592CE050-C634-42FC-AE10-5824EBD6A943}
		{B1376860-A6F2-432F-AA51-C14AEC90AFCF} = {B1376860-A6F2-432F-AA51-C14AEC90AFCF}
		{91B17D62-305C-4EA4-ADD2-72AC7FE8D0AF} = {91B17D62-305C-4EA4-ADD2-72AC7FE8D0AF}
		{6FA06B83-AC26-49B7-8138-9342792EACC4} = {6FA06B83-AC26-49B7-8138-9342792EACC4}
		{C33C299B-7BC9-4303-B42C-59C7510CD86D} = {C33C299B-7BC9-4303-B42C-59C7510CD86D}
		{4A3A15DD-5C9D-4921-8D7E-3BAF065FE984} = {4A3A15DD-5C9D-4921-8D7E-3BAF065FE984}
		{6E3EEAF2-30A3-42BE-BE62-9CF2BA3702D2} = {6E3EEAF2-30A3-42BE-BE62-9CF2BA3702D2}
	EndProjectSection
EndProject
Project("{8BC9CEB8-8B4A-11D0-8D11-00A0C91BC942}") = "LineTextEvaluators", "..\..\..\InputReceivers\SpotRecognitionIR\Code\LineTextEvaluators\Code\LineTextEvaluators.vcproj", "{802278A5-0E94-4164-A0C8-89D12370CD8B}"
	ProjectSection(WebsiteProperties) = preProject
		Debug.AspNetCompiler.Debug = "True"
		Release.AspNetCompiler.Debug = "False"
	EndProjectSection
	ProjectSection(ProjectDependencies) = postProject
		{C9BEB739-8C91-4201-9E94-2D5F650FB5AE} = {C9BEB739-8C91-4201-9E94-2D5F650FB5AE}
		{592CE050-C634-42FC-AE10-5824EBD6A943} = {592CE050-C634-42FC-AE10-5824EBD6A943}
		{7F591058-6DC9-4787-AE25-5A45AE78E3FA} = {7F591058-6DC9-4787-AE25-5A45AE78E3FA}
		{B1376860-A6F2-432F-AA51-C14AEC90AFCF} = {B1376860-A6F2-432F-AA51-C14AEC90AFCF}
		{91B17D62-305C-4EA4-ADD2-72AC7FE8D0AF} = {91B17D62-305C-4EA4-ADD2-72AC7FE8D0AF}
		{6E79B970-87F0-4B8C-8C3D-C449CF29E8F9} = {6E79B970-87F0-4B8C-8C3D-C449CF29E8F9}
		{6FA06B83-AC26-49B7-8138-9342792EACC4} = {6FA06B83-AC26-49B7-8138-9342792EACC4}
		{C33C299B-7BC9-4303-B42C-59C7510CD86D} = {C33C299B-7BC9-4303-B42C-59C7510CD86D}
		{4A3A15DD-5C9D-4921-8D7E-3BAF065FE984} = {4A3A15DD-5C9D-4921-8D7E-3BAF065FE984}
		{6E3EEAF2-30A3-42BE-BE62-9CF2BA3702D2} = {6E3EEAF2-30A3-42BE-BE62-9CF2BA3702D2}
	EndProjectSection
EndProject
Project("{8BC9CEB8-8B4A-11D0-8D11-00A0C91BC942}") = "MCRTextViewer", "..\..\..\InputReceivers\HighlightedTextIR\Code\MCRTextViewer\Code\MCRTextViewer.vcproj", "{B491A5CE-2F14-495E-A9DC-FFA598702E3A}"
	ProjectSection(WebsiteProperties) = preProject
		Debug.AspNetCompiler.Debug = "True"
		Release.AspNetCompiler.Debug = "False"
	EndProjectSection
	ProjectSection(ProjectDependencies) = postProject
		{91B17D62-305C-4EA4-ADD2-72AC7FE8D0AF} = {91B17D62-305C-4EA4-ADD2-72AC7FE8D0AF}
		{6E79B970-87F0-4B8C-8C3D-C449CF29E8F9} = {6E79B970-87F0-4B8C-8C3D-C449CF29E8F9}
	EndProjectSection
EndProject
Project("{8BC9CEB8-8B4A-11D0-8D11-00A0C91BC942}") = "OCRFilteringBase", "..\..\..\OCRFilteringBase\Code\OCRFilteringBase.vcproj", "{47D4FFB4-9E64-4B78-8C36-F1B615F1B5AC}"
	ProjectSection(WebsiteProperties) = preProject
		Debug.AspNetCompiler.Debug = "True"
		Release.AspNetCompiler.Debug = "False"
	EndProjectSection
	ProjectSection(ProjectDependencies) = postProject
		{91B17D62-305C-4EA4-ADD2-72AC7FE8D0AF} = {91B17D62-305C-4EA4-ADD2-72AC7FE8D0AF}
	EndProjectSection
EndProject
Project("{8BC9CEB8-8B4A-11D0-8D11-00A0C91BC942}") = "ParagraphTextCorrectors", "..\..\..\InputReceivers\SpotRecognitionIR\Code\ParagraphTextCorrectors\Code\ParagraphTextCorrectors.vcproj", "{3A8AEEDB-EB79-44CA-8823-4BDBB9AA2B90}"
	ProjectSection(WebsiteProperties) = preProject
		Debug.AspNetCompiler.Debug = "True"
		Release.AspNetCompiler.Debug = "False"
	EndProjectSection
	ProjectSection(ProjectDependencies) = postProject
		{C9BEB739-8C91-4201-9E94-2D5F650FB5AE} = {C9BEB739-8C91-4201-9E94-2D5F650FB5AE}
		{B1376860-A6F2-432F-AA51-C14AEC90AFCF} = {B1376860-A6F2-432F-AA51-C14AEC90AFCF}
		{91B17D62-305C-4EA4-ADD2-72AC7FE8D0AF} = {91B17D62-305C-4EA4-ADD2-72AC7FE8D0AF}
		{6FA06B83-AC26-49B7-8138-9342792EACC4} = {6FA06B83-AC26-49B7-8138-9342792EACC4}
		{4A3A15DD-5C9D-4921-8D7E-3BAF065FE984} = {4A3A15DD-5C9D-4921-8D7E-3BAF065FE984}
		{6E3EEAF2-30A3-42BE-BE62-9CF2BA3702D2} = {6E3EEAF2-30A3-42BE-BE62-9CF2BA3702D2}
	EndProjectSection
EndProject
Project("{8BC9CEB8-8B4A-11D0-8D11-00A0C91BC942}") = "ParagraphTextHandlers", "..\..\..\InputReceivers\SpotRecognitionIR\Code\ParagraphTextHandlers\Code\ParagraphTextHandlers.vcproj", "{13DE434B-18A0-4597-9F1D-64A0AB2F8918}"
	ProjectSection(WebsiteProperties) = preProject
		Debug.AspNetCompiler.Debug = "True"
		Release.AspNetCompiler.Debug = "False"
	EndProjectSection
	ProjectSection(ProjectDependencies) = postProject
		{C9BEB739-8C91-4201-9E94-2D5F650FB5AE} = {C9BEB739-8C91-4201-9E94-2D5F650FB5AE}
		{037F8051-5F5F-48C4-9BF3-34AA990AA5DE} = {037F8051-5F5F-48C4-9BF3-34AA990AA5DE}
		{91B17D62-305C-4EA4-ADD2-72AC7FE8D0AF} = {91B17D62-305C-4EA4-ADD2-72AC7FE8D0AF}
		{6FA06B83-AC26-49B7-8138-9342792EACC4} = {6FA06B83-AC26-49B7-8138-9342792EACC4}
		{BC158591-28CD-4351-959C-36D41A9A2C71} = {BC158591-28CD-4351-959C-36D41A9A2C71}
		{4A3A15DD-5C9D-4921-8D7E-3BAF065FE984} = {4A3A15DD-5C9D-4921-8D7E-3BAF065FE984}
		{6E3EEAF2-30A3-42BE-BE62-9CF2BA3702D2} = {6E3EEAF2-30A3-42BE-BE62-9CF2BA3702D2}
	EndProjectSection
EndProject
Project("{8BC9CEB8-8B4A-11D0-8D11-00A0C91BC942}") = "RegExprIV", "..\..\..\InputValidators\RegExprIV\Code\RegExprIV.vcproj", "{D6FB7556-7F3C-4E40-BE84-46803C9C059B}"
	ProjectSection(WebsiteProperties) = preProject
		Debug.AspNetCompiler.Debug = "True"
		Release.AspNetCompiler.Debug = "False"
	EndProjectSection
	ProjectSection(ProjectDependencies) = postProject
		{037F8051-5F5F-48C4-9BF3-34AA990AA5DE} = {037F8051-5F5F-48C4-9BF3-34AA990AA5DE}
		{7F591058-6DC9-4787-AE25-5A45AE78E3FA} = {7F591058-6DC9-4787-AE25-5A45AE78E3FA}
		{B1376860-A6F2-432F-AA51-C14AEC90AFCF} = {B1376860-A6F2-432F-AA51-C14AEC90AFCF}
		{91B17D62-305C-4EA4-ADD2-72AC7FE8D0AF} = {91B17D62-305C-4EA4-ADD2-72AC7FE8D0AF}
		{6FA06B83-AC26-49B7-8138-9342792EACC4} = {6FA06B83-AC26-49B7-8138-9342792EACC4}
		{4A3A15DD-5C9D-4921-8D7E-3BAF065FE984} = {4A3A15DD-5C9D-4921-8D7E-3BAF065FE984}
		{6E3EEAF2-30A3-42BE-BE62-9CF2BA3702D2} = {6E3EEAF2-30A3-42BE-BE62-9CF2BA3702D2}
	EndProjectSection
EndProject
Project("{8BC9CEB8-8B4A-11D0-8D11-00A0C91BC942}") = "RWUtils", "..\..\..\..\VendorSpecificUtils\RWUtils\Code\RWUtils.vcproj", "{CF85AB16-A29D-49CA-8367-50E3F4D4AF7B}"
	ProjectSection(WebsiteProperties) = preProject
		Debug.AspNetCompiler.Debug = "True"
		Release.AspNetCompiler.Debug = "False"
	EndProjectSection
	ProjectSection(ProjectDependencies) = postProject
		{037F8051-5F5F-48C4-9BF3-34AA990AA5DE} = {037F8051-5F5F-48C4-9BF3-34AA990AA5DE}
		{91B17D62-305C-4EA4-ADD2-72AC7FE8D0AF} = {91B17D62-305C-4EA4-ADD2-72AC7FE8D0AF}
	EndProjectSection
EndProject
Project("{8BC9CEB8-8B4A-11D0-8D11-00A0C91BC942}") = "SpotRecIRAutoTest", "..\..\..\InputReceivers\SpotRecognitionIR\Test\SpotRecIRAutoTest\Code\SpotRecIRAutoTest.vcproj", "{86DE8911-DA28-4C13-8CE8-B6C2A30B859C}"
	ProjectSection(WebsiteProperties) = preProject
		Debug.AspNetCompiler.Debug = "True"
		Release.AspNetCompiler.Debug = "False"
	EndProjectSection
	ProjectSection(ProjectDependencies) = postProject
		{C9BEB739-8C91-4201-9E94-2D5F650FB5AE} = {C9BEB739-8C91-4201-9E94-2D5F650FB5AE}
		{037F8051-5F5F-48C4-9BF3-34AA990AA5DE} = {037F8051-5F5F-48C4-9BF3-34AA990AA5DE}
		{7F591058-6DC9-4787-AE25-5A45AE78E3FA} = {7F591058-6DC9-4787-AE25-5A45AE78E3FA}
		{B1376860-A6F2-432F-AA51-C14AEC90AFCF} = {B1376860-A6F2-432F-AA51-C14AEC90AFCF}
		{91B17D62-305C-4EA4-ADD2-72AC7FE8D0AF} = {91B17D62-305C-4EA4-ADD2-72AC7FE8D0AF}
		{6E3EEAF2-30A3-42BE-BE62-9CF2BA3702D2} = {6E3EEAF2-30A3-42BE-BE62-9CF2BA3702D2}
	EndProjectSection
EndProject
Project("{8BC9CEB8-8B4A-11D0-8D11-00A0C91BC942}") = "SpotRecognitionIR", "..\..\..\InputReceivers\SpotRecognitionIR\Code\Core\SpotRecognitionIR.vcproj", "{C9BEB739-8C91-4201-9E94-2D5F650FB5AE}"
	ProjectSection(WebsiteProperties) = preProject
		Debug.AspNetCompiler.Debug = "True"
		Release.AspNetCompiler.Debug = "False"
	EndProjectSection
	ProjectSection(ProjectDependencies) = postProject
		{EBE90516-603A-4562-8B47-51234CBB9903} = {EBE90516-603A-4562-8B47-51234CBB9903}
		{A2E13543-A708-49E3-BA6E-4FC6DFE31E7C} = {A2E13543-A708-49E3-BA6E-4FC6DFE31E7C}
		{037F8051-5F5F-48C4-9BF3-34AA990AA5DE} = {037F8051-5F5F-48C4-9BF3-34AA990AA5DE}
		{7F591058-6DC9-4787-AE25-5A45AE78E3FA} = {7F591058-6DC9-4787-AE25-5A45AE78E3FA}
		{B1376860-A6F2-432F-AA51-C14AEC90AFCF} = {B1376860-A6F2-432F-AA51-C14AEC90AFCF}
		{91B17D62-305C-4EA4-ADD2-72AC7FE8D0AF} = {91B17D62-305C-4EA4-ADD2-72AC7FE8D0AF}
		{E7889662-1B92-485D-AFF2-AC673DD433BC} = {E7889662-1B92-485D-AFF2-AC673DD433BC}
		{CAE2C57D-2BDB-4E14-ADAA-19BF0304F155} = {CAE2C57D-2BDB-4E14-ADAA-19BF0304F155}
		{6FA06B83-AC26-49B7-8138-9342792EACC4} = {6FA06B83-AC26-49B7-8138-9342792EACC4}
		{1A95338E-9BC0-49A8-B69E-9942DD7CEBB3} = {1A95338E-9BC0-49A8-B69E-9942DD7CEBB3}
		{4A3A15DD-5C9D-4921-8D7E-3BAF065FE984} = {4A3A15DD-5C9D-4921-8D7E-3BAF065FE984}
		{6E3EEAF2-30A3-42BE-BE62-9CF2BA3702D2} = {6E3EEAF2-30A3-42BE-BE62-9CF2BA3702D2}
		{08CC1AFB-7B9D-42E5-B823-DC72CDC06631} = {08CC1AFB-7B9D-42E5-B823-DC72CDC06631}
	EndProjectSection
EndProject
Project("{8BC9CEB8-8B4A-11D0-8D11-00A0C91BC942}") = "SRIRImageViewer", "..\..\..\Utils\SRIRImageViewer\SRIRImageViewer.vcproj", "{694BC78E-FD76-4275-8F0B-12A658AF5E39}"
	ProjectSection(WebsiteProperties) = preProject
		Debug.AspNetCompiler.Debug = "True"
		Release.AspNetCompiler.Debug = "False"
	EndProjectSection
	ProjectSection(ProjectDependencies) = postProject
		{037F8051-5F5F-48C4-9BF3-34AA990AA5DE} = {037F8051-5F5F-48C4-9BF3-34AA990AA5DE}
		{7F591058-6DC9-4787-AE25-5A45AE78E3FA} = {7F591058-6DC9-4787-AE25-5A45AE78E3FA}
		{91B17D62-305C-4EA4-ADD2-72AC7FE8D0AF} = {91B17D62-305C-4EA4-ADD2-72AC7FE8D0AF}
		{6FA06B83-AC26-49B7-8138-9342792EACC4} = {6FA06B83-AC26-49B7-8138-9342792EACC4}
		{1A95338E-9BC0-49A8-B69E-9942DD7CEBB3} = {1A95338E-9BC0-49A8-B69E-9942DD7CEBB3}
		{4A3A15DD-5C9D-4921-8D7E-3BAF065FE984} = {4A3A15DD-5C9D-4921-8D7E-3BAF065FE984}
		{6E3EEAF2-30A3-42BE-BE62-9CF2BA3702D2} = {6E3EEAF2-30A3-42BE-BE62-9CF2BA3702D2}
		{182A7BEF-E666-42DC-A5F0-34A10A7694F1} = {182A7BEF-E666-42DC-A5F0-34A10A7694F1}
		{C9BEB739-8C91-4201-9E94-2D5F650FB5AE} = {C9BEB739-8C91-4201-9E94-2D5F650FB5AE}
	EndProjectSection
EndProject
Project("{8BC9CEB8-8B4A-11D0-8D11-00A0C91BC942}") = "SSOCR", "..\..\..\..\COMComponents\UCLIDRasterAndOCRMgmt\OCREngines\SSOCR\Code\SSOCR.vcproj", "{1A95338E-9BC0-49A8-B69E-9942DD7CEBB3}"
	ProjectSection(WebsiteProperties) = preProject
		Debug.AspNetCompiler.Debug = "True"
		Release.AspNetCompiler.Debug = "False"
	EndProjectSection
	ProjectSection(ProjectDependencies) = postProject
		{91B17D62-305C-4EA4-ADD2-72AC7FE8D0AF} = {91B17D62-305C-4EA4-ADD2-72AC7FE8D0AF}
		{CC01AE64-6B4C-4FEE-8A87-B13941098A6A} = {CC01AE64-6B4C-4FEE-8A87-B13941098A6A}
		{6FA06B83-AC26-49B7-8138-9342792EACC4} = {6FA06B83-AC26-49B7-8138-9342792EACC4}
		{660413BE-8631-4C18-92C6-A28B3E550A57} = {660413BE-8631-4C18-92C6-A28B3E550A57}
		{4A3A15DD-5C9D-4921-8D7E-3BAF065FE984} = {4A3A15DD-5C9D-4921-8D7E-3BAF065FE984}
		{6E3EEAF2-30A3-42BE-BE62-9CF2BA3702D2} = {6E3EEAF2-30A3-42BE-BE62-9CF2BA3702D2}
	EndProjectSection
EndProject
Project("{8BC9CEB8-8B4A-11D0-8D11-00A0C91BC942}") = "SSOCR2", "..\..\..\..\COMComponents\UCLIDRasterAndOCRMgmt\OCREngines\SSOCR2\Code\SSOCR2.vcproj", "{660413BE-8631-4C18-92C6-A28B3E550A57}"
	ProjectSection(WebsiteProperties) = preProject
		Debug.AspNetCompiler.Debug = "True"
		Release.AspNetCompiler.Debug = "False"
	EndProjectSection
	ProjectSection(ProjectDependencies) = postProject
		{7F591058-6DC9-4787-AE25-5A45AE78E3FA} = {7F591058-6DC9-4787-AE25-5A45AE78E3FA}
		{91B17D62-305C-4EA4-ADD2-72AC7FE8D0AF} = {91B17D62-305C-4EA4-ADD2-72AC7FE8D0AF}
		{CC01AE64-6B4C-4FEE-8A87-B13941098A6A} = {CC01AE64-6B4C-4FEE-8A87-B13941098A6A}
		{6FA06B83-AC26-49B7-8138-9342792EACC4} = {6FA06B83-AC26-49B7-8138-9342792EACC4}
		{4A3A15DD-5C9D-4921-8D7E-3BAF065FE984} = {4A3A15DD-5C9D-4921-8D7E-3BAF065FE984}
		{6E3EEAF2-30A3-42BE-BE62-9CF2BA3702D2} = {6E3EEAF2-30A3-42BE-BE62-9CF2BA3702D2}
	EndProjectSection
EndProject
Project("{8BC9CEB8-8B4A-11D0-8D11-00A0C91BC942}") = "SubImageHandlers", "..\..\..\InputReceivers\SpotRecognitionIR\Code\SubImageHandlers\Code\SubImageHandlers.vcproj", "{182A7BEF-E666-42DC-A5F0-34A10A7694F1}"
	ProjectSection(WebsiteProperties) = preProject
		Debug.AspNetCompiler.Debug = "True"
		Release.AspNetCompiler.Debug = "False"
	EndProjectSection
	ProjectSection(ProjectDependencies) = postProject
		{7F591058-6DC9-4787-AE25-5A45AE78E3FA} = {7F591058-6DC9-4787-AE25-5A45AE78E3FA}
		{C9BEB739-8C91-4201-9E94-2D5F650FB5AE} = {C9BEB739-8C91-4201-9E94-2D5F650FB5AE}
		{037F8051-5F5F-48C4-9BF3-34AA990AA5DE} = {037F8051-5F5F-48C4-9BF3-34AA990AA5DE}
		{91B17D62-305C-4EA4-ADD2-72AC7FE8D0AF} = {91B17D62-305C-4EA4-ADD2-72AC7FE8D0AF}
		{6FA06B83-AC26-49B7-8138-9342792EACC4} = {6FA06B83-AC26-49B7-8138-9342792EACC4}
		{4A3A15DD-5C9D-4921-8D7E-3BAF065FE984} = {4A3A15DD-5C9D-4921-8D7E-3BAF065FE984}
		{6E3EEAF2-30A3-42BE-BE62-9CF2BA3702D2} = {6E3EEAF2-30A3-42BE-BE62-9CF2BA3702D2}
	EndProjectSection
EndProject
Project("{8BC9CEB8-8B4A-11D0-8D11-00A0C91BC942}") = "TestFilters", "..\..\..\..\Filters\Testing\AutomatedTest\Code\TestFilters.vcproj", "{E0A8DA6D-EEA9-4687-87E8-F66211DC91D4}"
	ProjectSection(WebsiteProperties) = preProject
		Debug.AspNetCompiler.Debug = "True"
		Release.AspNetCompiler.Debug = "False"
	EndProjectSection
	ProjectSection(ProjectDependencies) = postProject
		{A2E13543-A708-49E3-BA6E-4FC6DFE31E7C} = {A2E13543-A708-49E3-BA6E-4FC6DFE31E7C}
		{B1376860-A6F2-432F-AA51-C14AEC90AFCF} = {B1376860-A6F2-432F-AA51-C14AEC90AFCF}
		{91B17D62-305C-4EA4-ADD2-72AC7FE8D0AF} = {91B17D62-305C-4EA4-ADD2-72AC7FE8D0AF}
		{20819C73-176D-44AD-AE75-04B40D6BCC8F} = {20819C73-176D-44AD-AE75-04B40D6BCC8F}
		{C33C299B-7BC9-4303-B42C-59C7510CD86D} = {C33C299B-7BC9-4303-B42C-59C7510CD86D}
		{35C477DD-52FB-47F4-9E94-94EED8C69347} = {35C477DD-52FB-47F4-9E94-94EED8C69347}
	EndProjectSection
EndProject
Project("{8BC9CEB8-8B4A-11D0-8D11-00A0C91BC942}") = "TopoUtils", "..\..\..\..\Geometry\TopoUtils\Code\TopoUtils.vcproj", "{EBE90516-603A-4562-8B47-51234CBB9903}"
	ProjectSection(WebsiteProperties) = preProject
		Debug.AspNetCompiler.Debug = "True"
		Release.AspNetCompiler.Debug = "False"
	EndProjectSection
	ProjectSection(ProjectDependencies) = postProject
		{91B17D62-305C-4EA4-ADD2-72AC7FE8D0AF} = {91B17D62-305C-4EA4-ADD2-72AC7FE8D0AF}
	EndProjectSection
EndProject
Project("{8BC9CEB8-8B4A-11D0-8D11-00A0C91BC942}") = "UCLIDCOMUtils", "..\..\..\..\COMComponents\UCLIDCOMUtils\Core\Code\UCLIDCOMUtils.vcproj", "{7F591058-6DC9-4787-AE25-5A45AE78E3FA}"
	ProjectSection(WebsiteProperties) = preProject
		Debug.AspNetCompiler.Debug = "True"
		Release.AspNetCompiler.Debug = "False"
	EndProjectSection
	ProjectSection(ProjectDependencies) = postProject
		{91B17D62-305C-4EA4-ADD2-72AC7FE8D0AF} = {91B17D62-305C-4EA4-ADD2-72AC7FE8D0AF}
		{6FA06B83-AC26-49B7-8138-9342792EACC4} = {6FA06B83-AC26-49B7-8138-9342792EACC4}
		{4A3A15DD-5C9D-4921-8D7E-3BAF065FE984} = {4A3A15DD-5C9D-4921-8D7E-3BAF065FE984}
	EndProjectSection
EndProject
Project("{8BC9CEB8-8B4A-11D0-8D11-00A0C91BC942}") = "UCLIDDistanceConverter", "..\..\..\..\COMComponents\UCLIDDistanceConverter\Code\UCLIDDistanceConverter.vcproj", "{C33C299B-7BC9-4303-B42C-59C7510CD86D}"
	ProjectSection(WebsiteProperties) = preProject
		Debug.AspNetCompiler.Debug = "True"
		Release.AspNetCompiler.Debug = "False"
	EndProjectSection
	ProjectSection(ProjectDependencies) = postProject
		{A2E13543-A708-49E3-BA6E-4FC6DFE31E7C} = {A2E13543-A708-49E3-BA6E-4FC6DFE31E7C}
		{91B17D62-305C-4EA4-ADD2-72AC7FE8D0AF} = {91B17D62-305C-4EA4-ADD2-72AC7FE8D0AF}
		{6FA06B83-AC26-49B7-8138-9342792EACC4} = {6FA06B83-AC26-49B7-8138-9342792EACC4}
		{4A3A15DD-5C9D-4921-8D7E-3BAF065FE984} = {4A3A15DD-5C9D-4921-8D7E-3BAF065FE984}
	EndProjectSection
EndProject
Project("{8BC9CEB8-8B4A-11D0-8D11-00A0C91BC942}") = "UCLIDExceptionMgmt", "..\..\..\..\COMComponents\UCLIDExceptionMgmt\Code\UCLIDExceptionMgmt.vcproj", "{E7889662-1B92-485D-AFF2-AC673DD433BC}"
	ProjectSection(WebsiteProperties) = preProject
		Debug.AspNetCompiler.Debug = "True"
		Release.AspNetCompiler.Debug = "False"
	EndProjectSection
	ProjectSection(ProjectDependencies) = postProject
		{91B17D62-305C-4EA4-ADD2-72AC7FE8D0AF} = {91B17D62-305C-4EA4-ADD2-72AC7FE8D0AF}
		{6FA06B83-AC26-49B7-8138-9342792EACC4} = {6FA06B83-AC26-49B7-8138-9342792EACC4}
		{4A3A15DD-5C9D-4921-8D7E-3BAF065FE984} = {4A3A15DD-5C9D-4921-8D7E-3BAF065FE984}
	EndProjectSection
EndProject
Project("{8BC9CEB8-8B4A-11D0-8D11-00A0C91BC942}") = "UCLIDHighlightWindow", "..\..\..\..\COMComponents\UCLIDHighlightWindow\Code\UCLIDHighlightWindow.vcproj", "{4511F6CA-F4F5-4176-869A-D063FE328ADC}"
	ProjectSection(WebsiteProperties) = preProject
		Debug.AspNetCompiler.Debug = "True"
		Release.AspNetCompiler.Debug = "False"
	EndProjectSection
	ProjectSection(ProjectDependencies) = postProject
		{91B17D62-305C-4EA4-ADD2-72AC7FE8D0AF} = {91B17D62-305C-4EA4-ADD2-72AC7FE8D0AF}
	EndProjectSection
EndProject
Project("{8BC9CEB8-8B4A-11D0-8D11-00A0C91BC942}") = "UCLIDImageUtils", "..\..\..\..\COMComponents\UCLIDImageUtils\Code\UCLIDImageUtils.vcproj", "{CC01AE64-6B4C-4FEE-8A87-B13941098A6A}"
	ProjectSection(WebsiteProperties) = preProject
		Debug.AspNetCompiler.Debug = "True"
		Release.AspNetCompiler.Debug = "False"
	EndProjectSection
	ProjectSection(ProjectDependencies) = postProject
		{91B17D62-305C-4EA4-ADD2-72AC7FE8D0AF} = {91B17D62-305C-4EA4-ADD2-72AC7FE8D0AF}
		{6FA06B83-AC26-49B7-8138-9342792EACC4} = {6FA06B83-AC26-49B7-8138-9342792EACC4}
		{6E3EEAF2-30A3-42BE-BE62-9CF2BA3702D2} = {6E3EEAF2-30A3-42BE-BE62-9CF2BA3702D2}
		{08CC1AFB-7B9D-42E5-B823-DC72CDC06631} = {08CC1AFB-7B9D-42E5-B823-DC72CDC06631}
	EndProjectSection
EndProject
Project("{8BC9CEB8-8B4A-11D0-8D11-00A0C91BC942}") = "UCLIDMeasurements", "..\..\..\..\COMComponents\UCLIDMeasurements\Code\UCLIDMeasurements.vcproj", "{0BB4664B-8D0C-4705-BDFB-2D0223E2EADD}"
	ProjectSection(WebsiteProperties) = preProject
		Debug.AspNetCompiler.Debug = "True"
		Release.AspNetCompiler.Debug = "False"
	EndProjectSection
	ProjectSection(ProjectDependencies) = postProject
		{7F591058-6DC9-4787-AE25-5A45AE78E3FA} = {7F591058-6DC9-4787-AE25-5A45AE78E3FA}
		{B1376860-A6F2-432F-AA51-C14AEC90AFCF} = {B1376860-A6F2-432F-AA51-C14AEC90AFCF}
		{91B17D62-305C-4EA4-ADD2-72AC7FE8D0AF} = {91B17D62-305C-4EA4-ADD2-72AC7FE8D0AF}
		{6FA06B83-AC26-49B7-8138-9342792EACC4} = {6FA06B83-AC26-49B7-8138-9342792EACC4}
		{4A3A15DD-5C9D-4921-8D7E-3BAF065FE984} = {4A3A15DD-5C9D-4921-8D7E-3BAF065FE984}
	EndProjectSection
EndProject
Project("{8BC9CEB8-8B4A-11D0-8D11-00A0C91BC942}") = "UCLIDRasterAndOCRMgmt", "..\..\..\..\COMComponents\UCLIDRasterAndOCRMgmt\Core\Code\UCLIDRasterAndOCRMgmt.vcproj", "{6E3EEAF2-30A3-42BE-BE62-9CF2BA3702D2}"
	ProjectSection(WebsiteProperties) = preProject
		Debug.AspNetCompiler.Debug = "True"
		Release.AspNetCompiler.Debug = "False"
	EndProjectSection
	ProjectSection(ProjectDependencies) = postProject
		{EBE90516-603A-4562-8B47-51234CBB9903} = {EBE90516-603A-4562-8B47-51234CBB9903}
		{A1474E20-9B5F-4DF9-A400-490270BC7999} = {A1474E20-9B5F-4DF9-A400-490270BC7999}
		{7F591058-6DC9-4787-AE25-5A45AE78E3FA} = {7F591058-6DC9-4787-AE25-5A45AE78E3FA}
		{91B17D62-305C-4EA4-ADD2-72AC7FE8D0AF} = {91B17D62-305C-4EA4-ADD2-72AC7FE8D0AF}
		{6FA06B83-AC26-49B7-8138-9342792EACC4} = {6FA06B83-AC26-49B7-8138-9342792EACC4}
		{4A3A15DD-5C9D-4921-8D7E-3BAF065FE984} = {4A3A15DD-5C9D-4921-8D7E-3BAF065FE984}
		{08CC1AFB-7B9D-42E5-B823-DC72CDC06631} = {08CC1AFB-7B9D-42E5-B823-DC72CDC06631}
	EndProjectSection
EndProject
Project("{8BC9CEB8-8B4A-11D0-8D11-00A0C91BC942}") = "UCLIDTestingFrameworkCore", "..\..\..\..\COMComponents\UCLIDTestingFramework\Core\Code\UCLIDTestingFrameworkCore.vcproj", "{A2E13543-A708-49E3-BA6E-4FC6DFE31E7C}"
	ProjectSection(WebsiteProperties) = preProject
		Debug.AspNetCompiler.Debug = "True"
		Release.AspNetCompiler.Debug = "False"
	EndProjectSection
	ProjectSection(ProjectDependencies) = postProject
		{7F591058-6DC9-4787-AE25-5A45AE78E3FA} = {7F591058-6DC9-4787-AE25-5A45AE78E3FA}
		{B1376860-A6F2-432F-AA51-C14AEC90AFCF} = {B1376860-A6F2-432F-AA51-C14AEC90AFCF}
		{91B17D62-305C-4EA4-ADD2-72AC7FE8D0AF} = {91B17D62-305C-4EA4-ADD2-72AC7FE8D0AF}
		{6FA06B83-AC26-49B7-8138-9342792EACC4} = {6FA06B83-AC26-49B7-8138-9342792EACC4}
		{4A3A15DD-5C9D-4921-8D7E-3BAF065FE984} = {4A3A15DD-5C9D-4921-8D7E-3BAF065FE984}
	EndProjectSection
EndProject
Project("{8BC9CEB8-8B4A-11D0-8D11-00A0C91BC942}") = "UCLIDTestingFramework", "..\..\..\..\COMComponents\UCLIDTestingFramework\Interfaces\Code\UCLIDTestingFramework.vcproj", "{B1376860-A6F2-432F-AA51-C14AEC90AFCF}"
	ProjectSection(WebsiteProperties) = preProject
		Debug.AspNetCompiler.Debug = "True"
		Release.AspNetCompiler.Debug = "False"
	EndProjectSection
	ProjectSection(ProjectDependencies) = postProject
		{7F591058-6DC9-4787-AE25-5A45AE78E3FA} = {7F591058-6DC9-4787-AE25-5A45AE78E3FA}
	EndProjectSection
EndProject
Project("{8BC9CEB8-8B4A-11D0-8D11-00A0C91BC942}") = "ZLibUtils", "..\..\..\..\VendorSpecificUtils\ZLibUtils\Code\ZLibUtils.vcproj", "{A1474E20-9B5F-4DF9-A400-490270BC7999}"
	ProjectSection(WebsiteProperties) = preProject
		Debug.AspNetCompiler.Debug = "True"
		Release.AspNetCompiler.Debug = "False"
	EndProjectSection
	ProjectSection(ProjectDependencies) = postProject
		{91B17D62-305C-4EA4-ADD2-72AC7FE8D0AF} = {91B17D62-305C-4EA4-ADD2-72AC7FE8D0AF}
	EndProjectSection
EndProject
Project("{8BC9CEB8-8B4A-11D0-8D11-00A0C91BC942}") = "ExtractTRP2", "..\..\..\..\COMComponents\UCLIDComponentsLM\ExtractTRP2\Code\ExtractTRP2.vcproj", "{14D4D963-B656-4B04-ADD7-8F98FC4F664D}"
	ProjectSection(WebsiteProperties) = preProject
		Debug.AspNetCompiler.Debug = "True"
		Release.AspNetCompiler.Debug = "False"
	EndProjectSection
	ProjectSection(ProjectDependencies) = postProject
		{91B17D62-305C-4EA4-ADD2-72AC7FE8D0AF} = {91B17D62-305C-4EA4-ADD2-72AC7FE8D0AF}
	EndProjectSection
EndProject
Project("{8BC9CEB8-8B4A-11D0-8D11-00A0C91BC942}") = "DetectAndReportFailure", "..\..\..\..\..\ProductDevelopment\Utils\DetectAndReportFailure\Code\DetectAndReportFailure.vcproj", "{A96917AB-80A9-44A7-AC3B-6EA28075CE38}"
	ProjectSection(WebsiteProperties) = preProject
		Debug.AspNetCompiler.Debug = "True"
		Release.AspNetCompiler.Debug = "False"
	EndProjectSection
	ProjectSection(ProjectDependencies) = postProject
		{6FA06B83-AC26-49B7-8138-9342792EACC4} = {6FA06B83-AC26-49B7-8138-9342792EACC4}
		{91B17D62-305C-4EA4-ADD2-72AC7FE8D0AF} = {91B17D62-305C-4EA4-ADD2-72AC7FE8D0AF}
		{7F591058-6DC9-4787-AE25-5A45AE78E3FA} = {7F591058-6DC9-4787-AE25-5A45AE78E3FA}
		{D026CB45-DFA8-4FD7-AE12-C6F05978187A} = {D026CB45-DFA8-4FD7-AE12-C6F05978187A}
		{A1474E20-9B5F-4DF9-A400-490270BC7999} = {A1474E20-9B5F-4DF9-A400-490270BC7999}
	EndProjectSection
EndProject
Project("{8BC9CEB8-8B4A-11D0-8D11-00A0C91BC942}") = "UEXViewer", "..\..\..\..\..\ProductDevelopment\Utils\UEXViewer\Code\UEXViewer.vcproj", "{86E2C884-39F0-42BB-9AB5-6926E904A9E2}"
	ProjectSection(WebsiteProperties) = preProject
		Debug.AspNetCompiler.Debug = "True"
		Release.AspNetCompiler.Debug = "False"
	EndProjectSection
	ProjectSection(ProjectDependencies) = postProject
		{91B17D62-305C-4EA4-ADD2-72AC7FE8D0AF} = {91B17D62-305C-4EA4-ADD2-72AC7FE8D0AF}
	EndProjectSection
EndProject
Global
	GlobalSection(VaultVsipSolution-v2) = preSolution
		VaultHost = http://white.extract.local/VaultService
		VaultRepositoryID = 2
		VaultRepositoryGUID = 90e7e9e3-28c7-40d0-8bce-ee4d99f2ce41
		ProjectCount = 47
		ProjectRelativeDiskPath1 = LandRecords.vcproj
		ProjectRelativeDiskPath2 = ..\..\..\..\BaseUtils\Code\BaseUtils.vcproj
		ProjectRelativeDiskPath3 = ..\..\..\..\COMComponents\UCLIDComponentsLM\COMLM\Code\COMLM.vcproj
		ProjectRelativeDiskPath4 = ..\..\..\..\COMComponents\UCLIDComponentsLM\COMLMCore\Code\COMLMCore.vcproj
		ProjectRelativeDiskPath5 = ..\..\..\..\COMComponents\ESMessageUtils\Code\ESMessageUtils.vcproj
		ProjectRelativeDiskPath6 = ..\..\..\..\COMComponents\UCLIDFilters\FiltersCore\Code\FiltersCore.vcproj
		ProjectRelativeDiskPath7 = ..\..\..\..\Filters\Code\Filters.vcproj
		ProjectRelativeDiskPath8 = ..\..\..\InputValidators\GeneralIV\Code\GeneralIV.vcproj
		ProjectRelativeDiskPath9 = ..\..\..\..\OcxAndDlls\UCLIDGenericDisplay2\Code\GenericDisplay2.vcproj
		ProjectRelativeDiskPath10 = ..\..\..\InputReceivers\HighlightedTextIR\Code\Core\HighlightedTextIR.vcproj
		ProjectRelativeDiskPath11 = ..\..\..\InputReceivers\HighlightedTextIR\Test\HighlightedTextIRAutoTest\Code\HTIRAutoTest.vcproj
		ProjectRelativeDiskPath12 = ..\..\..\IFCore\Code\IFCore.vcproj
		ProjectRelativeDiskPath13 = ..\..\..\..\OcxAndDlls\ImageEdit\Code\ImageEdit.vcproj
		ProjectRelativeDiskPath14 = ..\..\..\InputContexts\Code\InputContexts.vcproj
		ProjectRelativeDiskPath15 = ..\..\..\InputReceivers\HighlightedTextIR\Code\InputFinders\Code\InputFinders.vcproj
		ProjectRelativeDiskPath16 = ..\..\..\InputTargetFramework\Code\InputTargetFramework.vcproj
		ProjectRelativeDiskPath17 = ..\..\..\InputValidators\LandRecordsIV\Code\LandRecordsIV.vcproj
		ProjectRelativeDiskPath18 = ..\..\..\..\VendorSpecificUtils\LeadUtils\Code\LeadUtils.vcproj
		ProjectRelativeDiskPath19 = ..\..\..\InputReceivers\SpotRecognitionIR\Code\LineTextCorrectors\Code\LineTextCorrectors.vcproj
		ProjectRelativeDiskPath20 = ..\..\..\InputReceivers\SpotRecognitionIR\Code\LineTextEvaluators\Code\LineTextEvaluators.vcproj
		ProjectRelativeDiskPath21 = ..\..\..\InputReceivers\HighlightedTextIR\Code\MCRTextViewer\Code\MCRTextViewer.vcproj
		ProjectRelativeDiskPath22 = ..\..\..\OCRFilteringBase\Code\OCRFilteringBase.vcproj
		ProjectRelativeDiskPath23 = ..\..\..\InputReceivers\SpotRecognitionIR\Code\ParagraphTextCorrectors\Code\ParagraphTextCorrectors.vcproj
		ProjectRelativeDiskPath24 = ..\..\..\InputReceivers\SpotRecognitionIR\Code\ParagraphTextHandlers\Code\ParagraphTextHandlers.vcproj
		ProjectRelativeDiskPath25 = ..\..\..\InputValidators\RegExprIV\Code\RegExprIV.vcproj
		ProjectRelativeDiskPath26 = ..\..\..\..\VendorSpecificUtils\RWUtils\Code\RWUtils.vcproj
		ProjectRelativeDiskPath27 = ..\..\..\InputReceivers\SpotRecognitionIR\Test\SpotRecIRAutoTest\Code\SpotRecIRAutoTest.vcproj
		ProjectRelativeDiskPath28 = ..\..\..\InputReceivers\SpotRecognitionIR\Code\Core\SpotRecognitionIR.vcproj
		ProjectRelativeDiskPath29 = ..\..\..\Utils\SRIRImageViewer\SRIRImageViewer.vcproj
		ProjectRelativeDiskPath30 = ..\..\..\..\COMComponents\UCLIDRasterAndOCRMgmt\OCREngines\SSOCR\Code\SSOCR.vcproj
		ProjectRelativeDiskPath31 = ..\..\..\..\COMComponents\UCLIDRasterAndOCRMgmt\OCREngines\SSOCR2\Code\SSOCR2.vcproj
		ProjectRelativeDiskPath32 = ..\..\..\InputReceivers\SpotRecognitionIR\Code\SubImageHandlers\Code\SubImageHandlers.vcproj
		ProjectRelativeDiskPath33 = ..\..\..\..\Filters\Testing\AutomatedTest\Code\TestFilters.vcproj
		ProjectRelativeDiskPath34 = ..\..\..\..\Geometry\TopoUtils\Code\TopoUtils.vcproj
		ProjectRelativeDiskPath35 = ..\..\..\..\COMComponents\UCLIDCOMUtils\Core\Code\UCLIDCOMUtils.vcproj
		ProjectRelativeDiskPath36 = ..\..\..\..\COMComponents\UCLIDDistanceConverter\Code\UCLIDDistanceConverter.vcproj
		ProjectRelativeDiskPath37 = ..\..\..\..\COMComponents\UCLIDExceptionMgmt\Code\UCLIDExceptionMgmt.vcproj
		ProjectRelativeDiskPath38 = ..\..\..\..\COMComponents\UCLIDHighlightWindow\Code\UCLIDHighlightWindow.vcproj
		ProjectRelativeDiskPath39 = ..\..\..\..\COMComponents\UCLIDImageUtils\Code\UCLIDImageUtils.vcproj
		ProjectRelativeDiskPath40 = ..\..\..\..\COMComponents\UCLIDMeasurements\Code\UCLIDMeasurements.vcproj
		ProjectRelativeDiskPath41 = ..\..\..\..\COMComponents\UCLIDRasterAndOCRMgmt\Core\Code\UCLIDRasterAndOCRMgmt.vcproj
		ProjectRelativeDiskPath42 = ..\..\..\..\COMComponents\UCLIDTestingFramework\Core\Code\UCLIDTestingFrameworkCore.vcproj
		ProjectRelativeDiskPath43 = ..\..\..\..\COMComponents\UCLIDTestingFramework\Interfaces\Code\UCLIDTestingFramework.vcproj
		ProjectRelativeDiskPath44 = ..\..\..\..\VendorSpecificUtils\ZLibUtils\Code\ZLibUtils.vcproj
		ProjectRelativeDiskPath45 = ..\..\..\..\COMComponents\UCLIDComponentsLM\ExtractTRP2\Code\ExtractTRP2.vcproj
		ProjectRelativeDiskPath46 = ..\..\..\..\..\ProductDevelopment\Utils\DetectAndReportFailure\Code\DetectAndReportFailure.vcproj
		ProjectRelativeDiskPath47 = ..\..\..\..\..\ProductDevelopment\Utils\UEXViewer\Code\UEXViewer.vcproj
	EndGlobalSection
	GlobalSection(SolutionConfigurationPlatforms) = preSolution
		Debug|Any CPU = Debug|Any CPU
		Debug|Mixed Platforms = Debug|Mixed Platforms
		Debug|Win32 = Debug|Win32
		Release|Any CPU = Release|Any CPU
		Release|Mixed Platforms = Release|Mixed Platforms
		Release|Win32 = Release|Win32
	EndGlobalSection
	GlobalSection(ProjectConfigurationPlatforms) = postSolution
		{DBF08AD9-881B-4013-9747-34B1FE71EB97}.Debug|Any CPU.ActiveCfg = Debug|Win32
		{DBF08AD9-881B-4013-9747-34B1FE71EB97}.Debug|Mixed Platforms.ActiveCfg = Debug|Win32
		{DBF08AD9-881B-4013-9747-34B1FE71EB97}.Debug|Mixed Platforms.Build.0 = Debug|Win32
		{DBF08AD9-881B-4013-9747-34B1FE71EB97}.Debug|Win32.ActiveCfg = Debug|Win32
		{DBF08AD9-881B-4013-9747-34B1FE71EB97}.Debug|Win32.Build.0 = Debug|Win32
		{DBF08AD9-881B-4013-9747-34B1FE71EB97}.Release|Any CPU.ActiveCfg = Release|Win32
		{DBF08AD9-881B-4013-9747-34B1FE71EB97}.Release|Mixed Platforms.ActiveCfg = Release|Win32
		{DBF08AD9-881B-4013-9747-34B1FE71EB97}.Release|Mixed Platforms.Build.0 = Release|Win32
		{DBF08AD9-881B-4013-9747-34B1FE71EB97}.Release|Win32.ActiveCfg = Release|Win32
		{DBF08AD9-881B-4013-9747-34B1FE71EB97}.Release|Win32.Build.0 = Release|Win32
		{91B17D62-305C-4EA4-ADD2-72AC7FE8D0AF}.Debug|Any CPU.ActiveCfg = Debug|Win32
		{91B17D62-305C-4EA4-ADD2-72AC7FE8D0AF}.Debug|Mixed Platforms.ActiveCfg = Debug|Win32
		{91B17D62-305C-4EA4-ADD2-72AC7FE8D0AF}.Debug|Mixed Platforms.Build.0 = Debug|Win32
		{91B17D62-305C-4EA4-ADD2-72AC7FE8D0AF}.Debug|Win32.ActiveCfg = Debug|Win32
		{91B17D62-305C-4EA4-ADD2-72AC7FE8D0AF}.Debug|Win32.Build.0 = Debug|Win32
		{91B17D62-305C-4EA4-ADD2-72AC7FE8D0AF}.Release|Any CPU.ActiveCfg = Release|Win32
		{91B17D62-305C-4EA4-ADD2-72AC7FE8D0AF}.Release|Mixed Platforms.ActiveCfg = Release|Win32
		{91B17D62-305C-4EA4-ADD2-72AC7FE8D0AF}.Release|Mixed Platforms.Build.0 = Release|Win32
		{91B17D62-305C-4EA4-ADD2-72AC7FE8D0AF}.Release|Win32.ActiveCfg = Release|Win32
		{91B17D62-305C-4EA4-ADD2-72AC7FE8D0AF}.Release|Win32.Build.0 = Release|Win32
		{4A3A15DD-5C9D-4921-8D7E-3BAF065FE984}.Debug|Any CPU.ActiveCfg = Debug|Win32
		{4A3A15DD-5C9D-4921-8D7E-3BAF065FE984}.Debug|Mixed Platforms.ActiveCfg = Debug|Win32
		{4A3A15DD-5C9D-4921-8D7E-3BAF065FE984}.Debug|Mixed Platforms.Build.0 = Debug|Win32
		{4A3A15DD-5C9D-4921-8D7E-3BAF065FE984}.Debug|Win32.ActiveCfg = Debug|Win32
		{4A3A15DD-5C9D-4921-8D7E-3BAF065FE984}.Debug|Win32.Build.0 = Debug|Win32
		{4A3A15DD-5C9D-4921-8D7E-3BAF065FE984}.Release|Any CPU.ActiveCfg = Release|Win32
		{4A3A15DD-5C9D-4921-8D7E-3BAF065FE984}.Release|Mixed Platforms.ActiveCfg = Release|Win32
		{4A3A15DD-5C9D-4921-8D7E-3BAF065FE984}.Release|Mixed Platforms.Build.0 = Release|Win32
		{4A3A15DD-5C9D-4921-8D7E-3BAF065FE984}.Release|Win32.ActiveCfg = Release|Win32
		{4A3A15DD-5C9D-4921-8D7E-3BAF065FE984}.Release|Win32.Build.0 = Release|Win32
		{6FA06B83-AC26-49B7-8138-9342792EACC4}.Debug|Any CPU.ActiveCfg = Debug|Win32
		{6FA06B83-AC26-49B7-8138-9342792EACC4}.Debug|Mixed Platforms.ActiveCfg = Debug|Win32
		{6FA06B83-AC26-49B7-8138-9342792EACC4}.Debug|Mixed Platforms.Build.0 = Debug|Win32
		{6FA06B83-AC26-49B7-8138-9342792EACC4}.Debug|Win32.ActiveCfg = Debug|Win32
		{6FA06B83-AC26-49B7-8138-9342792EACC4}.Debug|Win32.Build.0 = Debug|Win32
		{6FA06B83-AC26-49B7-8138-9342792EACC4}.Release|Any CPU.ActiveCfg = Release|Win32
		{6FA06B83-AC26-49B7-8138-9342792EACC4}.Release|Mixed Platforms.ActiveCfg = Release|Win32
		{6FA06B83-AC26-49B7-8138-9342792EACC4}.Release|Mixed Platforms.Build.0 = Release|Win32
		{6FA06B83-AC26-49B7-8138-9342792EACC4}.Release|Win32.ActiveCfg = Release|Win32
		{6FA06B83-AC26-49B7-8138-9342792EACC4}.Release|Win32.Build.0 = Release|Win32
		{D026CB45-DFA8-4FD7-AE12-C6F05978187A}.Debug|Any CPU.ActiveCfg = Debug|Win32
		{D026CB45-DFA8-4FD7-AE12-C6F05978187A}.Debug|Mixed Platforms.ActiveCfg = Debug|Win32
		{D026CB45-DFA8-4FD7-AE12-C6F05978187A}.Debug|Mixed Platforms.Build.0 = Debug|Win32
		{D026CB45-DFA8-4FD7-AE12-C6F05978187A}.Debug|Win32.ActiveCfg = Debug|Win32
		{D026CB45-DFA8-4FD7-AE12-C6F05978187A}.Debug|Win32.Build.0 = Debug|Win32
		{D026CB45-DFA8-4FD7-AE12-C6F05978187A}.Release|Any CPU.ActiveCfg = Release|Win32
		{D026CB45-DFA8-4FD7-AE12-C6F05978187A}.Release|Mixed Platforms.ActiveCfg = Release|Win32
		{D026CB45-DFA8-4FD7-AE12-C6F05978187A}.Release|Mixed Platforms.Build.0 = Release|Win32
		{D026CB45-DFA8-4FD7-AE12-C6F05978187A}.Release|Win32.ActiveCfg = Release|Win32
		{D026CB45-DFA8-4FD7-AE12-C6F05978187A}.Release|Win32.Build.0 = Release|Win32
		{35C477DD-52FB-47F4-9E94-94EED8C69347}.Debug|Any CPU.ActiveCfg = Debug|Win32
		{35C477DD-52FB-47F4-9E94-94EED8C69347}.Debug|Mixed Platforms.ActiveCfg = Debug|Win32
		{35C477DD-52FB-47F4-9E94-94EED8C69347}.Debug|Mixed Platforms.Build.0 = Debug|Win32
		{35C477DD-52FB-47F4-9E94-94EED8C69347}.Debug|Win32.ActiveCfg = Debug|Win32
		{35C477DD-52FB-47F4-9E94-94EED8C69347}.Debug|Win32.Build.0 = Debug|Win32
		{35C477DD-52FB-47F4-9E94-94EED8C69347}.Release|Any CPU.ActiveCfg = Release|Win32
		{35C477DD-52FB-47F4-9E94-94EED8C69347}.Release|Mixed Platforms.ActiveCfg = Release|Win32
		{35C477DD-52FB-47F4-9E94-94EED8C69347}.Release|Mixed Platforms.Build.0 = Release|Win32
		{35C477DD-52FB-47F4-9E94-94EED8C69347}.Release|Win32.ActiveCfg = Release|Win32
		{35C477DD-52FB-47F4-9E94-94EED8C69347}.Release|Win32.Build.0 = Release|Win32
		{20819C73-176D-44AD-AE75-04B40D6BCC8F}.Debug|Any CPU.ActiveCfg = Debug|Win32
		{20819C73-176D-44AD-AE75-04B40D6BCC8F}.Debug|Mixed Platforms.ActiveCfg = Debug|Win32
		{20819C73-176D-44AD-AE75-04B40D6BCC8F}.Debug|Mixed Platforms.Build.0 = Debug|Win32
		{20819C73-176D-44AD-AE75-04B40D6BCC8F}.Debug|Win32.ActiveCfg = Debug|Win32
		{20819C73-176D-44AD-AE75-04B40D6BCC8F}.Debug|Win32.Build.0 = Debug|Win32
		{20819C73-176D-44AD-AE75-04B40D6BCC8F}.Release|Any CPU.ActiveCfg = Release|Win32
		{20819C73-176D-44AD-AE75-04B40D6BCC8F}.Release|Mixed Platforms.ActiveCfg = Release|Win32
		{20819C73-176D-44AD-AE75-04B40D6BCC8F}.Release|Mixed Platforms.Build.0 = Release|Win32
		{20819C73-176D-44AD-AE75-04B40D6BCC8F}.Release|Win32.ActiveCfg = Release|Win32
		{20819C73-176D-44AD-AE75-04B40D6BCC8F}.Release|Win32.Build.0 = Release|Win32
		{A7A54D3D-9716-469B-998C-5288B957B8F9}.Debug|Any CPU.ActiveCfg = Debug|Win32
		{A7A54D3D-9716-469B-998C-5288B957B8F9}.Debug|Mixed Platforms.ActiveCfg = Debug|Win32
		{A7A54D3D-9716-469B-998C-5288B957B8F9}.Debug|Mixed Platforms.Build.0 = Debug|Win32
		{A7A54D3D-9716-469B-998C-5288B957B8F9}.Debug|Win32.ActiveCfg = Debug|Win32
		{A7A54D3D-9716-469B-998C-5288B957B8F9}.Debug|Win32.Build.0 = Debug|Win32
		{A7A54D3D-9716-469B-998C-5288B957B8F9}.Release|Any CPU.ActiveCfg = Release|Win32
		{A7A54D3D-9716-469B-998C-5288B957B8F9}.Release|Mixed Platforms.ActiveCfg = Release|Win32
		{A7A54D3D-9716-469B-998C-5288B957B8F9}.Release|Mixed Platforms.Build.0 = Release|Win32
		{A7A54D3D-9716-469B-998C-5288B957B8F9}.Release|Win32.ActiveCfg = Release|Win32
		{A7A54D3D-9716-469B-998C-5288B957B8F9}.Release|Win32.Build.0 = Release|Win32
		{CAE2C57D-2BDB-4E14-ADAA-19BF0304F155}.Debug|Any CPU.ActiveCfg = Debug|Win32
		{CAE2C57D-2BDB-4E14-ADAA-19BF0304F155}.Debug|Mixed Platforms.ActiveCfg = Debug|Win32
		{CAE2C57D-2BDB-4E14-ADAA-19BF0304F155}.Debug|Mixed Platforms.Build.0 = Debug|Win32
		{CAE2C57D-2BDB-4E14-ADAA-19BF0304F155}.Debug|Win32.ActiveCfg = Debug|Win32
		{CAE2C57D-2BDB-4E14-ADAA-19BF0304F155}.Debug|Win32.Build.0 = Debug|Win32
		{CAE2C57D-2BDB-4E14-ADAA-19BF0304F155}.Release|Any CPU.ActiveCfg = Release|Win32
		{CAE2C57D-2BDB-4E14-ADAA-19BF0304F155}.Release|Mixed Platforms.ActiveCfg = Release|Win32
		{CAE2C57D-2BDB-4E14-ADAA-19BF0304F155}.Release|Mixed Platforms.Build.0 = Release|Win32
		{CAE2C57D-2BDB-4E14-ADAA-19BF0304F155}.Release|Win32.ActiveCfg = Release|Win32
		{CAE2C57D-2BDB-4E14-ADAA-19BF0304F155}.Release|Win32.Build.0 = Release|Win32
		{BC158591-28CD-4351-959C-36D41A9A2C71}.Debug|Any CPU.ActiveCfg = Debug|Win32
		{BC158591-28CD-4351-959C-36D41A9A2C71}.Debug|Mixed Platforms.ActiveCfg = Debug|Win32
		{BC158591-28CD-4351-959C-36D41A9A2C71}.Debug|Mixed Platforms.Build.0 = Debug|Win32
		{BC158591-28CD-4351-959C-36D41A9A2C71}.Debug|Win32.ActiveCfg = Debug|Win32
		{BC158591-28CD-4351-959C-36D41A9A2C71}.Debug|Win32.Build.0 = Debug|Win32
		{BC158591-28CD-4351-959C-36D41A9A2C71}.Release|Any CPU.ActiveCfg = Release|Win32
		{BC158591-28CD-4351-959C-36D41A9A2C71}.Release|Mixed Platforms.ActiveCfg = Release|Win32
		{BC158591-28CD-4351-959C-36D41A9A2C71}.Release|Mixed Platforms.Build.0 = Release|Win32
		{BC158591-28CD-4351-959C-36D41A9A2C71}.Release|Win32.ActiveCfg = Release|Win32
		{BC158591-28CD-4351-959C-36D41A9A2C71}.Release|Win32.Build.0 = Release|Win32
		{BAE54A20-1EB1-433E-B329-8523849D3154}.Debug|Any CPU.ActiveCfg = Debug|Win32
		{BAE54A20-1EB1-433E-B329-8523849D3154}.Debug|Mixed Platforms.ActiveCfg = Debug|Win32
		{BAE54A20-1EB1-433E-B329-8523849D3154}.Debug|Mixed Platforms.Build.0 = Debug|Win32
		{BAE54A20-1EB1-433E-B329-8523849D3154}.Debug|Win32.ActiveCfg = Debug|Win32
		{BAE54A20-1EB1-433E-B329-8523849D3154}.Debug|Win32.Build.0 = Debug|Win32
		{BAE54A20-1EB1-433E-B329-8523849D3154}.Release|Any CPU.ActiveCfg = Release|Win32
		{BAE54A20-1EB1-433E-B329-8523849D3154}.Release|Mixed Platforms.ActiveCfg = Release|Win32
		{BAE54A20-1EB1-433E-B329-8523849D3154}.Release|Mixed Platforms.Build.0 = Release|Win32
		{BAE54A20-1EB1-433E-B329-8523849D3154}.Release|Win32.ActiveCfg = Release|Win32
		{BAE54A20-1EB1-433E-B329-8523849D3154}.Release|Win32.Build.0 = Release|Win32
		{037F8051-5F5F-48C4-9BF3-34AA990AA5DE}.Debug|Any CPU.ActiveCfg = Debug|Win32
		{037F8051-5F5F-48C4-9BF3-34AA990AA5DE}.Debug|Mixed Platforms.ActiveCfg = Debug|Win32
		{037F8051-5F5F-48C4-9BF3-34AA990AA5DE}.Debug|Mixed Platforms.Build.0 = Debug|Win32
		{037F8051-5F5F-48C4-9BF3-34AA990AA5DE}.Debug|Win32.ActiveCfg = Debug|Win32
		{037F8051-5F5F-48C4-9BF3-34AA990AA5DE}.Debug|Win32.Build.0 = Debug|Win32
		{037F8051-5F5F-48C4-9BF3-34AA990AA5DE}.Release|Any CPU.ActiveCfg = Release|Win32
		{037F8051-5F5F-48C4-9BF3-34AA990AA5DE}.Release|Mixed Platforms.ActiveCfg = Release|Win32
		{037F8051-5F5F-48C4-9BF3-34AA990AA5DE}.Release|Mixed Platforms.Build.0 = Release|Win32
		{037F8051-5F5F-48C4-9BF3-34AA990AA5DE}.Release|Win32.ActiveCfg = Release|Win32
		{037F8051-5F5F-48C4-9BF3-34AA990AA5DE}.Release|Win32.Build.0 = Release|Win32
		{016331FA-BFF3-4947-B7DF-1754B76D31AF}.Debug|Any CPU.ActiveCfg = Debug|Win32
		{016331FA-BFF3-4947-B7DF-1754B76D31AF}.Debug|Mixed Platforms.ActiveCfg = Debug|Win32
		{016331FA-BFF3-4947-B7DF-1754B76D31AF}.Debug|Mixed Platforms.Build.0 = Debug|Win32
		{016331FA-BFF3-4947-B7DF-1754B76D31AF}.Debug|Win32.ActiveCfg = Debug|Win32
		{016331FA-BFF3-4947-B7DF-1754B76D31AF}.Debug|Win32.Build.0 = Debug|Win32
		{016331FA-BFF3-4947-B7DF-1754B76D31AF}.Release|Any CPU.ActiveCfg = Release|Win32
		{016331FA-BFF3-4947-B7DF-1754B76D31AF}.Release|Mixed Platforms.ActiveCfg = Release|Win32
		{016331FA-BFF3-4947-B7DF-1754B76D31AF}.Release|Mixed Platforms.Build.0 = Release|Win32
		{016331FA-BFF3-4947-B7DF-1754B76D31AF}.Release|Win32.ActiveCfg = Release|Win32
		{016331FA-BFF3-4947-B7DF-1754B76D31AF}.Release|Win32.Build.0 = Release|Win32
		{7A732EC5-7C8C-4EEC-8A51-E8BCAF6EDB8E}.Debug|Any CPU.ActiveCfg = Debug|Win32
		{7A732EC5-7C8C-4EEC-8A51-E8BCAF6EDB8E}.Debug|Mixed Platforms.ActiveCfg = Debug|Win32
		{7A732EC5-7C8C-4EEC-8A51-E8BCAF6EDB8E}.Debug|Mixed Platforms.Build.0 = Debug|Win32
		{7A732EC5-7C8C-4EEC-8A51-E8BCAF6EDB8E}.Debug|Win32.ActiveCfg = Debug|Win32
		{7A732EC5-7C8C-4EEC-8A51-E8BCAF6EDB8E}.Debug|Win32.Build.0 = Debug|Win32
		{7A732EC5-7C8C-4EEC-8A51-E8BCAF6EDB8E}.Release|Any CPU.ActiveCfg = Release|Win32
		{7A732EC5-7C8C-4EEC-8A51-E8BCAF6EDB8E}.Release|Mixed Platforms.ActiveCfg = Release|Win32
		{7A732EC5-7C8C-4EEC-8A51-E8BCAF6EDB8E}.Release|Mixed Platforms.Build.0 = Release|Win32
		{7A732EC5-7C8C-4EEC-8A51-E8BCAF6EDB8E}.Release|Win32.ActiveCfg = Release|Win32
		{7A732EC5-7C8C-4EEC-8A51-E8BCAF6EDB8E}.Release|Win32.Build.0 = Release|Win32
		{6E79B970-87F0-4B8C-8C3D-C449CF29E8F9}.Debug|Any CPU.ActiveCfg = Debug|Win32
		{6E79B970-87F0-4B8C-8C3D-C449CF29E8F9}.Debug|Mixed Platforms.ActiveCfg = Debug|Win32
		{6E79B970-87F0-4B8C-8C3D-C449CF29E8F9}.Debug|Mixed Platforms.Build.0 = Debug|Win32
		{6E79B970-87F0-4B8C-8C3D-C449CF29E8F9}.Debug|Win32.ActiveCfg = Debug|Win32
		{6E79B970-87F0-4B8C-8C3D-C449CF29E8F9}.Debug|Win32.Build.0 = Debug|Win32
		{6E79B970-87F0-4B8C-8C3D-C449CF29E8F9}.Release|Any CPU.ActiveCfg = Release|Win32
		{6E79B970-87F0-4B8C-8C3D-C449CF29E8F9}.Release|Mixed Platforms.ActiveCfg = Release|Win32
		{6E79B970-87F0-4B8C-8C3D-C449CF29E8F9}.Release|Mixed Platforms.Build.0 = Release|Win32
		{6E79B970-87F0-4B8C-8C3D-C449CF29E8F9}.Release|Win32.ActiveCfg = Release|Win32
		{6E79B970-87F0-4B8C-8C3D-C449CF29E8F9}.Release|Win32.Build.0 = Release|Win32
		{2BF97F72-E4C5-4745-951D-9C3644E997C5}.Debug|Any CPU.ActiveCfg = Debug|Win32
		{2BF97F72-E4C5-4745-951D-9C3644E997C5}.Debug|Mixed Platforms.ActiveCfg = Debug|Win32
		{2BF97F72-E4C5-4745-951D-9C3644E997C5}.Debug|Mixed Platforms.Build.0 = Debug|Win32
		{2BF97F72-E4C5-4745-951D-9C3644E997C5}.Debug|Win32.ActiveCfg = Debug|Win32
		{2BF97F72-E4C5-4745-951D-9C3644E997C5}.Debug|Win32.Build.0 = Debug|Win32
		{2BF97F72-E4C5-4745-951D-9C3644E997C5}.Release|Any CPU.ActiveCfg = Release|Win32
		{2BF97F72-E4C5-4745-951D-9C3644E997C5}.Release|Mixed Platforms.ActiveCfg = Release|Win32
		{2BF97F72-E4C5-4745-951D-9C3644E997C5}.Release|Mixed Platforms.Build.0 = Release|Win32
		{2BF97F72-E4C5-4745-951D-9C3644E997C5}.Release|Win32.ActiveCfg = Release|Win32
		{2BF97F72-E4C5-4745-951D-9C3644E997C5}.Release|Win32.Build.0 = Release|Win32
		{592CE050-C634-42FC-AE10-5824EBD6A943}.Debug|Any CPU.ActiveCfg = Debug|Win32
		{592CE050-C634-42FC-AE10-5824EBD6A943}.Debug|Mixed Platforms.ActiveCfg = Debug|Win32
		{592CE050-C634-42FC-AE10-5824EBD6A943}.Debug|Mixed Platforms.Build.0 = Debug|Win32
		{592CE050-C634-42FC-AE10-5824EBD6A943}.Debug|Win32.ActiveCfg = Debug|Win32
		{592CE050-C634-42FC-AE10-5824EBD6A943}.Debug|Win32.Build.0 = Debug|Win32
		{592CE050-C634-42FC-AE10-5824EBD6A943}.Release|Any CPU.ActiveCfg = Release|Win32
		{592CE050-C634-42FC-AE10-5824EBD6A943}.Release|Mixed Platforms.ActiveCfg = Release|Win32
		{592CE050-C634-42FC-AE10-5824EBD6A943}.Release|Mixed Platforms.Build.0 = Release|Win32
		{592CE050-C634-42FC-AE10-5824EBD6A943}.Release|Win32.ActiveCfg = Release|Win32
		{592CE050-C634-42FC-AE10-5824EBD6A943}.Release|Win32.Build.0 = Release|Win32
		{08CC1AFB-7B9D-42E5-B823-DC72CDC06631}.Debug|Any CPU.ActiveCfg = Debug|Win32
		{08CC1AFB-7B9D-42E5-B823-DC72CDC06631}.Debug|Mixed Platforms.ActiveCfg = Debug|Win32
		{08CC1AFB-7B9D-42E5-B823-DC72CDC06631}.Debug|Mixed Platforms.Build.0 = Debug|Win32
		{08CC1AFB-7B9D-42E5-B823-DC72CDC06631}.Debug|Win32.ActiveCfg = Debug|Win32
		{08CC1AFB-7B9D-42E5-B823-DC72CDC06631}.Debug|Win32.Build.0 = Debug|Win32
		{08CC1AFB-7B9D-42E5-B823-DC72CDC06631}.Release|Any CPU.ActiveCfg = Release|Win32
		{08CC1AFB-7B9D-42E5-B823-DC72CDC06631}.Release|Mixed Platforms.ActiveCfg = Release|Win32
		{08CC1AFB-7B9D-42E5-B823-DC72CDC06631}.Release|Mixed Platforms.Build.0 = Release|Win32
		{08CC1AFB-7B9D-42E5-B823-DC72CDC06631}.Release|Win32.ActiveCfg = Release|Win32
		{08CC1AFB-7B9D-42E5-B823-DC72CDC06631}.Release|Win32.Build.0 = Release|Win32
		{DBBFF7EA-41F9-443C-8382-5B7733E07943}.Debug|Any CPU.ActiveCfg = Debug|Win32
		{DBBFF7EA-41F9-443C-8382-5B7733E07943}.Debug|Mixed Platforms.ActiveCfg = Debug|Win32
		{DBBFF7EA-41F9-443C-8382-5B7733E07943}.Debug|Mixed Platforms.Build.0 = Debug|Win32
		{DBBFF7EA-41F9-443C-8382-5B7733E07943}.Debug|Win32.ActiveCfg = Debug|Win32
		{DBBFF7EA-41F9-443C-8382-5B7733E07943}.Debug|Win32.Build.0 = Debug|Win32
		{DBBFF7EA-41F9-443C-8382-5B7733E07943}.Release|Any CPU.ActiveCfg = Release|Win32
		{DBBFF7EA-41F9-443C-8382-5B7733E07943}.Release|Mixed Platforms.ActiveCfg = Release|Win32
		{DBBFF7EA-41F9-443C-8382-5B7733E07943}.Release|Mixed Platforms.Build.0 = Release|Win32
		{DBBFF7EA-41F9-443C-8382-5B7733E07943}.Release|Win32.ActiveCfg = Release|Win32
		{DBBFF7EA-41F9-443C-8382-5B7733E07943}.Release|Win32.Build.0 = Release|Win32
		{802278A5-0E94-4164-A0C8-89D12370CD8B}.Debug|Any CPU.ActiveCfg = Debug|Win32
		{802278A5-0E94-4164-A0C8-89D12370CD8B}.Debug|Mixed Platforms.ActiveCfg = Debug|Win32
		{802278A5-0E94-4164-A0C8-89D12370CD8B}.Debug|Mixed Platforms.Build.0 = Debug|Win32
		{802278A5-0E94-4164-A0C8-89D12370CD8B}.Debug|Win32.ActiveCfg = Debug|Win32
		{802278A5-0E94-4164-A0C8-89D12370CD8B}.Debug|Win32.Build.0 = Debug|Win32
		{802278A5-0E94-4164-A0C8-89D12370CD8B}.Release|Any CPU.ActiveCfg = Release|Win32
		{802278A5-0E94-4164-A0C8-89D12370CD8B}.Release|Mixed Platforms.ActiveCfg = Release|Win32
		{802278A5-0E94-4164-A0C8-89D12370CD8B}.Release|Mixed Platforms.Build.0 = Release|Win32
		{802278A5-0E94-4164-A0C8-89D12370CD8B}.Release|Win32.ActiveCfg = Release|Win32
		{802278A5-0E94-4164-A0C8-89D12370CD8B}.Release|Win32.Build.0 = Release|Win32
		{B491A5CE-2F14-495E-A9DC-FFA598702E3A}.Debug|Any CPU.ActiveCfg = Debug|Win32
		{B491A5CE-2F14-495E-A9DC-FFA598702E3A}.Debug|Mixed Platforms.ActiveCfg = Debug|Win32
		{B491A5CE-2F14-495E-A9DC-FFA598702E3A}.Debug|Mixed Platforms.Build.0 = Debug|Win32
		{B491A5CE-2F14-495E-A9DC-FFA598702E3A}.Debug|Win32.ActiveCfg = Debug|Win32
		{B491A5CE-2F14-495E-A9DC-FFA598702E3A}.Debug|Win32.Build.0 = Debug|Win32
		{B491A5CE-2F14-495E-A9DC-FFA598702E3A}.Release|Any CPU.ActiveCfg = Release|Win32
		{B491A5CE-2F14-495E-A9DC-FFA598702E3A}.Release|Mixed Platforms.ActiveCfg = Release|Win32
		{B491A5CE-2F14-495E-A9DC-FFA598702E3A}.Release|Mixed Platforms.Build.0 = Release|Win32
		{B491A5CE-2F14-495E-A9DC-FFA598702E3A}.Release|Win32.ActiveCfg = Release|Win32
		{B491A5CE-2F14-495E-A9DC-FFA598702E3A}.Release|Win32.Build.0 = Release|Win32
		{47D4FFB4-9E64-4B78-8C36-F1B615F1B5AC}.Debug|Any CPU.ActiveCfg = Debug|Win32
		{47D4FFB4-9E64-4B78-8C36-F1B615F1B5AC}.Debug|Mixed Platforms.ActiveCfg = Debug|Win32
		{47D4FFB4-9E64-4B78-8C36-F1B615F1B5AC}.Debug|Mixed Platforms.Build.0 = Debug|Win32
		{47D4FFB4-9E64-4B78-8C36-F1B615F1B5AC}.Debug|Win32.ActiveCfg = Debug|Win32
		{47D4FFB4-9E64-4B78-8C36-F1B615F1B5AC}.Debug|Win32.Build.0 = Debug|Win32
		{47D4FFB4-9E64-4B78-8C36-F1B615F1B5AC}.Release|Any CPU.ActiveCfg = Release|Win32
		{47D4FFB4-9E64-4B78-8C36-F1B615F1B5AC}.Release|Mixed Platforms.ActiveCfg = Release|Win32
		{47D4FFB4-9E64-4B78-8C36-F1B615F1B5AC}.Release|Mixed Platforms.Build.0 = Release|Win32
		{47D4FFB4-9E64-4B78-8C36-F1B615F1B5AC}.Release|Win32.ActiveCfg = Release|Win32
		{47D4FFB4-9E64-4B78-8C36-F1B615F1B5AC}.Release|Win32.Build.0 = Release|Win32
		{3A8AEEDB-EB79-44CA-8823-4BDBB9AA2B90}.Debug|Any CPU.ActiveCfg = Debug|Win32
		{3A8AEEDB-EB79-44CA-8823-4BDBB9AA2B90}.Debug|Mixed Platforms.ActiveCfg = Debug|Win32
		{3A8AEEDB-EB79-44CA-8823-4BDBB9AA2B90}.Debug|Mixed Platforms.Build.0 = Debug|Win32
		{3A8AEEDB-EB79-44CA-8823-4BDBB9AA2B90}.Debug|Win32.ActiveCfg = Debug|Win32
		{3A8AEEDB-EB79-44CA-8823-4BDBB9AA2B90}.Debug|Win32.Build.0 = Debug|Win32
		{3A8AEEDB-EB79-44CA-8823-4BDBB9AA2B90}.Release|Any CPU.ActiveCfg = Release|Win32
		{3A8AEEDB-EB79-44CA-8823-4BDBB9AA2B90}.Release|Mixed Platforms.ActiveCfg = Release|Win32
		{3A8AEEDB-EB79-44CA-8823-4BDBB9AA2B90}.Release|Mixed Platforms.Build.0 = Release|Win32
		{3A8AEEDB-EB79-44CA-8823-4BDBB9AA2B90}.Release|Win32.ActiveCfg = Release|Win32
		{3A8AEEDB-EB79-44CA-8823-4BDBB9AA2B90}.Release|Win32.Build.0 = Release|Win32
		{13DE434B-18A0-4597-9F1D-64A0AB2F8918}.Debug|Any CPU.ActiveCfg = Debug|Win32
		{13DE434B-18A0-4597-9F1D-64A0AB2F8918}.Debug|Mixed Platforms.ActiveCfg = Debug|Win32
		{13DE434B-18A0-4597-9F1D-64A0AB2F8918}.Debug|Mixed Platforms.Build.0 = Debug|Win32
		{13DE434B-18A0-4597-9F1D-64A0AB2F8918}.Debug|Win32.ActiveCfg = Debug|Win32
		{13DE434B-18A0-4597-9F1D-64A0AB2F8918}.Debug|Win32.Build.0 = Debug|Win32
		{13DE434B-18A0-4597-9F1D-64A0AB2F8918}.Release|Any CPU.ActiveCfg = Release|Win32
		{13DE434B-18A0-4597-9F1D-64A0AB2F8918}.Release|Mixed Platforms.ActiveCfg = Release|Win32
		{13DE434B-18A0-4597-9F1D-64A0AB2F8918}.Release|Mixed Platforms.Build.0 = Release|Win32
		{13DE434B-18A0-4597-9F1D-64A0AB2F8918}.Release|Win32.ActiveCfg = Release|Win32
		{13DE434B-18A0-4597-9F1D-64A0AB2F8918}.Release|Win32.Build.0 = Release|Win32
		{D6FB7556-7F3C-4E40-BE84-46803C9C059B}.Debug|Any CPU.ActiveCfg = Debug|Win32
		{D6FB7556-7F3C-4E40-BE84-46803C9C059B}.Debug|Mixed Platforms.ActiveCfg = Debug|Win32
		{D6FB7556-7F3C-4E40-BE84-46803C9C059B}.Debug|Mixed Platforms.Build.0 = Debug|Win32
		{D6FB7556-7F3C-4E40-BE84-46803C9C059B}.Debug|Win32.ActiveCfg = Debug|Win32
		{D6FB7556-7F3C-4E40-BE84-46803C9C059B}.Debug|Win32.Build.0 = Debug|Win32
		{D6FB7556-7F3C-4E40-BE84-46803C9C059B}.Release|Any CPU.ActiveCfg = Release|Win32
		{D6FB7556-7F3C-4E40-BE84-46803C9C059B}.Release|Mixed Platforms.ActiveCfg = Release|Win32
		{D6FB7556-7F3C-4E40-BE84-46803C9C059B}.Release|Mixed Platforms.Build.0 = Release|Win32
		{D6FB7556-7F3C-4E40-BE84-46803C9C059B}.Release|Win32.ActiveCfg = Release|Win32
		{D6FB7556-7F3C-4E40-BE84-46803C9C059B}.Release|Win32.Build.0 = Release|Win32
		{CF85AB16-A29D-49CA-8367-50E3F4D4AF7B}.Debug|Any CPU.ActiveCfg = Debug|Win32
		{CF85AB16-A29D-49CA-8367-50E3F4D4AF7B}.Debug|Mixed Platforms.ActiveCfg = Debug|Win32
		{CF85AB16-A29D-49CA-8367-50E3F4D4AF7B}.Debug|Mixed Platforms.Build.0 = Debug|Win32
		{CF85AB16-A29D-49CA-8367-50E3F4D4AF7B}.Debug|Win32.ActiveCfg = Debug|Win32
		{CF85AB16-A29D-49CA-8367-50E3F4D4AF7B}.Debug|Win32.Build.0 = Debug|Win32
		{CF85AB16-A29D-49CA-8367-50E3F4D4AF7B}.Release|Any CPU.ActiveCfg = Release|Win32
		{CF85AB16-A29D-49CA-8367-50E3F4D4AF7B}.Release|Mixed Platforms.ActiveCfg = Release|Win32
		{CF85AB16-A29D-49CA-8367-50E3F4D4AF7B}.Release|Mixed Platforms.Build.0 = Release|Win32
		{CF85AB16-A29D-49CA-8367-50E3F4D4AF7B}.Release|Win32.ActiveCfg = Release|Win32
		{CF85AB16-A29D-49CA-8367-50E3F4D4AF7B}.Release|Win32.Build.0 = Release|Win32
		{86DE8911-DA28-4C13-8CE8-B6C2A30B859C}.Debug|Any CPU.ActiveCfg = Debug|Win32
		{86DE8911-DA28-4C13-8CE8-B6C2A30B859C}.Debug|Mixed Platforms.ActiveCfg = Debug|Win32
		{86DE8911-DA28-4C13-8CE8-B6C2A30B859C}.Debug|Mixed Platforms.Build.0 = Debug|Win32
		{86DE8911-DA28-4C13-8CE8-B6C2A30B859C}.Debug|Win32.ActiveCfg = Debug|Win32
		{86DE8911-DA28-4C13-8CE8-B6C2A30B859C}.Debug|Win32.Build.0 = Debug|Win32
		{86DE8911-DA28-4C13-8CE8-B6C2A30B859C}.Release|Any CPU.ActiveCfg = Release|Win32
		{86DE8911-DA28-4C13-8CE8-B6C2A30B859C}.Release|Mixed Platforms.ActiveCfg = Release|Win32
		{86DE8911-DA28-4C13-8CE8-B6C2A30B859C}.Release|Mixed Platforms.Build.0 = Release|Win32
		{86DE8911-DA28-4C13-8CE8-B6C2A30B859C}.Release|Win32.ActiveCfg = Release|Win32
		{86DE8911-DA28-4C13-8CE8-B6C2A30B859C}.Release|Win32.Build.0 = Release|Win32
		{C9BEB739-8C91-4201-9E94-2D5F650FB5AE}.Debug|Any CPU.ActiveCfg = Debug|Win32
		{C9BEB739-8C91-4201-9E94-2D5F650FB5AE}.Debug|Mixed Platforms.ActiveCfg = Debug|Win32
		{C9BEB739-8C91-4201-9E94-2D5F650FB5AE}.Debug|Mixed Platforms.Build.0 = Debug|Win32
		{C9BEB739-8C91-4201-9E94-2D5F650FB5AE}.Debug|Win32.ActiveCfg = Debug|Win32
		{C9BEB739-8C91-4201-9E94-2D5F650FB5AE}.Debug|Win32.Build.0 = Debug|Win32
		{C9BEB739-8C91-4201-9E94-2D5F650FB5AE}.Release|Any CPU.ActiveCfg = Release|Win32
		{C9BEB739-8C91-4201-9E94-2D5F650FB5AE}.Release|Mixed Platforms.ActiveCfg = Release|Win32
		{C9BEB739-8C91-4201-9E94-2D5F650FB5AE}.Release|Mixed Platforms.Build.0 = Release|Win32
		{C9BEB739-8C91-4201-9E94-2D5F650FB5AE}.Release|Win32.ActiveCfg = Release|Win32
		{C9BEB739-8C91-4201-9E94-2D5F650FB5AE}.Release|Win32.Build.0 = Release|Win32
		{694BC78E-FD76-4275-8F0B-12A658AF5E39}.Debug|Any CPU.ActiveCfg = Debug|Win32
		{694BC78E-FD76-4275-8F0B-12A658AF5E39}.Debug|Mixed Platforms.ActiveCfg = Debug|Win32
		{694BC78E-FD76-4275-8F0B-12A658AF5E39}.Debug|Mixed Platforms.Build.0 = Debug|Win32
		{694BC78E-FD76-4275-8F0B-12A658AF5E39}.Debug|Win32.ActiveCfg = Debug|Win32
		{694BC78E-FD76-4275-8F0B-12A658AF5E39}.Debug|Win32.Build.0 = Debug|Win32
		{694BC78E-FD76-4275-8F0B-12A658AF5E39}.Release|Any CPU.ActiveCfg = Release|Win32
		{694BC78E-FD76-4275-8F0B-12A658AF5E39}.Release|Mixed Platforms.ActiveCfg = Release|Win32
		{694BC78E-FD76-4275-8F0B-12A658AF5E39}.Release|Mixed Platforms.Build.0 = Release|Win32
		{694BC78E-FD76-4275-8F0B-12A658AF5E39}.Release|Win32.ActiveCfg = Release|Win32
		{694BC78E-FD76-4275-8F0B-12A658AF5E39}.Release|Win32.Build.0 = Release|Win32
		{1A95338E-9BC0-49A8-B69E-9942DD7CEBB3}.Debug|Any CPU.ActiveCfg = Debug|Win32
		{1A95338E-9BC0-49A8-B69E-9942DD7CEBB3}.Debug|Mixed Platforms.ActiveCfg = Debug|Win32
		{1A95338E-9BC0-49A8-B69E-9942DD7CEBB3}.Debug|Mixed Platforms.Build.0 = Debug|Win32
		{1A95338E-9BC0-49A8-B69E-9942DD7CEBB3}.Debug|Win32.ActiveCfg = Debug|Win32
		{1A95338E-9BC0-49A8-B69E-9942DD7CEBB3}.Debug|Win32.Build.0 = Debug|Win32
		{1A95338E-9BC0-49A8-B69E-9942DD7CEBB3}.Release|Any CPU.ActiveCfg = Release|Win32
		{1A95338E-9BC0-49A8-B69E-9942DD7CEBB3}.Release|Mixed Platforms.ActiveCfg = Release|Win32
		{1A95338E-9BC0-49A8-B69E-9942DD7CEBB3}.Release|Mixed Platforms.Build.0 = Release|Win32
		{1A95338E-9BC0-49A8-B69E-9942DD7CEBB3}.Release|Win32.ActiveCfg = Release|Win32
		{1A95338E-9BC0-49A8-B69E-9942DD7CEBB3}.Release|Win32.Build.0 = Release|Win32
		{660413BE-8631-4C18-92C6-A28B3E550A57}.Debug|Any CPU.ActiveCfg = Debug|Win32
		{660413BE-8631-4C18-92C6-A28B3E550A57}.Debug|Mixed Platforms.ActiveCfg = Debug|Win32
		{660413BE-8631-4C18-92C6-A28B3E550A57}.Debug|Mixed Platforms.Build.0 = Debug|Win32
		{660413BE-8631-4C18-92C6-A28B3E550A57}.Debug|Win32.ActiveCfg = Debug|Win32
		{660413BE-8631-4C18-92C6-A28B3E550A57}.Debug|Win32.Build.0 = Debug|Win32
		{660413BE-8631-4C18-92C6-A28B3E550A57}.Release|Any CPU.ActiveCfg = Release|Win32
		{660413BE-8631-4C18-92C6-A28B3E550A57}.Release|Mixed Platforms.ActiveCfg = Release|Win32
		{660413BE-8631-4C18-92C6-A28B3E550A57}.Release|Mixed Platforms.Build.0 = Release|Win32
		{660413BE-8631-4C18-92C6-A28B3E550A57}.Release|Win32.ActiveCfg = Release|Win32
		{660413BE-8631-4C18-92C6-A28B3E550A57}.Release|Win32.Build.0 = Release|Win32
		{182A7BEF-E666-42DC-A5F0-34A10A7694F1}.Debug|Any CPU.ActiveCfg = Debug|Win32
		{182A7BEF-E666-42DC-A5F0-34A10A7694F1}.Debug|Mixed Platforms.ActiveCfg = Debug|Win32
		{182A7BEF-E666-42DC-A5F0-34A10A7694F1}.Debug|Mixed Platforms.Build.0 = Debug|Win32
		{182A7BEF-E666-42DC-A5F0-34A10A7694F1}.Debug|Win32.ActiveCfg = Debug|Win32
		{182A7BEF-E666-42DC-A5F0-34A10A7694F1}.Debug|Win32.Build.0 = Debug|Win32
		{182A7BEF-E666-42DC-A5F0-34A10A7694F1}.Release|Any CPU.ActiveCfg = Release|Win32
		{182A7BEF-E666-42DC-A5F0-34A10A7694F1}.Release|Mixed Platforms.ActiveCfg = Release|Win32
		{182A7BEF-E666-42DC-A5F0-34A10A7694F1}.Release|Mixed Platforms.Build.0 = Release|Win32
		{182A7BEF-E666-42DC-A5F0-34A10A7694F1}.Release|Win32.ActiveCfg = Release|Win32
		{182A7BEF-E666-42DC-A5F0-34A10A7694F1}.Release|Win32.Build.0 = Release|Win32
		{E0A8DA6D-EEA9-4687-87E8-F66211DC91D4}.Debug|Any CPU.ActiveCfg = Debug|Win32
		{E0A8DA6D-EEA9-4687-87E8-F66211DC91D4}.Debug|Mixed Platforms.ActiveCfg = Debug|Win32
		{E0A8DA6D-EEA9-4687-87E8-F66211DC91D4}.Debug|Mixed Platforms.Build.0 = Debug|Win32
		{E0A8DA6D-EEA9-4687-87E8-F66211DC91D4}.Debug|Win32.ActiveCfg = Debug|Win32
		{E0A8DA6D-EEA9-4687-87E8-F66211DC91D4}.Debug|Win32.Build.0 = Debug|Win32
		{E0A8DA6D-EEA9-4687-87E8-F66211DC91D4}.Release|Any CPU.ActiveCfg = Release|Win32
		{E0A8DA6D-EEA9-4687-87E8-F66211DC91D4}.Release|Mixed Platforms.ActiveCfg = Release|Win32
		{E0A8DA6D-EEA9-4687-87E8-F66211DC91D4}.Release|Mixed Platforms.Build.0 = Release|Win32
		{E0A8DA6D-EEA9-4687-87E8-F66211DC91D4}.Release|Win32.ActiveCfg = Release|Win32
		{E0A8DA6D-EEA9-4687-87E8-F66211DC91D4}.Release|Win32.Build.0 = Release|Win32
		{EBE90516-603A-4562-8B47-51234CBB9903}.Debug|Any CPU.ActiveCfg = Debug|Win32
		{EBE90516-603A-4562-8B47-51234CBB9903}.Debug|Mixed Platforms.ActiveCfg = Debug|Win32
		{EBE90516-603A-4562-8B47-51234CBB9903}.Debug|Mixed Platforms.Build.0 = Debug|Win32
		{EBE90516-603A-4562-8B47-51234CBB9903}.Debug|Win32.ActiveCfg = Debug|Win32
		{EBE90516-603A-4562-8B47-51234CBB9903}.Debug|Win32.Build.0 = Debug|Win32
		{EBE90516-603A-4562-8B47-51234CBB9903}.Release|Any CPU.ActiveCfg = Release|Win32
		{EBE90516-603A-4562-8B47-51234CBB9903}.Release|Mixed Platforms.ActiveCfg = Release|Win32
		{EBE90516-603A-4562-8B47-51234CBB9903}.Release|Mixed Platforms.Build.0 = Release|Win32
		{EBE90516-603A-4562-8B47-51234CBB9903}.Release|Win32.ActiveCfg = Release|Win32
		{EBE90516-603A-4562-8B47-51234CBB9903}.Release|Win32.Build.0 = Release|Win32
		{7F591058-6DC9-4787-AE25-5A45AE78E3FA}.Debug|Any CPU.ActiveCfg = Debug|Win32
		{7F591058-6DC9-4787-AE25-5A45AE78E3FA}.Debug|Mixed Platforms.ActiveCfg = Debug|Win32
		{7F591058-6DC9-4787-AE25-5A45AE78E3FA}.Debug|Mixed Platforms.Build.0 = Debug|Win32
		{7F591058-6DC9-4787-AE25-5A45AE78E3FA}.Debug|Win32.ActiveCfg = Debug|Win32
		{7F591058-6DC9-4787-AE25-5A45AE78E3FA}.Debug|Win32.Build.0 = Debug|Win32
		{7F591058-6DC9-4787-AE25-5A45AE78E3FA}.Release|Any CPU.ActiveCfg = Release|Win32
		{7F591058-6DC9-4787-AE25-5A45AE78E3FA}.Release|Mixed Platforms.ActiveCfg = Release|Win32
		{7F591058-6DC9-4787-AE25-5A45AE78E3FA}.Release|Mixed Platforms.Build.0 = Release|Win32
		{7F591058-6DC9-4787-AE25-5A45AE78E3FA}.Release|Win32.ActiveCfg = Release|Win32
		{7F591058-6DC9-4787-AE25-5A45AE78E3FA}.Release|Win32.Build.0 = Release|Win32
		{C33C299B-7BC9-4303-B42C-59C7510CD86D}.Debug|Any CPU.ActiveCfg = Debug|Win32
		{C33C299B-7BC9-4303-B42C-59C7510CD86D}.Debug|Mixed Platforms.ActiveCfg = Debug|Win32
		{C33C299B-7BC9-4303-B42C-59C7510CD86D}.Debug|Mixed Platforms.Build.0 = Debug|Win32
		{C33C299B-7BC9-4303-B42C-59C7510CD86D}.Debug|Win32.ActiveCfg = Debug|Win32
		{C33C299B-7BC9-4303-B42C-59C7510CD86D}.Debug|Win32.Build.0 = Debug|Win32
		{C33C299B-7BC9-4303-B42C-59C7510CD86D}.Release|Any CPU.ActiveCfg = Release|Win32
		{C33C299B-7BC9-4303-B42C-59C7510CD86D}.Release|Mixed Platforms.ActiveCfg = Release|Win32
		{C33C299B-7BC9-4303-B42C-59C7510CD86D}.Release|Mixed Platforms.Build.0 = Release|Win32
		{C33C299B-7BC9-4303-B42C-59C7510CD86D}.Release|Win32.ActiveCfg = Release|Win32
		{C33C299B-7BC9-4303-B42C-59C7510CD86D}.Release|Win32.Build.0 = Release|Win32
		{E7889662-1B92-485D-AFF2-AC673DD433BC}.Debug|Any CPU.ActiveCfg = Debug|Win32
		{E7889662-1B92-485D-AFF2-AC673DD433BC}.Debug|Mixed Platforms.ActiveCfg = Debug|Win32
		{E7889662-1B92-485D-AFF2-AC673DD433BC}.Debug|Mixed Platforms.Build.0 = Debug|Win32
		{E7889662-1B92-485D-AFF2-AC673DD433BC}.Debug|Win32.ActiveCfg = Debug|Win32
		{E7889662-1B92-485D-AFF2-AC673DD433BC}.Debug|Win32.Build.0 = Debug|Win32
		{E7889662-1B92-485D-AFF2-AC673DD433BC}.Release|Any CPU.ActiveCfg = Release|Win32
		{E7889662-1B92-485D-AFF2-AC673DD433BC}.Release|Mixed Platforms.ActiveCfg = Release|Win32
		{E7889662-1B92-485D-AFF2-AC673DD433BC}.Release|Mixed Platforms.Build.0 = Release|Win32
		{E7889662-1B92-485D-AFF2-AC673DD433BC}.Release|Win32.ActiveCfg = Release|Win32
		{E7889662-1B92-485D-AFF2-AC673DD433BC}.Release|Win32.Build.0 = Release|Win32
		{4511F6CA-F4F5-4176-869A-D063FE328ADC}.Debug|Any CPU.ActiveCfg = Debug|Win32
		{4511F6CA-F4F5-4176-869A-D063FE328ADC}.Debug|Mixed Platforms.ActiveCfg = Debug|Win32
		{4511F6CA-F4F5-4176-869A-D063FE328ADC}.Debug|Mixed Platforms.Build.0 = Debug|Win32
		{4511F6CA-F4F5-4176-869A-D063FE328ADC}.Debug|Win32.ActiveCfg = Debug|Win32
		{4511F6CA-F4F5-4176-869A-D063FE328ADC}.Debug|Win32.Build.0 = Debug|Win32
		{4511F6CA-F4F5-4176-869A-D063FE328ADC}.Release|Any CPU.ActiveCfg = Release|Win32
		{4511F6CA-F4F5-4176-869A-D063FE328ADC}.Release|Mixed Platforms.ActiveCfg = Release|Win32
		{4511F6CA-F4F5-4176-869A-D063FE328ADC}.Release|Mixed Platforms.Build.0 = Release|Win32
		{4511F6CA-F4F5-4176-869A-D063FE328ADC}.Release|Win32.ActiveCfg = Release|Win32
		{4511F6CA-F4F5-4176-869A-D063FE328ADC}.Release|Win32.Build.0 = Release|Win32
		{CC01AE64-6B4C-4FEE-8A87-B13941098A6A}.Debug|Any CPU.ActiveCfg = Debug|Win32
		{CC01AE64-6B4C-4FEE-8A87-B13941098A6A}.Debug|Mixed Platforms.ActiveCfg = Debug|Win32
		{CC01AE64-6B4C-4FEE-8A87-B13941098A6A}.Debug|Mixed Platforms.Build.0 = Debug|Win32
		{CC01AE64-6B4C-4FEE-8A87-B13941098A6A}.Debug|Win32.ActiveCfg = Debug|Win32
		{CC01AE64-6B4C-4FEE-8A87-B13941098A6A}.Debug|Win32.Build.0 = Debug|Win32
		{CC01AE64-6B4C-4FEE-8A87-B13941098A6A}.Release|Any CPU.ActiveCfg = Release|Win32
		{CC01AE64-6B4C-4FEE-8A87-B13941098A6A}.Release|Mixed Platforms.ActiveCfg = Release|Win32
		{CC01AE64-6B4C-4FEE-8A87-B13941098A6A}.Release|Mixed Platforms.Build.0 = Release|Win32
		{CC01AE64-6B4C-4FEE-8A87-B13941098A6A}.Release|Win32.ActiveCfg = Release|Win32
		{CC01AE64-6B4C-4FEE-8A87-B13941098A6A}.Release|Win32.Build.0 = Release|Win32
		{0BB4664B-8D0C-4705-BDFB-2D0223E2EADD}.Debug|Any CPU.ActiveCfg = Debug|Win32
		{0BB4664B-8D0C-4705-BDFB-2D0223E2EADD}.Debug|Mixed Platforms.ActiveCfg = Debug|Win32
		{0BB4664B-8D0C-4705-BDFB-2D0223E2EADD}.Debug|Mixed Platforms.Build.0 = Debug|Win32
		{0BB4664B-8D0C-4705-BDFB-2D0223E2EADD}.Debug|Win32.ActiveCfg = Debug|Win32
		{0BB4664B-8D0C-4705-BDFB-2D0223E2EADD}.Debug|Win32.Build.0 = Debug|Win32
		{0BB4664B-8D0C-4705-BDFB-2D0223E2EADD}.Release|Any CPU.ActiveCfg = Release|Win32
		{0BB4664B-8D0C-4705-BDFB-2D0223E2EADD}.Release|Mixed Platforms.ActiveCfg = Release|Win32
		{0BB4664B-8D0C-4705-BDFB-2D0223E2EADD}.Release|Mixed Platforms.Build.0 = Release|Win32
		{0BB4664B-8D0C-4705-BDFB-2D0223E2EADD}.Release|Win32.ActiveCfg = Release|Win32
		{0BB4664B-8D0C-4705-BDFB-2D0223E2EADD}.Release|Win32.Build.0 = Release|Win32
		{6E3EEAF2-30A3-42BE-BE62-9CF2BA3702D2}.Debug|Any CPU.ActiveCfg = Debug|Win32
		{6E3EEAF2-30A3-42BE-BE62-9CF2BA3702D2}.Debug|Mixed Platforms.ActiveCfg = Debug|Win32
		{6E3EEAF2-30A3-42BE-BE62-9CF2BA3702D2}.Debug|Mixed Platforms.Build.0 = Debug|Win32
		{6E3EEAF2-30A3-42BE-BE62-9CF2BA3702D2}.Debug|Win32.ActiveCfg = Debug|Win32
		{6E3EEAF2-30A3-42BE-BE62-9CF2BA3702D2}.Debug|Win32.Build.0 = Debug|Win32
		{6E3EEAF2-30A3-42BE-BE62-9CF2BA3702D2}.Release|Any CPU.ActiveCfg = Release|Win32
		{6E3EEAF2-30A3-42BE-BE62-9CF2BA3702D2}.Release|Mixed Platforms.ActiveCfg = Release|Win32
		{6E3EEAF2-30A3-42BE-BE62-9CF2BA3702D2}.Release|Mixed Platforms.Build.0 = Release|Win32
		{6E3EEAF2-30A3-42BE-BE62-9CF2BA3702D2}.Release|Win32.ActiveCfg = Release|Win32
		{6E3EEAF2-30A3-42BE-BE62-9CF2BA3702D2}.Release|Win32.Build.0 = Release|Win32
		{A2E13543-A708-49E3-BA6E-4FC6DFE31E7C}.Debug|Any CPU.ActiveCfg = Debug|Win32
		{A2E13543-A708-49E3-BA6E-4FC6DFE31E7C}.Debug|Mixed Platforms.ActiveCfg = Debug|Win32
		{A2E13543-A708-49E3-BA6E-4FC6DFE31E7C}.Debug|Mixed Platforms.Build.0 = Debug|Win32
		{A2E13543-A708-49E3-BA6E-4FC6DFE31E7C}.Debug|Win32.ActiveCfg = Debug|Win32
		{A2E13543-A708-49E3-BA6E-4FC6DFE31E7C}.Debug|Win32.Build.0 = Debug|Win32
		{A2E13543-A708-49E3-BA6E-4FC6DFE31E7C}.Release|Any CPU.ActiveCfg = Release|Win32
		{A2E13543-A708-49E3-BA6E-4FC6DFE31E7C}.Release|Mixed Platforms.ActiveCfg = Release|Win32
		{A2E13543-A708-49E3-BA6E-4FC6DFE31E7C}.Release|Mixed Platforms.Build.0 = Release|Win32
		{A2E13543-A708-49E3-BA6E-4FC6DFE31E7C}.Release|Win32.ActiveCfg = Release|Win32
		{A2E13543-A708-49E3-BA6E-4FC6DFE31E7C}.Release|Win32.Build.0 = Release|Win32
		{B1376860-A6F2-432F-AA51-C14AEC90AFCF}.Debug|Any CPU.ActiveCfg = Debug|Win32
		{B1376860-A6F2-432F-AA51-C14AEC90AFCF}.Debug|Mixed Platforms.ActiveCfg = Debug|Win32
		{B1376860-A6F2-432F-AA51-C14AEC90AFCF}.Debug|Mixed Platforms.Build.0 = Debug|Win32
		{B1376860-A6F2-432F-AA51-C14AEC90AFCF}.Debug|Win32.ActiveCfg = Debug|Win32
		{B1376860-A6F2-432F-AA51-C14AEC90AFCF}.Debug|Win32.Build.0 = Debug|Win32
		{B1376860-A6F2-432F-AA51-C14AEC90AFCF}.Release|Any CPU.ActiveCfg = Release|Win32
		{B1376860-A6F2-432F-AA51-C14AEC90AFCF}.Release|Mixed Platforms.ActiveCfg = Release|Win32
		{B1376860-A6F2-432F-AA51-C14AEC90AFCF}.Release|Mixed Platforms.Build.0 = Release|Win32
		{B1376860-A6F2-432F-AA51-C14AEC90AFCF}.Release|Win32.ActiveCfg = Release|Win32
		{B1376860-A6F2-432F-AA51-C14AEC90AFCF}.Release|Win32.Build.0 = Release|Win32
		{A1474E20-9B5F-4DF9-A400-490270BC7999}.Debug|Any CPU.ActiveCfg = Debug|Win32
		{A1474E20-9B5F-4DF9-A400-490270BC7999}.Debug|Mixed Platforms.ActiveCfg = Debug|Win32
		{A1474E20-9B5F-4DF9-A400-490270BC7999}.Debug|Mixed Platforms.Build.0 = Debug|Win32
		{A1474E20-9B5F-4DF9-A400-490270BC7999}.Debug|Win32.ActiveCfg = Debug|Win32
		{A1474E20-9B5F-4DF9-A400-490270BC7999}.Debug|Win32.Build.0 = Debug|Win32
		{A1474E20-9B5F-4DF9-A400-490270BC7999}.Release|Any CPU.ActiveCfg = Release|Win32
		{A1474E20-9B5F-4DF9-A400-490270BC7999}.Release|Mixed Platforms.ActiveCfg = Release|Win32
		{A1474E20-9B5F-4DF9-A400-490270BC7999}.Release|Mixed Platforms.Build.0 = Release|Win32
		{A1474E20-9B5F-4DF9-A400-490270BC7999}.Release|Win32.ActiveCfg = Release|Win32
		{A1474E20-9B5F-4DF9-A400-490270BC7999}.Release|Win32.Build.0 = Release|Win32
		{14D4D963-B656-4B04-ADD7-8F98FC4F664D}.Debug|Any CPU.ActiveCfg = Debug|Win32
		{14D4D963-B656-4B04-ADD7-8F98FC4F664D}.Debug|Mixed Platforms.ActiveCfg = Debug|Win32
		{14D4D963-B656-4B04-ADD7-8F98FC4F664D}.Debug|Mixed Platforms.Build.0 = Debug|Win32
		{14D4D963-B656-4B04-ADD7-8F98FC4F664D}.Debug|Win32.ActiveCfg = Debug|Win32
		{14D4D963-B656-4B04-ADD7-8F98FC4F664D}.Debug|Win32.Build.0 = Debug|Win32
		{14D4D963-B656-4B04-ADD7-8F98FC4F664D}.Release|Any CPU.ActiveCfg = Release|Win32
		{14D4D963-B656-4B04-ADD7-8F98FC4F664D}.Release|Mixed Platforms.ActiveCfg = Release|Win32
		{14D4D963-B656-4B04-ADD7-8F98FC4F664D}.Release|Mixed Platforms.Build.0 = Release|Win32
		{14D4D963-B656-4B04-ADD7-8F98FC4F664D}.Release|Win32.ActiveCfg = Release|Win32
		{14D4D963-B656-4B04-ADD7-8F98FC4F664D}.Release|Win32.Build.0 = Release|Win32
		{A96917AB-80A9-44A7-AC3B-6EA28075CE38}.Debug|Any CPU.ActiveCfg = Debug|Win32
		{A96917AB-80A9-44A7-AC3B-6EA28075CE38}.Debug|Mixed Platforms.ActiveCfg = Debug|Win32
		{A96917AB-80A9-44A7-AC3B-6EA28075CE38}.Debug|Mixed Platforms.Build.0 = Debug|Win32
		{A96917AB-80A9-44A7-AC3B-6EA28075CE38}.Debug|Win32.ActiveCfg = Debug|Win32
		{A96917AB-80A9-44A7-AC3B-6EA28075CE38}.Debug|Win32.Build.0 = Debug|Win32
		{A96917AB-80A9-44A7-AC3B-6EA28075CE38}.Release|Any CPU.ActiveCfg = Release|Win32
		{A96917AB-80A9-44A7-AC3B-6EA28075CE38}.Release|Mixed Platforms.ActiveCfg = Release|Win32
		{A96917AB-80A9-44A7-AC3B-6EA28075CE38}.Release|Mixed Platforms.Build.0 = Release|Win32
		{A96917AB-80A9-44A7-AC3B-6EA28075CE38}.Release|Win32.ActiveCfg = Release|Win32
		{A96917AB-80A9-44A7-AC3B-6EA28075CE38}.Release|Win32.Build.0 = Release|Win32
		{86E2C884-39F0-42BB-9AB5-6926E904A9E2}.Debug|Any CPU.ActiveCfg = Debug|Win32
		{86E2C884-39F0-42BB-9AB5-6926E904A9E2}.Debug|Mixed Platforms.ActiveCfg = Debug|Win32
		{86E2C884-39F0-42BB-9AB5-6926E904A9E2}.Debug|Mixed Platforms.Build.0 = Debug|Win32
		{86E2C884-39F0-42BB-9AB5-6926E904A9E2}.Debug|Win32.ActiveCfg = Debug|Win32
		{86E2C884-39F0-42BB-9AB5-6926E904A9E2}.Debug|Win32.Build.0 = Debug|Win32
		{86E2C884-39F0-42BB-9AB5-6926E904A9E2}.Release|Any CPU.ActiveCfg = Release|Win32
		{86E2C884-39F0-42BB-9AB5-6926E904A9E2}.Release|Mixed Platforms.ActiveCfg = Release|Win32
		{86E2C884-39F0-42BB-9AB5-6926E904A9E2}.Release|Mixed Platforms.Build.0 = Release|Win32
		{86E2C884-39F0-42BB-9AB5-6926E904A9E2}.Release|Win32.ActiveCfg = Release|Win32
		{86E2C884-39F0-42BB-9AB5-6926E904A9E2}.Release|Win32.Build.0 = Release|Win32
	EndGlobalSection
	GlobalSection(SolutionProperties) = preSolution
		HideSolutionNode = FALSE
	EndGlobalSection
EndGlobal
