
Microsoft Visual Studio Solution File, Format Version 12.00
# Visual Studio 15
VisualStudioVersion = 15.0.27130.2026
MinimumVisualStudioVersion = 10.0.40219.1
Project("{FAE04EC0-301F-11D3-BF4B-00C04F79EFBC}") = "LearningMachineTrainer", "LearningMachineTrainer.csproj", "{14024E2B-2DB6-4449-AE3C-7B899AEAE445}"
EndProject
Global
	GlobalSection(SolutionConfigurationPlatforms) = preSolution
		Debug|Any CPU = Debug|Any CPU
		Release|Any CPU = Release|Any CPU
	EndGlobalSection
	GlobalSection(ProjectConfigurationPlatforms) = postSolution
		{14024E2B-2DB6-4449-AE3C-7B899AEAE445}.Debug|Any CPU.ActiveCfg = Debug|Any CPU
		{14024E2B-2DB6-4449-AE3C-7B899AEAE445}.Debug|Any CPU.Build.0 = Debug|Any CPU
		{14024E2B-2DB6-4449-AE3C-7B899AEAE445}.Release|Any CPU.ActiveCfg = Release|Any CPU
		{14024E2B-2DB6-4449-AE3C-7B899AEAE445}.Release|Any CPU.Build.0 = Release|Any CPU
	EndGlobalSection
	GlobalSection(SolutionProperties) = preSolution
		HideSolutionNode = FALSE
	EndGlobalSection
	GlobalSection(ExtensibilityGlobals) = postSolution
		SolutionGuid = {900CFB54-A442-47E3-B02F-F7B16C8DEE7E}
	EndGlobalSection
EndGlobal
