
Microsoft Visual Studio Solution File, Format Version 12.00
# Visual Studio Version 17
VisualStudioVersion = 17.3.32901.215
MinimumVisualStudioVersion = 10.0.40219.1
Project("{9A19103F-16F7-4668-BE54-9A1E7A4F7556}") = "AlertManager", "AlertManager\AlertManager\AlertManager.csproj", "{32690F82-AC49-44E6-824D-E90753C3B05A}"
EndProject
Global
	GlobalSection(SolutionConfigurationPlatforms) = preSolution
		Debug|Any CPU = Debug|Any CPU
		Release|Any CPU = Release|Any CPU
	EndGlobalSection
	GlobalSection(ProjectConfigurationPlatforms) = postSolution
		{32690F82-AC49-44E6-824D-E90753C3B05A}.Debug|Any CPU.ActiveCfg = Debug|Any CPU
		{32690F82-AC49-44E6-824D-E90753C3B05A}.Debug|Any CPU.Build.0 = Debug|Any CPU
		{32690F82-AC49-44E6-824D-E90753C3B05A}.Release|Any CPU.ActiveCfg = Release|Any CPU
		{32690F82-AC49-44E6-824D-E90753C3B05A}.Release|Any CPU.Build.0 = Release|Any CPU
	EndGlobalSection
	GlobalSection(SolutionProperties) = preSolution
		HideSolutionNode = FALSE
	EndGlobalSection
	GlobalSection(ExtensibilityGlobals) = postSolution
		SolutionGuid = {94349003-B831-46A7-9B00-451BAF11592B}
	EndGlobalSection
EndGlobal
