
Microsoft Visual Studio Solution File, Format Version 12.00
# Visual Studio Version 17
VisualStudioVersion = 17.3.32901.215
MinimumVisualStudioVersion = 10.0.40219.1
Project("{2150E333-8FDC-42A3-9474-1A3956D46DE8}") = ".paket", ".paket", "{74E5C560-F55C-413A-B510-3F232A88D30E}"
	ProjectSection(SolutionItems) = preProject
		..\paket.dependencies = ..\paket.dependencies
	EndProjectSection
EndProject
Project("{9A19103F-16F7-4668-BE54-9A1E7A4F7556}") = "AlertManager", "AlertManager\AlertManager\AlertManager.csproj", "{32690F82-AC49-44E6-824D-E90753C3B05A}"
EndProject
Project("{9A19103F-16F7-4668-BE54-9A1E7A4F7556}") = "Extract.ErrorHandling", "..\RC.Net\ErrorHandling\Code\Extract.ErrorHandling.csproj", "{4D447F8F-7909-411A-A6E4-738C5BEEA56A}"
EndProject
Project("{9A19103F-16F7-4668-BE54-9A1E7A4F7556}") = "Extract.ErrorsAndAlerts.AlertManager.Test", "AlertManager\AlertManager.Test\Extract.ErrorsAndAlerts.AlertManager.Test.csproj", "{0B282455-39D5-4A19-B3B8-A6E1B27AC424}"
EndProject
Project("{9A19103F-16F7-4668-BE54-9A1E7A4F7556}") = "AlertManager.Benchmark", "AlertManager.Benchmark\AlertManager.Benchmark.csproj", "{E53F449F-97E5-46A8-B285-394EBF7B4F7A}"
EndProject
Global
	GlobalSection(SolutionConfigurationPlatforms) = preSolution
		Debug|Any CPU = Debug|Any CPU
		Debug|x86 = Debug|x86
		Release|Any CPU = Release|Any CPU
		Release|x86 = Release|x86
	EndGlobalSection
	GlobalSection(ProjectConfigurationPlatforms) = postSolution
		{32690F82-AC49-44E6-824D-E90753C3B05A}.Debug|Any CPU.ActiveCfg = Debug|x86
		{32690F82-AC49-44E6-824D-E90753C3B05A}.Debug|Any CPU.Build.0 = Debug|x86
		{32690F82-AC49-44E6-824D-E90753C3B05A}.Debug|x86.ActiveCfg = Debug|x86
		{32690F82-AC49-44E6-824D-E90753C3B05A}.Debug|x86.Build.0 = Debug|x86
		{32690F82-AC49-44E6-824D-E90753C3B05A}.Release|Any CPU.ActiveCfg = Release|x86
		{32690F82-AC49-44E6-824D-E90753C3B05A}.Release|Any CPU.Build.0 = Release|x86
		{32690F82-AC49-44E6-824D-E90753C3B05A}.Release|x86.ActiveCfg = Release|x86
		{32690F82-AC49-44E6-824D-E90753C3B05A}.Release|x86.Build.0 = Release|x86
		{4D447F8F-7909-411A-A6E4-738C5BEEA56A}.Debug|Any CPU.ActiveCfg = Debug|x86
		{4D447F8F-7909-411A-A6E4-738C5BEEA56A}.Debug|Any CPU.Build.0 = Debug|x86
		{4D447F8F-7909-411A-A6E4-738C5BEEA56A}.Debug|x86.ActiveCfg = Debug|x86
		{4D447F8F-7909-411A-A6E4-738C5BEEA56A}.Debug|x86.Build.0 = Debug|x86
		{4D447F8F-7909-411A-A6E4-738C5BEEA56A}.Release|Any CPU.ActiveCfg = Release|x86
		{4D447F8F-7909-411A-A6E4-738C5BEEA56A}.Release|Any CPU.Build.0 = Release|x86
		{4D447F8F-7909-411A-A6E4-738C5BEEA56A}.Release|x86.ActiveCfg = Release|x86
		{4D447F8F-7909-411A-A6E4-738C5BEEA56A}.Release|x86.Build.0 = Release|x86
		{0B282455-39D5-4A19-B3B8-A6E1B27AC424}.Debug|Any CPU.ActiveCfg = Debug|x86
		{0B282455-39D5-4A19-B3B8-A6E1B27AC424}.Debug|Any CPU.Build.0 = Debug|x86
		{0B282455-39D5-4A19-B3B8-A6E1B27AC424}.Debug|x86.ActiveCfg = Debug|x86
		{0B282455-39D5-4A19-B3B8-A6E1B27AC424}.Debug|x86.Build.0 = Debug|x86
		{0B282455-39D5-4A19-B3B8-A6E1B27AC424}.Release|Any CPU.ActiveCfg = Release|x86
		{0B282455-39D5-4A19-B3B8-A6E1B27AC424}.Release|Any CPU.Build.0 = Release|x86
		{0B282455-39D5-4A19-B3B8-A6E1B27AC424}.Release|x86.ActiveCfg = Release|x86
		{0B282455-39D5-4A19-B3B8-A6E1B27AC424}.Release|x86.Build.0 = Release|x86
		{E53F449F-97E5-46A8-B285-394EBF7B4F7A}.Debug|Any CPU.ActiveCfg = Debug|Any CPU
		{E53F449F-97E5-46A8-B285-394EBF7B4F7A}.Debug|Any CPU.Build.0 = Debug|Any CPU
		{E53F449F-97E5-46A8-B285-394EBF7B4F7A}.Debug|x86.ActiveCfg = Debug|Any CPU
		{E53F449F-97E5-46A8-B285-394EBF7B4F7A}.Debug|x86.Build.0 = Debug|Any CPU
		{E53F449F-97E5-46A8-B285-394EBF7B4F7A}.Release|Any CPU.ActiveCfg = Release|Any CPU
		{E53F449F-97E5-46A8-B285-394EBF7B4F7A}.Release|Any CPU.Build.0 = Release|Any CPU
		{E53F449F-97E5-46A8-B285-394EBF7B4F7A}.Release|x86.ActiveCfg = Release|Any CPU
		{E53F449F-97E5-46A8-B285-394EBF7B4F7A}.Release|x86.Build.0 = Release|Any CPU
	EndGlobalSection
	GlobalSection(SolutionProperties) = preSolution
		HideSolutionNode = FALSE
	EndGlobalSection
	GlobalSection(ExtensibilityGlobals) = postSolution
		SolutionGuid = {94349003-B831-46A7-9B00-451BAF11592B}
	EndGlobalSection
EndGlobal
