
Microsoft Visual Studio Solution File, Format Version 9.00
# Visual Studio 2005
Project("{8BC9CEB8-8B4A-11D0-8D11-00A0C91BC942}") = "COMLicenseEval", "COMLicenseEval.vcproj", "{0D494CBA-0C43-4291-B52F-8D77DF44C4C4}"
	ProjectSection(WebsiteProperties) = preProject
		Debug.AspNetCompiler.Debug = "True"
		Release.AspNetCompiler.Debug = "False"
	EndProjectSection
	ProjectSection(ProjectDependencies) = postProject
		{91B17D62-305C-4EA4-ADD2-72AC7FE8D0AF} = {91B17D62-305C-4EA4-ADD2-72AC7FE8D0AF}
		{6FA06B83-AC26-49B7-8138-9342792EACC4} = {6FA06B83-AC26-49B7-8138-9342792EACC4}
		{4A3A15DD-5C9D-4921-8D7E-3BAF065FE984} = {4A3A15DD-5C9D-4921-8D7E-3BAF065FE984}
	EndProjectSection
EndProject
Project("{8BC9CEB8-8B4A-11D0-8D11-00A0C91BC942}") = "BaseUtils", "..\..\..\..\ReusableComponents\BaseUtils\Code\BaseUtils.vcproj", "{91B17D62-305C-4EA4-ADD2-72AC7FE8D0AF}"
	ProjectSection(WebsiteProperties) = preProject
		Debug.AspNetCompiler.Debug = "True"
		Release.AspNetCompiler.Debug = "False"
	EndProjectSection
EndProject
Project("{8BC9CEB8-8B4A-11D0-8D11-00A0C91BC942}") = "COMLMCore", "..\..\..\..\ReusableComponents\COMComponents\UCLIDComponentsLM\COMLMCore\Code\COMLMCore.vcproj", "{6FA06B83-AC26-49B7-8138-9342792EACC4}"
	ProjectSection(WebsiteProperties) = preProject
		Debug.AspNetCompiler.Debug = "True"
		Release.AspNetCompiler.Debug = "False"
	EndProjectSection
	ProjectSection(ProjectDependencies) = postProject
		{91B17D62-305C-4EA4-ADD2-72AC7FE8D0AF} = {91B17D62-305C-4EA4-ADD2-72AC7FE8D0AF}
	EndProjectSection
EndProject
Project("{8BC9CEB8-8B4A-11D0-8D11-00A0C91BC942}") = "COMLM", "..\..\..\..\ReusableComponents\COMComponents\UCLIDComponentsLM\COMLM\Code\COMLM.vcproj", "{4A3A15DD-5C9D-4921-8D7E-3BAF065FE984}"
	ProjectSection(WebsiteProperties) = preProject
		Debug.AspNetCompiler.Debug = "True"
		Release.AspNetCompiler.Debug = "False"
	EndProjectSection
	ProjectSection(ProjectDependencies) = postProject
		{91B17D62-305C-4EA4-ADD2-72AC7FE8D0AF} = {91B17D62-305C-4EA4-ADD2-72AC7FE8D0AF}
		{6FA06B83-AC26-49B7-8138-9342792EACC4} = {6FA06B83-AC26-49B7-8138-9342792EACC4}
	EndProjectSection
EndProject
Global
	GlobalSection(SolutionConfigurationPlatforms) = preSolution
		Debug|Win32 = Debug|Win32
		Release|Win32 = Release|Win32
	EndGlobalSection
	GlobalSection(ProjectConfigurationPlatforms) = postSolution
		{0D494CBA-0C43-4291-B52F-8D77DF44C4C4}.Debug|Win32.ActiveCfg = Debug|Win32
		{0D494CBA-0C43-4291-B52F-8D77DF44C4C4}.Debug|Win32.Build.0 = Debug|Win32
		{0D494CBA-0C43-4291-B52F-8D77DF44C4C4}.Release|Win32.ActiveCfg = Release|Win32
		{0D494CBA-0C43-4291-B52F-8D77DF44C4C4}.Release|Win32.Build.0 = Release|Win32
		{91B17D62-305C-4EA4-ADD2-72AC7FE8D0AF}.Debug|Win32.ActiveCfg = Debug|Win32
		{91B17D62-305C-4EA4-ADD2-72AC7FE8D0AF}.Debug|Win32.Build.0 = Debug|Win32
		{91B17D62-305C-4EA4-ADD2-72AC7FE8D0AF}.Release|Win32.ActiveCfg = Release|Win32
		{91B17D62-305C-4EA4-ADD2-72AC7FE8D0AF}.Release|Win32.Build.0 = Release|Win32
		{6FA06B83-AC26-49B7-8138-9342792EACC4}.Debug|Win32.ActiveCfg = Debug|Win32
		{6FA06B83-AC26-49B7-8138-9342792EACC4}.Debug|Win32.Build.0 = Debug|Win32
		{6FA06B83-AC26-49B7-8138-9342792EACC4}.Release|Win32.ActiveCfg = Release|Win32
		{6FA06B83-AC26-49B7-8138-9342792EACC4}.Release|Win32.Build.0 = Release|Win32
		{4A3A15DD-5C9D-4921-8D7E-3BAF065FE984}.Debug|Win32.ActiveCfg = Debug|Win32
		{4A3A15DD-5C9D-4921-8D7E-3BAF065FE984}.Debug|Win32.Build.0 = Debug|Win32
		{4A3A15DD-5C9D-4921-8D7E-3BAF065FE984}.Release|Win32.ActiveCfg = Release|Win32
		{4A3A15DD-5C9D-4921-8D7E-3BAF065FE984}.Release|Win32.Build.0 = Release|Win32
	EndGlobalSection
	GlobalSection(SolutionProperties) = preSolution
		HideSolutionNode = FALSE
	EndGlobalSection
EndGlobal
