
Microsoft Visual Studio Solution File, Format Version 11.00
# Visual Studio 2010
Project("{2150E333-8FDC-42A3-9474-1A3956D46DE8}") = "SharePoint Projects", "SharePoint Projects", "{7E89F55E-8C59-4953-A271-1B3C038B42BF}"
EndProject
Project("{2150E333-8FDC-42A3-9474-1A3956D46DE8}") = "Helper Projects", "Helper Projects", "{A744F9F8-0CA1-48ED-A18C-EB985FF1255E}"
EndProject
Project("{FAE04EC0-301F-11D3-BF4B-00C04F79EFBC}") = "Extract.ExtensionMethods", "..\..\..\RC.Net\Core\ExtensionMethods\Core\Code\Extract.ExtensionMethods.csproj", "{40DE51C9-1848-4897-93C6-78CF24C33516}"
EndProject
Project("{FAE04EC0-301F-11D3-BF4B-00C04F79EFBC}") = "Extract.SharePoint.Redaction", "Redaction\Core\Code\Extract.SharePoint.Redaction.csproj", "{D67DD428-C6B8-48F7-8F9F-24B7A8CE791A}"
EndProject
Project("{FAE04EC0-301F-11D3-BF4B-00C04F79EFBC}") = "Extract.SharePoint.Redaction.Utilities", "Redaction\Utilities\Core\Code\Extract.SharePoint.Redaction.Utilities.csproj", "{8835923D-CBBD-4664-A679-63538A3F33D1}"
EndProject
Project("{FAE04EC0-301F-11D3-BF4B-00C04F79EFBC}") = "IDShieldForSPClient", "Redaction\Utilities\IDShieldForSPClient\Core\Code\IDShieldForSPClient.csproj", "{2DBB0A41-9ED7-4B76-8473-F93BAC5B951D}"
EndProject
Project("{FAE04EC0-301F-11D3-BF4B-00C04F79EFBC}") = "Extract.SharePoint", "Core\Code\Extract.SharePoint.csproj", "{7D13E5A5-B925-409C-8446-9E7A6128C8E8}"
EndProject
Project("{FAE04EC0-301F-11D3-BF4B-00C04F79EFBC}") = "Extract.SharePoint.DataCapture", "DataCapture\Core\Code\Extract.SharePoint.DataCapture.csproj", "{38FA3088-8446-46EB-8DA4-982C8D5E70AE}"
EndProject
Project("{FAE04EC0-301F-11D3-BF4B-00C04F79EFBC}") = "RemoveExtractSPColumns", "UtilityApplications\RemoveExtractSPColumns\Code\RemoveExtractSPColumns.csproj", "{E54B6EC5-AE8C-4CFC-AF7C-C7B3F02B9998}"
EndProject
Project("{FAE04EC0-301F-11D3-BF4B-00C04F79EFBC}") = "Extract.ExceptionService.WCFInterface", "..\..\..\RC.Net\ExceptionService\WCFInterface\Core\Code\Extract.ExceptionService.WCFInterface.csproj", "{E2701E73-4D37-477B-8359-5614136DFA09}"
EndProject
Project("{FAE04EC0-301F-11D3-BF4B-00C04F79EFBC}") = "TestClientConnection", "UtilityApplications\TestClientConnection\Code\TestClientConnection\TestClientConnection.csproj", "{B60D001D-11E3-4239-8A10-1CB215ED41AF}"
EndProject
Global
	GlobalSection(SolutionConfigurationPlatforms) = preSolution
		Debug|Any CPU = Debug|Any CPU
		Debug|Mixed Platforms = Debug|Mixed Platforms
		Debug|Win32 = Debug|Win32
		Debug|x86 = Debug|x86
		Release|Any CPU = Release|Any CPU
		Release|Mixed Platforms = Release|Mixed Platforms
		Release|Win32 = Release|Win32
		Release|x86 = Release|x86
		Template|Any CPU = Template|Any CPU
		Template|Mixed Platforms = Template|Mixed Platforms
		Template|Win32 = Template|Win32
		Template|x86 = Template|x86
		Testing|Any CPU = Testing|Any CPU
		Testing|Mixed Platforms = Testing|Mixed Platforms
		Testing|Win32 = Testing|Win32
		Testing|x86 = Testing|x86
	EndGlobalSection
	GlobalSection(ProjectConfigurationPlatforms) = postSolution
		{40DE51C9-1848-4897-93C6-78CF24C33516}.Debug|Any CPU.ActiveCfg = Debug|Any CPU
		{40DE51C9-1848-4897-93C6-78CF24C33516}.Debug|Any CPU.Build.0 = Debug|Any CPU
		{40DE51C9-1848-4897-93C6-78CF24C33516}.Debug|Mixed Platforms.ActiveCfg = Debug|Any CPU
		{40DE51C9-1848-4897-93C6-78CF24C33516}.Debug|Mixed Platforms.Build.0 = Debug|Any CPU
		{40DE51C9-1848-4897-93C6-78CF24C33516}.Debug|Win32.ActiveCfg = Debug|Any CPU
		{40DE51C9-1848-4897-93C6-78CF24C33516}.Debug|x86.ActiveCfg = Debug|Any CPU
		{40DE51C9-1848-4897-93C6-78CF24C33516}.Release|Any CPU.ActiveCfg = Release|Any CPU
		{40DE51C9-1848-4897-93C6-78CF24C33516}.Release|Any CPU.Build.0 = Release|Any CPU
		{40DE51C9-1848-4897-93C6-78CF24C33516}.Release|Mixed Platforms.ActiveCfg = Release|Any CPU
		{40DE51C9-1848-4897-93C6-78CF24C33516}.Release|Mixed Platforms.Build.0 = Release|Any CPU
		{40DE51C9-1848-4897-93C6-78CF24C33516}.Release|Win32.ActiveCfg = Release|Any CPU
		{40DE51C9-1848-4897-93C6-78CF24C33516}.Release|x86.ActiveCfg = Release|Any CPU
		{40DE51C9-1848-4897-93C6-78CF24C33516}.Template|Any CPU.ActiveCfg = Release|Any CPU
		{40DE51C9-1848-4897-93C6-78CF24C33516}.Template|Any CPU.Build.0 = Release|Any CPU
		{40DE51C9-1848-4897-93C6-78CF24C33516}.Template|Mixed Platforms.ActiveCfg = Release|Any CPU
		{40DE51C9-1848-4897-93C6-78CF24C33516}.Template|Mixed Platforms.Build.0 = Release|Any CPU
		{40DE51C9-1848-4897-93C6-78CF24C33516}.Template|Win32.ActiveCfg = Release|Any CPU
		{40DE51C9-1848-4897-93C6-78CF24C33516}.Template|x86.ActiveCfg = Release|Any CPU
		{40DE51C9-1848-4897-93C6-78CF24C33516}.Testing|Any CPU.ActiveCfg = Release|Any CPU
		{40DE51C9-1848-4897-93C6-78CF24C33516}.Testing|Any CPU.Build.0 = Release|Any CPU
		{40DE51C9-1848-4897-93C6-78CF24C33516}.Testing|Mixed Platforms.ActiveCfg = Release|Any CPU
		{40DE51C9-1848-4897-93C6-78CF24C33516}.Testing|Mixed Platforms.Build.0 = Release|Any CPU
		{40DE51C9-1848-4897-93C6-78CF24C33516}.Testing|Win32.ActiveCfg = Release|Any CPU
		{40DE51C9-1848-4897-93C6-78CF24C33516}.Testing|x86.ActiveCfg = Release|Any CPU
		{D67DD428-C6B8-48F7-8F9F-24B7A8CE791A}.Debug|Any CPU.ActiveCfg = Debug|Any CPU
		{D67DD428-C6B8-48F7-8F9F-24B7A8CE791A}.Debug|Any CPU.Build.0 = Debug|Any CPU
		{D67DD428-C6B8-48F7-8F9F-24B7A8CE791A}.Debug|Any CPU.Deploy.0 = Debug|Any CPU
		{D67DD428-C6B8-48F7-8F9F-24B7A8CE791A}.Debug|Mixed Platforms.ActiveCfg = Debug|Any CPU
		{D67DD428-C6B8-48F7-8F9F-24B7A8CE791A}.Debug|Mixed Platforms.Build.0 = Debug|Any CPU
		{D67DD428-C6B8-48F7-8F9F-24B7A8CE791A}.Debug|Mixed Platforms.Deploy.0 = Debug|Any CPU
		{D67DD428-C6B8-48F7-8F9F-24B7A8CE791A}.Debug|Win32.ActiveCfg = Debug|Any CPU
		{D67DD428-C6B8-48F7-8F9F-24B7A8CE791A}.Debug|x86.ActiveCfg = Debug|Any CPU
		{D67DD428-C6B8-48F7-8F9F-24B7A8CE791A}.Release|Any CPU.ActiveCfg = Release|Any CPU
		{D67DD428-C6B8-48F7-8F9F-24B7A8CE791A}.Release|Any CPU.Build.0 = Release|Any CPU
		{D67DD428-C6B8-48F7-8F9F-24B7A8CE791A}.Release|Any CPU.Deploy.0 = Release|Any CPU
		{D67DD428-C6B8-48F7-8F9F-24B7A8CE791A}.Release|Mixed Platforms.ActiveCfg = Release|Any CPU
		{D67DD428-C6B8-48F7-8F9F-24B7A8CE791A}.Release|Mixed Platforms.Build.0 = Release|Any CPU
		{D67DD428-C6B8-48F7-8F9F-24B7A8CE791A}.Release|Mixed Platforms.Deploy.0 = Release|Any CPU
		{D67DD428-C6B8-48F7-8F9F-24B7A8CE791A}.Release|Win32.ActiveCfg = Release|Any CPU
		{D67DD428-C6B8-48F7-8F9F-24B7A8CE791A}.Release|x86.ActiveCfg = Release|Any CPU
		{D67DD428-C6B8-48F7-8F9F-24B7A8CE791A}.Template|Any CPU.ActiveCfg = Release|Any CPU
		{D67DD428-C6B8-48F7-8F9F-24B7A8CE791A}.Template|Any CPU.Build.0 = Release|Any CPU
		{D67DD428-C6B8-48F7-8F9F-24B7A8CE791A}.Template|Any CPU.Deploy.0 = Release|Any CPU
		{D67DD428-C6B8-48F7-8F9F-24B7A8CE791A}.Template|Mixed Platforms.ActiveCfg = Release|Any CPU
		{D67DD428-C6B8-48F7-8F9F-24B7A8CE791A}.Template|Mixed Platforms.Build.0 = Release|Any CPU
		{D67DD428-C6B8-48F7-8F9F-24B7A8CE791A}.Template|Mixed Platforms.Deploy.0 = Release|Any CPU
		{D67DD428-C6B8-48F7-8F9F-24B7A8CE791A}.Template|Win32.ActiveCfg = Release|Any CPU
		{D67DD428-C6B8-48F7-8F9F-24B7A8CE791A}.Template|x86.ActiveCfg = Release|Any CPU
		{D67DD428-C6B8-48F7-8F9F-24B7A8CE791A}.Testing|Any CPU.ActiveCfg = Release|Any CPU
		{D67DD428-C6B8-48F7-8F9F-24B7A8CE791A}.Testing|Any CPU.Build.0 = Release|Any CPU
		{D67DD428-C6B8-48F7-8F9F-24B7A8CE791A}.Testing|Any CPU.Deploy.0 = Release|Any CPU
		{D67DD428-C6B8-48F7-8F9F-24B7A8CE791A}.Testing|Mixed Platforms.ActiveCfg = Release|Any CPU
		{D67DD428-C6B8-48F7-8F9F-24B7A8CE791A}.Testing|Mixed Platforms.Build.0 = Release|Any CPU
		{D67DD428-C6B8-48F7-8F9F-24B7A8CE791A}.Testing|Mixed Platforms.Deploy.0 = Release|Any CPU
		{D67DD428-C6B8-48F7-8F9F-24B7A8CE791A}.Testing|Win32.ActiveCfg = Release|Any CPU
		{D67DD428-C6B8-48F7-8F9F-24B7A8CE791A}.Testing|x86.ActiveCfg = Release|Any CPU
		{8835923D-CBBD-4664-A679-63538A3F33D1}.Debug|Any CPU.ActiveCfg = Debug|Any CPU
		{8835923D-CBBD-4664-A679-63538A3F33D1}.Debug|Any CPU.Build.0 = Debug|Any CPU
		{8835923D-CBBD-4664-A679-63538A3F33D1}.Debug|Mixed Platforms.ActiveCfg = Debug|Any CPU
		{8835923D-CBBD-4664-A679-63538A3F33D1}.Debug|Mixed Platforms.Build.0 = Debug|Any CPU
		{8835923D-CBBD-4664-A679-63538A3F33D1}.Debug|Win32.ActiveCfg = Debug|Any CPU
		{8835923D-CBBD-4664-A679-63538A3F33D1}.Debug|x86.ActiveCfg = Debug|Any CPU
		{8835923D-CBBD-4664-A679-63538A3F33D1}.Release|Any CPU.ActiveCfg = Release|Any CPU
		{8835923D-CBBD-4664-A679-63538A3F33D1}.Release|Any CPU.Build.0 = Release|Any CPU
		{8835923D-CBBD-4664-A679-63538A3F33D1}.Release|Mixed Platforms.ActiveCfg = Release|Any CPU
		{8835923D-CBBD-4664-A679-63538A3F33D1}.Release|Mixed Platforms.Build.0 = Release|Any CPU
		{8835923D-CBBD-4664-A679-63538A3F33D1}.Release|Win32.ActiveCfg = Release|Any CPU
		{8835923D-CBBD-4664-A679-63538A3F33D1}.Release|x86.ActiveCfg = Release|Any CPU
		{8835923D-CBBD-4664-A679-63538A3F33D1}.Template|Any CPU.ActiveCfg = Release|Any CPU
		{8835923D-CBBD-4664-A679-63538A3F33D1}.Template|Any CPU.Build.0 = Release|Any CPU
		{8835923D-CBBD-4664-A679-63538A3F33D1}.Template|Mixed Platforms.ActiveCfg = Release|Any CPU
		{8835923D-CBBD-4664-A679-63538A3F33D1}.Template|Mixed Platforms.Build.0 = Release|Any CPU
		{8835923D-CBBD-4664-A679-63538A3F33D1}.Template|Win32.ActiveCfg = Release|Any CPU
		{8835923D-CBBD-4664-A679-63538A3F33D1}.Template|x86.ActiveCfg = Release|Any CPU
		{8835923D-CBBD-4664-A679-63538A3F33D1}.Testing|Any CPU.ActiveCfg = Release|Any CPU
		{8835923D-CBBD-4664-A679-63538A3F33D1}.Testing|Any CPU.Build.0 = Release|Any CPU
		{8835923D-CBBD-4664-A679-63538A3F33D1}.Testing|Mixed Platforms.ActiveCfg = Release|Any CPU
		{8835923D-CBBD-4664-A679-63538A3F33D1}.Testing|Mixed Platforms.Build.0 = Release|Any CPU
		{8835923D-CBBD-4664-A679-63538A3F33D1}.Testing|Win32.ActiveCfg = Release|Any CPU
		{8835923D-CBBD-4664-A679-63538A3F33D1}.Testing|x86.ActiveCfg = Release|Any CPU
		{2DBB0A41-9ED7-4B76-8473-F93BAC5B951D}.Debug|Any CPU.ActiveCfg = Debug|Any CPU
		{2DBB0A41-9ED7-4B76-8473-F93BAC5B951D}.Debug|Any CPU.Build.0 = Debug|Any CPU
		{2DBB0A41-9ED7-4B76-8473-F93BAC5B951D}.Debug|Mixed Platforms.ActiveCfg = Debug|Any CPU
		{2DBB0A41-9ED7-4B76-8473-F93BAC5B951D}.Debug|Mixed Platforms.Build.0 = Debug|Any CPU
		{2DBB0A41-9ED7-4B76-8473-F93BAC5B951D}.Debug|Win32.ActiveCfg = Debug|Any CPU
		{2DBB0A41-9ED7-4B76-8473-F93BAC5B951D}.Debug|x86.ActiveCfg = Debug|x86
		{2DBB0A41-9ED7-4B76-8473-F93BAC5B951D}.Debug|x86.Build.0 = Debug|x86
		{2DBB0A41-9ED7-4B76-8473-F93BAC5B951D}.Release|Any CPU.ActiveCfg = Release|Any CPU
		{2DBB0A41-9ED7-4B76-8473-F93BAC5B951D}.Release|Any CPU.Build.0 = Release|Any CPU
		{2DBB0A41-9ED7-4B76-8473-F93BAC5B951D}.Release|Mixed Platforms.ActiveCfg = Release|Any CPU
		{2DBB0A41-9ED7-4B76-8473-F93BAC5B951D}.Release|Mixed Platforms.Build.0 = Release|Any CPU
		{2DBB0A41-9ED7-4B76-8473-F93BAC5B951D}.Release|Win32.ActiveCfg = Release|Any CPU
		{2DBB0A41-9ED7-4B76-8473-F93BAC5B951D}.Release|x86.ActiveCfg = Release|x86
		{2DBB0A41-9ED7-4B76-8473-F93BAC5B951D}.Release|x86.Build.0 = Release|x86
		{2DBB0A41-9ED7-4B76-8473-F93BAC5B951D}.Template|Any CPU.ActiveCfg = Release|Any CPU
		{2DBB0A41-9ED7-4B76-8473-F93BAC5B951D}.Template|Any CPU.Build.0 = Release|Any CPU
		{2DBB0A41-9ED7-4B76-8473-F93BAC5B951D}.Template|Mixed Platforms.ActiveCfg = Release|Any CPU
		{2DBB0A41-9ED7-4B76-8473-F93BAC5B951D}.Template|Mixed Platforms.Build.0 = Release|Any CPU
		{2DBB0A41-9ED7-4B76-8473-F93BAC5B951D}.Template|Win32.ActiveCfg = Release|Any CPU
		{2DBB0A41-9ED7-4B76-8473-F93BAC5B951D}.Template|x86.ActiveCfg = Release|Any CPU
		{2DBB0A41-9ED7-4B76-8473-F93BAC5B951D}.Testing|Any CPU.ActiveCfg = Release|Any CPU
		{2DBB0A41-9ED7-4B76-8473-F93BAC5B951D}.Testing|Any CPU.Build.0 = Release|Any CPU
		{2DBB0A41-9ED7-4B76-8473-F93BAC5B951D}.Testing|Mixed Platforms.ActiveCfg = Release|Any CPU
		{2DBB0A41-9ED7-4B76-8473-F93BAC5B951D}.Testing|Mixed Platforms.Build.0 = Release|Any CPU
		{2DBB0A41-9ED7-4B76-8473-F93BAC5B951D}.Testing|Win32.ActiveCfg = Release|Any CPU
		{2DBB0A41-9ED7-4B76-8473-F93BAC5B951D}.Testing|x86.ActiveCfg = Release|Any CPU
		{7D13E5A5-B925-409C-8446-9E7A6128C8E8}.Debug|Any CPU.ActiveCfg = Debug|Any CPU
		{7D13E5A5-B925-409C-8446-9E7A6128C8E8}.Debug|Any CPU.Build.0 = Debug|Any CPU
		{7D13E5A5-B925-409C-8446-9E7A6128C8E8}.Debug|Any CPU.Deploy.0 = Debug|Any CPU
		{7D13E5A5-B925-409C-8446-9E7A6128C8E8}.Debug|Mixed Platforms.ActiveCfg = Debug|Any CPU
		{7D13E5A5-B925-409C-8446-9E7A6128C8E8}.Debug|Mixed Platforms.Build.0 = Debug|Any CPU
		{7D13E5A5-B925-409C-8446-9E7A6128C8E8}.Debug|Mixed Platforms.Deploy.0 = Debug|Any CPU
		{7D13E5A5-B925-409C-8446-9E7A6128C8E8}.Debug|Win32.ActiveCfg = Debug|Any CPU
		{7D13E5A5-B925-409C-8446-9E7A6128C8E8}.Debug|x86.ActiveCfg = Debug|Any CPU
		{7D13E5A5-B925-409C-8446-9E7A6128C8E8}.Release|Any CPU.ActiveCfg = Release|Any CPU
		{7D13E5A5-B925-409C-8446-9E7A6128C8E8}.Release|Any CPU.Build.0 = Release|Any CPU
		{7D13E5A5-B925-409C-8446-9E7A6128C8E8}.Release|Any CPU.Deploy.0 = Release|Any CPU
		{7D13E5A5-B925-409C-8446-9E7A6128C8E8}.Release|Mixed Platforms.ActiveCfg = Release|Any CPU
		{7D13E5A5-B925-409C-8446-9E7A6128C8E8}.Release|Mixed Platforms.Build.0 = Release|Any CPU
		{7D13E5A5-B925-409C-8446-9E7A6128C8E8}.Release|Mixed Platforms.Deploy.0 = Release|Any CPU
		{7D13E5A5-B925-409C-8446-9E7A6128C8E8}.Release|Win32.ActiveCfg = Release|Any CPU
		{7D13E5A5-B925-409C-8446-9E7A6128C8E8}.Release|x86.ActiveCfg = Release|Any CPU
		{7D13E5A5-B925-409C-8446-9E7A6128C8E8}.Template|Any CPU.ActiveCfg = Release|Any CPU
		{7D13E5A5-B925-409C-8446-9E7A6128C8E8}.Template|Any CPU.Build.0 = Release|Any CPU
		{7D13E5A5-B925-409C-8446-9E7A6128C8E8}.Template|Any CPU.Deploy.0 = Release|Any CPU
		{7D13E5A5-B925-409C-8446-9E7A6128C8E8}.Template|Mixed Platforms.ActiveCfg = Release|Any CPU
		{7D13E5A5-B925-409C-8446-9E7A6128C8E8}.Template|Mixed Platforms.Build.0 = Release|Any CPU
		{7D13E5A5-B925-409C-8446-9E7A6128C8E8}.Template|Mixed Platforms.Deploy.0 = Release|Any CPU
		{7D13E5A5-B925-409C-8446-9E7A6128C8E8}.Template|Win32.ActiveCfg = Release|Any CPU
		{7D13E5A5-B925-409C-8446-9E7A6128C8E8}.Template|x86.ActiveCfg = Release|Any CPU
		{7D13E5A5-B925-409C-8446-9E7A6128C8E8}.Testing|Any CPU.ActiveCfg = Release|Any CPU
		{7D13E5A5-B925-409C-8446-9E7A6128C8E8}.Testing|Any CPU.Build.0 = Release|Any CPU
		{7D13E5A5-B925-409C-8446-9E7A6128C8E8}.Testing|Any CPU.Deploy.0 = Release|Any CPU
		{7D13E5A5-B925-409C-8446-9E7A6128C8E8}.Testing|Mixed Platforms.ActiveCfg = Release|Any CPU
		{7D13E5A5-B925-409C-8446-9E7A6128C8E8}.Testing|Mixed Platforms.Build.0 = Release|Any CPU
		{7D13E5A5-B925-409C-8446-9E7A6128C8E8}.Testing|Mixed Platforms.Deploy.0 = Release|Any CPU
		{7D13E5A5-B925-409C-8446-9E7A6128C8E8}.Testing|Win32.ActiveCfg = Release|Any CPU
		{7D13E5A5-B925-409C-8446-9E7A6128C8E8}.Testing|x86.ActiveCfg = Release|Any CPU
		{38FA3088-8446-46EB-8DA4-982C8D5E70AE}.Debug|Any CPU.ActiveCfg = Debug|Any CPU
		{38FA3088-8446-46EB-8DA4-982C8D5E70AE}.Debug|Any CPU.Build.0 = Debug|Any CPU
		{38FA3088-8446-46EB-8DA4-982C8D5E70AE}.Debug|Any CPU.Deploy.0 = Debug|Any CPU
		{38FA3088-8446-46EB-8DA4-982C8D5E70AE}.Debug|Mixed Platforms.ActiveCfg = Debug|Any CPU
		{38FA3088-8446-46EB-8DA4-982C8D5E70AE}.Debug|Mixed Platforms.Build.0 = Debug|Any CPU
		{38FA3088-8446-46EB-8DA4-982C8D5E70AE}.Debug|Mixed Platforms.Deploy.0 = Debug|Any CPU
		{38FA3088-8446-46EB-8DA4-982C8D5E70AE}.Debug|Win32.ActiveCfg = Debug|Any CPU
		{38FA3088-8446-46EB-8DA4-982C8D5E70AE}.Debug|x86.ActiveCfg = Debug|Any CPU
		{38FA3088-8446-46EB-8DA4-982C8D5E70AE}.Release|Any CPU.ActiveCfg = Release|Any CPU
		{38FA3088-8446-46EB-8DA4-982C8D5E70AE}.Release|Any CPU.Build.0 = Release|Any CPU
		{38FA3088-8446-46EB-8DA4-982C8D5E70AE}.Release|Any CPU.Deploy.0 = Release|Any CPU
		{38FA3088-8446-46EB-8DA4-982C8D5E70AE}.Release|Mixed Platforms.ActiveCfg = Release|Any CPU
		{38FA3088-8446-46EB-8DA4-982C8D5E70AE}.Release|Mixed Platforms.Build.0 = Release|Any CPU
		{38FA3088-8446-46EB-8DA4-982C8D5E70AE}.Release|Mixed Platforms.Deploy.0 = Release|Any CPU
		{38FA3088-8446-46EB-8DA4-982C8D5E70AE}.Release|Win32.ActiveCfg = Release|Any CPU
		{38FA3088-8446-46EB-8DA4-982C8D5E70AE}.Release|x86.ActiveCfg = Release|Any CPU
		{38FA3088-8446-46EB-8DA4-982C8D5E70AE}.Template|Any CPU.ActiveCfg = Release|Any CPU
		{38FA3088-8446-46EB-8DA4-982C8D5E70AE}.Template|Any CPU.Build.0 = Release|Any CPU
		{38FA3088-8446-46EB-8DA4-982C8D5E70AE}.Template|Any CPU.Deploy.0 = Release|Any CPU
		{38FA3088-8446-46EB-8DA4-982C8D5E70AE}.Template|Mixed Platforms.ActiveCfg = Release|Any CPU
		{38FA3088-8446-46EB-8DA4-982C8D5E70AE}.Template|Mixed Platforms.Build.0 = Release|Any CPU
		{38FA3088-8446-46EB-8DA4-982C8D5E70AE}.Template|Mixed Platforms.Deploy.0 = Release|Any CPU
		{38FA3088-8446-46EB-8DA4-982C8D5E70AE}.Template|Win32.ActiveCfg = Release|Any CPU
		{38FA3088-8446-46EB-8DA4-982C8D5E70AE}.Template|x86.ActiveCfg = Release|Any CPU
		{38FA3088-8446-46EB-8DA4-982C8D5E70AE}.Testing|Any CPU.ActiveCfg = Release|Any CPU
		{38FA3088-8446-46EB-8DA4-982C8D5E70AE}.Testing|Any CPU.Build.0 = Release|Any CPU
		{38FA3088-8446-46EB-8DA4-982C8D5E70AE}.Testing|Any CPU.Deploy.0 = Release|Any CPU
		{38FA3088-8446-46EB-8DA4-982C8D5E70AE}.Testing|Mixed Platforms.ActiveCfg = Release|Any CPU
		{38FA3088-8446-46EB-8DA4-982C8D5E70AE}.Testing|Mixed Platforms.Build.0 = Release|Any CPU
		{38FA3088-8446-46EB-8DA4-982C8D5E70AE}.Testing|Mixed Platforms.Deploy.0 = Release|Any CPU
		{38FA3088-8446-46EB-8DA4-982C8D5E70AE}.Testing|Win32.ActiveCfg = Release|Any CPU
		{38FA3088-8446-46EB-8DA4-982C8D5E70AE}.Testing|x86.ActiveCfg = Release|Any CPU
		{E54B6EC5-AE8C-4CFC-AF7C-C7B3F02B9998}.Debug|Any CPU.ActiveCfg = Debug|x86
		{E54B6EC5-AE8C-4CFC-AF7C-C7B3F02B9998}.Debug|Mixed Platforms.ActiveCfg = Debug|x86
		{E54B6EC5-AE8C-4CFC-AF7C-C7B3F02B9998}.Debug|Mixed Platforms.Build.0 = Debug|x86
		{E54B6EC5-AE8C-4CFC-AF7C-C7B3F02B9998}.Debug|Win32.ActiveCfg = Debug|x86
		{E54B6EC5-AE8C-4CFC-AF7C-C7B3F02B9998}.Debug|x86.ActiveCfg = Debug|x86
		{E54B6EC5-AE8C-4CFC-AF7C-C7B3F02B9998}.Debug|x86.Build.0 = Debug|x86
		{E54B6EC5-AE8C-4CFC-AF7C-C7B3F02B9998}.Release|Any CPU.ActiveCfg = Release|x86
		{E54B6EC5-AE8C-4CFC-AF7C-C7B3F02B9998}.Release|Mixed Platforms.ActiveCfg = Release|x86
		{E54B6EC5-AE8C-4CFC-AF7C-C7B3F02B9998}.Release|Mixed Platforms.Build.0 = Release|x86
		{E54B6EC5-AE8C-4CFC-AF7C-C7B3F02B9998}.Release|Win32.ActiveCfg = Release|x86
		{E54B6EC5-AE8C-4CFC-AF7C-C7B3F02B9998}.Release|x86.ActiveCfg = Release|x86
		{E54B6EC5-AE8C-4CFC-AF7C-C7B3F02B9998}.Release|x86.Build.0 = Release|x86
		{E54B6EC5-AE8C-4CFC-AF7C-C7B3F02B9998}.Template|Any CPU.ActiveCfg = Release|x86
		{E54B6EC5-AE8C-4CFC-AF7C-C7B3F02B9998}.Template|Mixed Platforms.ActiveCfg = Release|x86
		{E54B6EC5-AE8C-4CFC-AF7C-C7B3F02B9998}.Template|Mixed Platforms.Build.0 = Release|x86
		{E54B6EC5-AE8C-4CFC-AF7C-C7B3F02B9998}.Template|Win32.ActiveCfg = Release|x86
		{E54B6EC5-AE8C-4CFC-AF7C-C7B3F02B9998}.Template|x86.ActiveCfg = Release|x86
		{E54B6EC5-AE8C-4CFC-AF7C-C7B3F02B9998}.Template|x86.Build.0 = Release|x86
		{E54B6EC5-AE8C-4CFC-AF7C-C7B3F02B9998}.Testing|Any CPU.ActiveCfg = Release|x86
		{E54B6EC5-AE8C-4CFC-AF7C-C7B3F02B9998}.Testing|Mixed Platforms.ActiveCfg = Release|x86
		{E54B6EC5-AE8C-4CFC-AF7C-C7B3F02B9998}.Testing|Mixed Platforms.Build.0 = Release|x86
		{E54B6EC5-AE8C-4CFC-AF7C-C7B3F02B9998}.Testing|Win32.ActiveCfg = Release|x86
		{E54B6EC5-AE8C-4CFC-AF7C-C7B3F02B9998}.Testing|x86.ActiveCfg = Release|x86
		{E54B6EC5-AE8C-4CFC-AF7C-C7B3F02B9998}.Testing|x86.Build.0 = Release|x86
		{E2701E73-4D37-477B-8359-5614136DFA09}.Debug|Any CPU.ActiveCfg = Debug|Any CPU
		{E2701E73-4D37-477B-8359-5614136DFA09}.Debug|Any CPU.Build.0 = Debug|Any CPU
		{E2701E73-4D37-477B-8359-5614136DFA09}.Debug|Mixed Platforms.ActiveCfg = Debug|Any CPU
		{E2701E73-4D37-477B-8359-5614136DFA09}.Debug|Mixed Platforms.Build.0 = Debug|Any CPU
		{E2701E73-4D37-477B-8359-5614136DFA09}.Debug|Win32.ActiveCfg = Debug|Any CPU
		{E2701E73-4D37-477B-8359-5614136DFA09}.Debug|x86.ActiveCfg = Debug|Any CPU
		{E2701E73-4D37-477B-8359-5614136DFA09}.Release|Any CPU.ActiveCfg = Release|Any CPU
		{E2701E73-4D37-477B-8359-5614136DFA09}.Release|Any CPU.Build.0 = Release|Any CPU
		{E2701E73-4D37-477B-8359-5614136DFA09}.Release|Mixed Platforms.ActiveCfg = Release|Any CPU
		{E2701E73-4D37-477B-8359-5614136DFA09}.Release|Mixed Platforms.Build.0 = Release|Any CPU
		{E2701E73-4D37-477B-8359-5614136DFA09}.Release|Win32.ActiveCfg = Release|Any CPU
		{E2701E73-4D37-477B-8359-5614136DFA09}.Release|x86.ActiveCfg = Release|Any CPU
		{E2701E73-4D37-477B-8359-5614136DFA09}.Template|Any CPU.ActiveCfg = Release|Any CPU
		{E2701E73-4D37-477B-8359-5614136DFA09}.Template|Any CPU.Build.0 = Release|Any CPU
		{E2701E73-4D37-477B-8359-5614136DFA09}.Template|Mixed Platforms.ActiveCfg = Release|Any CPU
		{E2701E73-4D37-477B-8359-5614136DFA09}.Template|Mixed Platforms.Build.0 = Release|Any CPU
		{E2701E73-4D37-477B-8359-5614136DFA09}.Template|Win32.ActiveCfg = Release|Any CPU
		{E2701E73-4D37-477B-8359-5614136DFA09}.Template|x86.ActiveCfg = Release|Any CPU
		{E2701E73-4D37-477B-8359-5614136DFA09}.Testing|Any CPU.ActiveCfg = Release|Any CPU
		{E2701E73-4D37-477B-8359-5614136DFA09}.Testing|Any CPU.Build.0 = Release|Any CPU
		{E2701E73-4D37-477B-8359-5614136DFA09}.Testing|Mixed Platforms.ActiveCfg = Release|Any CPU
		{E2701E73-4D37-477B-8359-5614136DFA09}.Testing|Mixed Platforms.Build.0 = Release|Any CPU
		{E2701E73-4D37-477B-8359-5614136DFA09}.Testing|Win32.ActiveCfg = Release|Any CPU
		{E2701E73-4D37-477B-8359-5614136DFA09}.Testing|x86.ActiveCfg = Release|Any CPU
		{B60D001D-11E3-4239-8A10-1CB215ED41AF}.Debug|Any CPU.ActiveCfg = Debug|x86
		{B60D001D-11E3-4239-8A10-1CB215ED41AF}.Debug|Mixed Platforms.ActiveCfg = Debug|x86
		{B60D001D-11E3-4239-8A10-1CB215ED41AF}.Debug|Mixed Platforms.Build.0 = Debug|x86
		{B60D001D-11E3-4239-8A10-1CB215ED41AF}.Debug|Win32.ActiveCfg = Debug|x86
		{B60D001D-11E3-4239-8A10-1CB215ED41AF}.Debug|x86.ActiveCfg = Debug|x86
		{B60D001D-11E3-4239-8A10-1CB215ED41AF}.Debug|x86.Build.0 = Debug|x86
		{B60D001D-11E3-4239-8A10-1CB215ED41AF}.Release|Any CPU.ActiveCfg = Release|x86
		{B60D001D-11E3-4239-8A10-1CB215ED41AF}.Release|Mixed Platforms.ActiveCfg = Release|x86
		{B60D001D-11E3-4239-8A10-1CB215ED41AF}.Release|Mixed Platforms.Build.0 = Release|x86
		{B60D001D-11E3-4239-8A10-1CB215ED41AF}.Release|Win32.ActiveCfg = Release|x86
		{B60D001D-11E3-4239-8A10-1CB215ED41AF}.Release|x86.ActiveCfg = Release|x86
		{B60D001D-11E3-4239-8A10-1CB215ED41AF}.Release|x86.Build.0 = Release|x86
		{B60D001D-11E3-4239-8A10-1CB215ED41AF}.Template|Any CPU.ActiveCfg = Release|x86
		{B60D001D-11E3-4239-8A10-1CB215ED41AF}.Template|Mixed Platforms.ActiveCfg = Release|x86
		{B60D001D-11E3-4239-8A10-1CB215ED41AF}.Template|Mixed Platforms.Build.0 = Release|x86
		{B60D001D-11E3-4239-8A10-1CB215ED41AF}.Template|Win32.ActiveCfg = Release|x86
		{B60D001D-11E3-4239-8A10-1CB215ED41AF}.Template|x86.ActiveCfg = Release|x86
		{B60D001D-11E3-4239-8A10-1CB215ED41AF}.Template|x86.Build.0 = Release|x86
		{B60D001D-11E3-4239-8A10-1CB215ED41AF}.Testing|Any CPU.ActiveCfg = Release|x86
		{B60D001D-11E3-4239-8A10-1CB215ED41AF}.Testing|Mixed Platforms.ActiveCfg = Release|x86
		{B60D001D-11E3-4239-8A10-1CB215ED41AF}.Testing|Mixed Platforms.Build.0 = Release|x86
		{B60D001D-11E3-4239-8A10-1CB215ED41AF}.Testing|Win32.ActiveCfg = Release|x86
		{B60D001D-11E3-4239-8A10-1CB215ED41AF}.Testing|x86.ActiveCfg = Release|x86
		{B60D001D-11E3-4239-8A10-1CB215ED41AF}.Testing|x86.Build.0 = Release|x86
	EndGlobalSection
	GlobalSection(SolutionProperties) = preSolution
		HideSolutionNode = FALSE
	EndGlobalSection
	GlobalSection(NestedProjects) = preSolution
		{D67DD428-C6B8-48F7-8F9F-24B7A8CE791A} = {7E89F55E-8C59-4953-A271-1B3C038B42BF}
		{8835923D-CBBD-4664-A679-63538A3F33D1} = {7E89F55E-8C59-4953-A271-1B3C038B42BF}
		{2DBB0A41-9ED7-4B76-8473-F93BAC5B951D} = {7E89F55E-8C59-4953-A271-1B3C038B42BF}
		{7D13E5A5-B925-409C-8446-9E7A6128C8E8} = {7E89F55E-8C59-4953-A271-1B3C038B42BF}
		{38FA3088-8446-46EB-8DA4-982C8D5E70AE} = {7E89F55E-8C59-4953-A271-1B3C038B42BF}
		{40DE51C9-1848-4897-93C6-78CF24C33516} = {A744F9F8-0CA1-48ED-A18C-EB985FF1255E}
		{E2701E73-4D37-477B-8359-5614136DFA09} = {A744F9F8-0CA1-48ED-A18C-EB985FF1255E}
	EndGlobalSection
EndGlobal
