
Microsoft Visual Studio Solution File, Format Version 12.00
# Visual Studio Version 17
VisualStudioVersion = 17.0.31717.71
MinimumVisualStudioVersion = 10.0.40219.1
Project("{2150E333-8FDC-42A3-9474-1A3956D46DE8}") = ".paket", ".paket", "{4DF993B8-9652-4A64-90ED-F7DD699DEC01}"
	ProjectSection(SolutionItems) = preProject
		..\..\paket.dependencies = ..\..\paket.dependencies
	EndProjectSection
EndProject
Project("{FAE04EC0-301F-11D3-BF4B-00C04F79EFBC}") = "DashboardCreator", "DashboardCreator\Core\Code\DashboardCreator.csproj", "{7B6002E2-E014-4698-8D8C-A9E4C90D61A9}"
EndProject
Project("{FAE04EC0-301F-11D3-BF4B-00C04F79EFBC}") = "Extract.DashboardViewer", "DashboardViewer\Core\Code\Extract.DashboardViewer.csproj", "{0F57183A-2B8F-4C7E-8613-EA88B33F65A8}"
EndProject
Project("{2150E333-8FDC-42A3-9474-1A3956D46DE8}") = "Dependencies", "Dependencies", "{134F692E-EA89-4C72-883E-C2727EAE1ACF}"
EndProject
Project("{FAE04EC0-301F-11D3-BF4B-00C04F79EFBC}") = "Extract", "..\Core\Code\Extract.csproj", "{7C37B0FB-81B8-4AA2-BC14-B21028C7AB9F}"
EndProject
Project("{8BC9CEB8-8B4A-11D0-8D11-00A0C91BC942}") = "Extract.Licensing", "..\Licensing\Core\Code\Extract.Licensing.vcxproj", "{212E31D9-5F02-43AA-8625-BCB86B15CF8F}"
EndProject
Project("{9A19103F-16F7-4668-BE54-9A1E7A4F7556}") = "Extract.Utilities", "..\Utilities\Core\Code\Extract.Utilities.csproj", "{0D4AD6D3-B177-4E6D-BA6D-D8E0F42FC653}"
EndProject
Project("{FAE04EC0-301F-11D3-BF4B-00C04F79EFBC}") = "Extract.Interop", "..\Interop\Core\Code\Extract.Interop.csproj", "{4F37507C-6CE8-4C68-A54B-EFCCE96A99EA}"
EndProject
Project("{FAE04EC0-301F-11D3-BF4B-00C04F79EFBC}") = "Extract.Code.Attributes", "..\ExtractCodeAttributes\Core\Code\Extract.Code.Attributes.csproj", "{9CA28A56-27B0-4F3A-BD61-970B3DE2A793}"
EndProject
Project("{9A19103F-16F7-4668-BE54-9A1E7A4F7556}") = "Extract.Interfaces", "..\Interfaces\Core\Code\Extract.Interfaces.csproj", "{8267221B-52C3-490B-A98F-7A51EBEB2A2B}"
EndProject
Project("{8BC9CEB8-8B4A-11D0-8D11-00A0C91BC942}") = "Extract.Encryption", "..\Encryption\Core\Code\Extract.Encryption.vcxproj", "{C79815C7-A80A-41AA-AB02-F6AC83EFA579}"
EndProject
Project("{FAE04EC0-301F-11D3-BF4B-00C04F79EFBC}") = "Extract.Dashboard.Utilities", "Utilities\Core\Code\Extract.Dashboard.Utilities.csproj", "{A59882B1-AF28-4892-A990-BC6E6F7BC12D}"
EndProject
Project("{FAE04EC0-301F-11D3-BF4B-00C04F79EFBC}") = "Extract.Dashboard.Forms", "Forms\Core\Code\Extract.Dashboard.Forms.csproj", "{D53A71CF-51A4-45F3-9644-FED8FAF49D3C}"
EndProject
Project("{9A19103F-16F7-4668-BE54-9A1E7A4F7556}") = "Extract.AttributeFinder", "..\AttributeFinder\Core\Code\Extract.AttributeFinder.csproj", "{6DD0855C-6031-49F4-874C-667F3A576345}"
EndProject
Project("{FAE04EC0-301F-11D3-BF4B-00C04F79EFBC}") = "Extract.Drawing", "..\Drawing\Core\Code\Extract.Drawing.csproj", "{865B9A25-1D27-4445-9CC7-7BF88D736BA8}"
EndProject
Project("{9A19103F-16F7-4668-BE54-9A1E7A4F7556}") = "Extract.Imaging", "..\Imaging\Core\Code\Extract.Imaging.csproj", "{B2D07DE4-9192-4531-8854-DE03CE9B0B57}"
EndProject
Project("{FAE04EC0-301F-11D3-BF4B-00C04F79EFBC}") = "Extract.Imaging.Forms", "..\Imaging\Forms\Core\Code\Extract.Imaging.Forms.csproj", "{9D9996E1-50BE-4506-B4A6-08F6B9D3F839}"
EndProject
Project("{8BC9CEB8-8B4A-11D0-8D11-00A0C91BC942}") = "Extract.Imaging.Utilities", "..\Imaging\Utilities\Core\Code\Extract.Imaging.Utilities.vcxproj", "{E610E652-0891-40D4-B5CA-A622B87C7979}"
EndProject
Project("{9A19103F-16F7-4668-BE54-9A1E7A4F7556}") = "Extract.Utilities.Forms", "..\Utilities\Forms\Core\Code\Extract.Utilities.Forms.csproj", "{76781DE2-21D2-470C-B41D-598DC0C2640B}"
EndProject
Project("{8BC9CEB8-8B4A-11D0-8D11-00A0C91BC942}") = "COMLM", "..\..\ReusableComponents\COMComponents\UCLIDComponentsLM\COMLM\Code\COMLM.vcxproj", "{4A3A15DD-5C9D-4921-8D7E-3BAF065FE984}"
EndProject
Project("{8BC9CEB8-8B4A-11D0-8D11-00A0C91BC942}") = "BaseUtils", "..\..\ReusableComponents\BaseUtils\Code\BaseUtils.vcxproj", "{91B17D62-305C-4EA4-ADD2-72AC7FE8D0AF}"
EndProject
Project("{8BC9CEB8-8B4A-11D0-8D11-00A0C91BC942}") = "GetFullUserName", "..\..\ProductDevelopment\Utils\GetFullUserName\Code\GetFullUserName.vcxproj", "{4FAC64AD-4684-4FD9-88AB-E629E0561E68}"
EndProject
Project("{8BC9CEB8-8B4A-11D0-8D11-00A0C91BC942}") = "COMLMCore", "..\..\ReusableComponents\COMComponents\UCLIDComponentsLM\COMLMCore\Code\COMLMCore.vcxproj", "{6FA06B83-AC26-49B7-8138-9342792EACC4}"
EndProject
Project("{8BC9CEB8-8B4A-11D0-8D11-00A0C91BC942}") = "LeadUtils", "..\..\ReusableComponents\VendorSpecificUtils\LeadUtils\Code\LeadUtils.vcxproj", "{08CC1AFB-7B9D-42E5-B823-DC72CDC06631}"
EndProject
Project("{FAE04EC0-301F-11D3-BF4B-00C04F79EFBC}") = "Extract.FileActionManager.Forms", "..\FileActionManager\Forms\Core\Code\Extract.FileActionManager.Forms.csproj", "{05449E7C-D300-4A2A-AD14-57CE9630B49B}"
EndProject
Project("{FAE04EC0-301F-11D3-BF4B-00C04F79EFBC}") = "Extract.Utilities.Ftp", "..\Utilities\Ftp\Core\Code\Extract.Utilities.Ftp.csproj", "{D2DD8D8F-E632-429E-8646-B9489D21295F}"
EndProject
Project("{FAE04EC0-301F-11D3-BF4B-00C04F79EFBC}") = "Extract.Dashboard.ETL", "ETL\Core\Code\Extract.Dashboard.ETL.csproj", "{9A6B9053-F351-47FC-8A0A-A984BD048B90}"
EndProject
Project("{9A19103F-16F7-4668-BE54-9A1E7A4F7556}") = "Extract.Dashboard.Utilities.Test", "Utilities\Test\Extract.Dashboard.Utilities.Test.csproj", "{F24CAE2E-1843-4EB8-BA93-052D93FDE850}"
EndProject
Project("{9A19103F-16F7-4668-BE54-9A1E7A4F7556}") = "Extract.Testing.Utilities", "..\Core\Testing\Utilities\Core\Code\Extract.Testing.Utilities.csproj", "{F3314BBE-B008-488D-A2E0-351C49D914D7}"
EndProject
Project("{9A19103F-16F7-4668-BE54-9A1E7A4F7556}") = "Extract.Dashboard.Forms.Test", "Forms\Test\Extract.Dashboard.Forms.Test.csproj", "{99E0F03E-A4C5-45F3-B7F0-AB65F02CF3CB}"
EndProject
Project("{8BC9CEB8-8B4A-11D0-8D11-00A0C91BC942}") = "Extract.Interop.Zip", "..\Interop\Zip\Code\Extract.Interop.Zip.vcxproj", "{B6C67039-DF95-4BC8-AEE7-533919A33778}"
EndProject
Project("{FAE04EC0-301F-11D3-BF4B-00C04F79EFBC}") = "ReportDesigner", "ReportDesigner\Core\Code\ReportDesigner.csproj", "{C3FF846A-3820-4768-957E-2067A1BDF007}"
EndProject
Project("{FAE04EC0-301F-11D3-BF4B-00C04F79EFBC}") = "ReportViewer", "..\..\ReusableComponents\COMComponents\UCLIDFileProcessing\Utils\ReportViewer\Core\Code\ReportViewer.csproj", "{5853AB0D-6C4B-452E-A576-F85361C3A769}"
EndProject
Project("{FAE04EC0-301F-11D3-BF4B-00C04F79EFBC}") = "Extract.Reporting", "..\Reporting\Core\Code\Extract.Reporting.csproj", "{3A0FA1AC-F8AA-477A-B0B0-3630091E520B}"
EndProject
Project("{9A19103F-16F7-4668-BE54-9A1E7A4F7556}") = "Extract.ReportingDevExpress", "..\Reporting\DevExpress\Code\Extract.ReportingDevExpress.csproj", "{88D004AE-F674-46D8-9B95-524481472FA2}"
EndProject
Project("{9A19103F-16F7-4668-BE54-9A1E7A4F7556}") = "Extract.SqlDatabase", "..\SqlDatabase\Extract.SqlDatabase\Extract.SqlDatabase.csproj", "{B3CE129B-DDAB-46FD-ABD2-89C659718BBE}"
EndProject
Project("{8BC9CEB8-8B4A-11D0-8D11-00A0C91BC942}") = "ZLibUtils", "..\..\ReusableComponents\VendorSpecificUtils\ZLibUtils\Code\ZLibUtils.vcxproj", "{A1474E20-9B5F-4DF9-A400-490270BC7999}"
EndProject
Project("{9A19103F-16F7-4668-BE54-9A1E7A4F7556}") = "Extract.ErrorHandling", "..\ErrorHandling\Code\Extract.ErrorHandling.csproj", "{313C9D71-62FA-4BCB-924B-ADD62975E0DF}"
EndProject
Project("{8BC9CEB8-8B4A-11D0-8D11-00A0C91BC942}") = "Extract.ClrException", "..\ClrException\Core\Code\ClrException.vcxproj", "{E89F2408-F0F6-4FFB-AB86-2E9AC7C6451B}"
EndProject
Project("{9A19103F-16F7-4668-BE54-9A1E7A4F7556}") = "Extract.ErrorsAndAlerts.ElasticDTOs", "..\..\ErrorsAndAlerts\ExtractDTOs\Extract.ErrorsAndAlerts.ElasticDTOs.csproj", "{E54F9E5B-086D-4584-9A10-26959B5E46CA}"
EndProject
Global
	GlobalSection(SolutionConfigurationPlatforms) = preSolution
		Debug|Any CPU = Debug|Any CPU
		Debug|x86 = Debug|x86
		Release|Any CPU = Release|Any CPU
		Release|x86 = Release|x86
		Template|Any CPU = Template|Any CPU
		Template|x86 = Template|x86
	EndGlobalSection
	GlobalSection(ProjectConfigurationPlatforms) = postSolution
		{7B6002E2-E014-4698-8D8C-A9E4C90D61A9}.Debug|Any CPU.ActiveCfg = Debug|Any CPU
		{7B6002E2-E014-4698-8D8C-A9E4C90D61A9}.Debug|Any CPU.Build.0 = Debug|Any CPU
		{7B6002E2-E014-4698-8D8C-A9E4C90D61A9}.Debug|x86.ActiveCfg = Debug|Any CPU
		{7B6002E2-E014-4698-8D8C-A9E4C90D61A9}.Debug|x86.Build.0 = Debug|Any CPU
		{7B6002E2-E014-4698-8D8C-A9E4C90D61A9}.Release|Any CPU.ActiveCfg = Release|Any CPU
		{7B6002E2-E014-4698-8D8C-A9E4C90D61A9}.Release|Any CPU.Build.0 = Release|Any CPU
		{7B6002E2-E014-4698-8D8C-A9E4C90D61A9}.Release|x86.ActiveCfg = Release|Any CPU
		{7B6002E2-E014-4698-8D8C-A9E4C90D61A9}.Release|x86.Build.0 = Release|Any CPU
		{7B6002E2-E014-4698-8D8C-A9E4C90D61A9}.Template|Any CPU.ActiveCfg = Release|Any CPU
		{7B6002E2-E014-4698-8D8C-A9E4C90D61A9}.Template|Any CPU.Build.0 = Release|Any CPU
		{7B6002E2-E014-4698-8D8C-A9E4C90D61A9}.Template|x86.ActiveCfg = Release|Any CPU
		{7B6002E2-E014-4698-8D8C-A9E4C90D61A9}.Template|x86.Build.0 = Release|Any CPU
		{0F57183A-2B8F-4C7E-8613-EA88B33F65A8}.Debug|Any CPU.ActiveCfg = Debug|Any CPU
		{0F57183A-2B8F-4C7E-8613-EA88B33F65A8}.Debug|Any CPU.Build.0 = Debug|Any CPU
		{0F57183A-2B8F-4C7E-8613-EA88B33F65A8}.Debug|x86.ActiveCfg = Debug|Any CPU
		{0F57183A-2B8F-4C7E-8613-EA88B33F65A8}.Debug|x86.Build.0 = Debug|Any CPU
		{0F57183A-2B8F-4C7E-8613-EA88B33F65A8}.Release|Any CPU.ActiveCfg = Release|Any CPU
		{0F57183A-2B8F-4C7E-8613-EA88B33F65A8}.Release|Any CPU.Build.0 = Release|Any CPU
		{0F57183A-2B8F-4C7E-8613-EA88B33F65A8}.Release|x86.ActiveCfg = Release|Any CPU
		{0F57183A-2B8F-4C7E-8613-EA88B33F65A8}.Release|x86.Build.0 = Release|Any CPU
		{0F57183A-2B8F-4C7E-8613-EA88B33F65A8}.Template|Any CPU.ActiveCfg = Release|Any CPU
		{0F57183A-2B8F-4C7E-8613-EA88B33F65A8}.Template|Any CPU.Build.0 = Release|Any CPU
		{0F57183A-2B8F-4C7E-8613-EA88B33F65A8}.Template|x86.ActiveCfg = Release|Any CPU
		{0F57183A-2B8F-4C7E-8613-EA88B33F65A8}.Template|x86.Build.0 = Release|Any CPU
		{7C37B0FB-81B8-4AA2-BC14-B21028C7AB9F}.Debug|Any CPU.ActiveCfg = Debug|Any CPU
		{7C37B0FB-81B8-4AA2-BC14-B21028C7AB9F}.Debug|Any CPU.Build.0 = Debug|Any CPU
		{7C37B0FB-81B8-4AA2-BC14-B21028C7AB9F}.Debug|x86.ActiveCfg = Debug|Any CPU
		{7C37B0FB-81B8-4AA2-BC14-B21028C7AB9F}.Debug|x86.Build.0 = Debug|Any CPU
		{7C37B0FB-81B8-4AA2-BC14-B21028C7AB9F}.Release|Any CPU.ActiveCfg = Release|Any CPU
		{7C37B0FB-81B8-4AA2-BC14-B21028C7AB9F}.Release|Any CPU.Build.0 = Release|Any CPU
		{7C37B0FB-81B8-4AA2-BC14-B21028C7AB9F}.Release|x86.ActiveCfg = Release|Any CPU
		{7C37B0FB-81B8-4AA2-BC14-B21028C7AB9F}.Release|x86.Build.0 = Release|Any CPU
		{7C37B0FB-81B8-4AA2-BC14-B21028C7AB9F}.Template|Any CPU.ActiveCfg = Release|Any CPU
		{7C37B0FB-81B8-4AA2-BC14-B21028C7AB9F}.Template|Any CPU.Build.0 = Release|Any CPU
		{7C37B0FB-81B8-4AA2-BC14-B21028C7AB9F}.Template|x86.ActiveCfg = Release|Any CPU
		{7C37B0FB-81B8-4AA2-BC14-B21028C7AB9F}.Template|x86.Build.0 = Release|Any CPU
		{212E31D9-5F02-43AA-8625-BCB86B15CF8F}.Debug|Any CPU.ActiveCfg = Debug|Win32
		{212E31D9-5F02-43AA-8625-BCB86B15CF8F}.Debug|x86.ActiveCfg = Debug|Win32
		{212E31D9-5F02-43AA-8625-BCB86B15CF8F}.Debug|x86.Build.0 = Debug|Win32
		{212E31D9-5F02-43AA-8625-BCB86B15CF8F}.Release|Any CPU.ActiveCfg = Release|Win32
		{212E31D9-5F02-43AA-8625-BCB86B15CF8F}.Release|x86.ActiveCfg = Release|Win32
		{212E31D9-5F02-43AA-8625-BCB86B15CF8F}.Release|x86.Build.0 = Release|Win32
		{212E31D9-5F02-43AA-8625-BCB86B15CF8F}.Template|Any CPU.ActiveCfg = Release|Win32
		{212E31D9-5F02-43AA-8625-BCB86B15CF8F}.Template|Any CPU.Build.0 = Release|Win32
		{212E31D9-5F02-43AA-8625-BCB86B15CF8F}.Template|x86.ActiveCfg = Release|Win32
		{212E31D9-5F02-43AA-8625-BCB86B15CF8F}.Template|x86.Build.0 = Release|Win32
		{0D4AD6D3-B177-4E6D-BA6D-D8E0F42FC653}.Debug|Any CPU.ActiveCfg = Debug|Any CPU
		{0D4AD6D3-B177-4E6D-BA6D-D8E0F42FC653}.Debug|Any CPU.Build.0 = Debug|Any CPU
		{0D4AD6D3-B177-4E6D-BA6D-D8E0F42FC653}.Debug|x86.ActiveCfg = Debug|Any CPU
		{0D4AD6D3-B177-4E6D-BA6D-D8E0F42FC653}.Debug|x86.Build.0 = Debug|Any CPU
		{0D4AD6D3-B177-4E6D-BA6D-D8E0F42FC653}.Release|Any CPU.ActiveCfg = Release|Any CPU
		{0D4AD6D3-B177-4E6D-BA6D-D8E0F42FC653}.Release|Any CPU.Build.0 = Release|Any CPU
		{0D4AD6D3-B177-4E6D-BA6D-D8E0F42FC653}.Release|x86.ActiveCfg = Release|Any CPU
		{0D4AD6D3-B177-4E6D-BA6D-D8E0F42FC653}.Release|x86.Build.0 = Release|Any CPU
		{0D4AD6D3-B177-4E6D-BA6D-D8E0F42FC653}.Template|Any CPU.ActiveCfg = Release|Any CPU
		{0D4AD6D3-B177-4E6D-BA6D-D8E0F42FC653}.Template|Any CPU.Build.0 = Release|Any CPU
		{0D4AD6D3-B177-4E6D-BA6D-D8E0F42FC653}.Template|x86.ActiveCfg = Release|Any CPU
		{0D4AD6D3-B177-4E6D-BA6D-D8E0F42FC653}.Template|x86.Build.0 = Release|Any CPU
		{4F37507C-6CE8-4C68-A54B-EFCCE96A99EA}.Debug|Any CPU.ActiveCfg = Debug|Any CPU
		{4F37507C-6CE8-4C68-A54B-EFCCE96A99EA}.Debug|Any CPU.Build.0 = Debug|Any CPU
		{4F37507C-6CE8-4C68-A54B-EFCCE96A99EA}.Debug|x86.ActiveCfg = Debug|Any CPU
		{4F37507C-6CE8-4C68-A54B-EFCCE96A99EA}.Debug|x86.Build.0 = Debug|Any CPU
		{4F37507C-6CE8-4C68-A54B-EFCCE96A99EA}.Release|Any CPU.ActiveCfg = Release|Any CPU
		{4F37507C-6CE8-4C68-A54B-EFCCE96A99EA}.Release|Any CPU.Build.0 = Release|Any CPU
		{4F37507C-6CE8-4C68-A54B-EFCCE96A99EA}.Release|x86.ActiveCfg = Release|Any CPU
		{4F37507C-6CE8-4C68-A54B-EFCCE96A99EA}.Release|x86.Build.0 = Release|Any CPU
		{4F37507C-6CE8-4C68-A54B-EFCCE96A99EA}.Template|Any CPU.ActiveCfg = Release|Any CPU
		{4F37507C-6CE8-4C68-A54B-EFCCE96A99EA}.Template|Any CPU.Build.0 = Release|Any CPU
		{4F37507C-6CE8-4C68-A54B-EFCCE96A99EA}.Template|x86.ActiveCfg = Release|Any CPU
		{4F37507C-6CE8-4C68-A54B-EFCCE96A99EA}.Template|x86.Build.0 = Release|Any CPU
		{9CA28A56-27B0-4F3A-BD61-970B3DE2A793}.Debug|Any CPU.ActiveCfg = Debug|Any CPU
		{9CA28A56-27B0-4F3A-BD61-970B3DE2A793}.Debug|Any CPU.Build.0 = Debug|Any CPU
		{9CA28A56-27B0-4F3A-BD61-970B3DE2A793}.Debug|x86.ActiveCfg = Debug|Any CPU
		{9CA28A56-27B0-4F3A-BD61-970B3DE2A793}.Debug|x86.Build.0 = Debug|Any CPU
		{9CA28A56-27B0-4F3A-BD61-970B3DE2A793}.Release|Any CPU.ActiveCfg = Release|Any CPU
		{9CA28A56-27B0-4F3A-BD61-970B3DE2A793}.Release|Any CPU.Build.0 = Release|Any CPU
		{9CA28A56-27B0-4F3A-BD61-970B3DE2A793}.Release|x86.ActiveCfg = Release|Any CPU
		{9CA28A56-27B0-4F3A-BD61-970B3DE2A793}.Release|x86.Build.0 = Release|Any CPU
		{9CA28A56-27B0-4F3A-BD61-970B3DE2A793}.Template|Any CPU.ActiveCfg = Release|Any CPU
		{9CA28A56-27B0-4F3A-BD61-970B3DE2A793}.Template|Any CPU.Build.0 = Release|Any CPU
		{9CA28A56-27B0-4F3A-BD61-970B3DE2A793}.Template|x86.ActiveCfg = Release|Any CPU
		{9CA28A56-27B0-4F3A-BD61-970B3DE2A793}.Template|x86.Build.0 = Release|Any CPU
		{8267221B-52C3-490B-A98F-7A51EBEB2A2B}.Debug|Any CPU.ActiveCfg = Debug|Any CPU
		{8267221B-52C3-490B-A98F-7A51EBEB2A2B}.Debug|Any CPU.Build.0 = Debug|Any CPU
		{8267221B-52C3-490B-A98F-7A51EBEB2A2B}.Debug|x86.ActiveCfg = Debug|Any CPU
		{8267221B-52C3-490B-A98F-7A51EBEB2A2B}.Debug|x86.Build.0 = Debug|Any CPU
		{8267221B-52C3-490B-A98F-7A51EBEB2A2B}.Release|Any CPU.ActiveCfg = Release|Any CPU
		{8267221B-52C3-490B-A98F-7A51EBEB2A2B}.Release|Any CPU.Build.0 = Release|Any CPU
		{8267221B-52C3-490B-A98F-7A51EBEB2A2B}.Release|x86.ActiveCfg = Release|Any CPU
		{8267221B-52C3-490B-A98F-7A51EBEB2A2B}.Release|x86.Build.0 = Release|Any CPU
		{8267221B-52C3-490B-A98F-7A51EBEB2A2B}.Template|Any CPU.ActiveCfg = Release|Any CPU
		{8267221B-52C3-490B-A98F-7A51EBEB2A2B}.Template|Any CPU.Build.0 = Release|Any CPU
		{8267221B-52C3-490B-A98F-7A51EBEB2A2B}.Template|x86.ActiveCfg = Release|Any CPU
		{8267221B-52C3-490B-A98F-7A51EBEB2A2B}.Template|x86.Build.0 = Release|Any CPU
		{C79815C7-A80A-41AA-AB02-F6AC83EFA579}.Debug|Any CPU.ActiveCfg = Debug|Win32
		{C79815C7-A80A-41AA-AB02-F6AC83EFA579}.Debug|x86.ActiveCfg = Debug|Win32
		{C79815C7-A80A-41AA-AB02-F6AC83EFA579}.Debug|x86.Build.0 = Debug|Win32
		{C79815C7-A80A-41AA-AB02-F6AC83EFA579}.Release|Any CPU.ActiveCfg = Release|Win32
		{C79815C7-A80A-41AA-AB02-F6AC83EFA579}.Release|x86.ActiveCfg = Release|Win32
		{C79815C7-A80A-41AA-AB02-F6AC83EFA579}.Release|x86.Build.0 = Release|Win32
		{C79815C7-A80A-41AA-AB02-F6AC83EFA579}.Template|Any CPU.ActiveCfg = Release|Win32
		{C79815C7-A80A-41AA-AB02-F6AC83EFA579}.Template|Any CPU.Build.0 = Release|Win32
		{C79815C7-A80A-41AA-AB02-F6AC83EFA579}.Template|x86.ActiveCfg = Release|Win32
		{C79815C7-A80A-41AA-AB02-F6AC83EFA579}.Template|x86.Build.0 = Release|Win32
		{A59882B1-AF28-4892-A990-BC6E6F7BC12D}.Debug|Any CPU.ActiveCfg = Debug|Any CPU
		{A59882B1-AF28-4892-A990-BC6E6F7BC12D}.Debug|Any CPU.Build.0 = Debug|Any CPU
		{A59882B1-AF28-4892-A990-BC6E6F7BC12D}.Debug|x86.ActiveCfg = Debug|Any CPU
		{A59882B1-AF28-4892-A990-BC6E6F7BC12D}.Debug|x86.Build.0 = Debug|Any CPU
		{A59882B1-AF28-4892-A990-BC6E6F7BC12D}.Release|Any CPU.ActiveCfg = Release|Any CPU
		{A59882B1-AF28-4892-A990-BC6E6F7BC12D}.Release|Any CPU.Build.0 = Release|Any CPU
		{A59882B1-AF28-4892-A990-BC6E6F7BC12D}.Release|x86.ActiveCfg = Release|Any CPU
		{A59882B1-AF28-4892-A990-BC6E6F7BC12D}.Release|x86.Build.0 = Release|Any CPU
		{A59882B1-AF28-4892-A990-BC6E6F7BC12D}.Template|Any CPU.ActiveCfg = Release|Any CPU
		{A59882B1-AF28-4892-A990-BC6E6F7BC12D}.Template|Any CPU.Build.0 = Release|Any CPU
		{A59882B1-AF28-4892-A990-BC6E6F7BC12D}.Template|x86.ActiveCfg = Release|Any CPU
		{A59882B1-AF28-4892-A990-BC6E6F7BC12D}.Template|x86.Build.0 = Release|Any CPU
		{D53A71CF-51A4-45F3-9644-FED8FAF49D3C}.Debug|Any CPU.ActiveCfg = Debug|Any CPU
		{D53A71CF-51A4-45F3-9644-FED8FAF49D3C}.Debug|Any CPU.Build.0 = Debug|Any CPU
		{D53A71CF-51A4-45F3-9644-FED8FAF49D3C}.Debug|x86.ActiveCfg = Debug|Any CPU
		{D53A71CF-51A4-45F3-9644-FED8FAF49D3C}.Debug|x86.Build.0 = Debug|Any CPU
		{D53A71CF-51A4-45F3-9644-FED8FAF49D3C}.Release|Any CPU.ActiveCfg = Release|Any CPU
		{D53A71CF-51A4-45F3-9644-FED8FAF49D3C}.Release|Any CPU.Build.0 = Release|Any CPU
		{D53A71CF-51A4-45F3-9644-FED8FAF49D3C}.Release|x86.ActiveCfg = Release|Any CPU
		{D53A71CF-51A4-45F3-9644-FED8FAF49D3C}.Release|x86.Build.0 = Release|Any CPU
		{D53A71CF-51A4-45F3-9644-FED8FAF49D3C}.Template|Any CPU.ActiveCfg = Release|Any CPU
		{D53A71CF-51A4-45F3-9644-FED8FAF49D3C}.Template|Any CPU.Build.0 = Release|Any CPU
		{D53A71CF-51A4-45F3-9644-FED8FAF49D3C}.Template|x86.ActiveCfg = Release|Any CPU
		{D53A71CF-51A4-45F3-9644-FED8FAF49D3C}.Template|x86.Build.0 = Release|Any CPU
		{6DD0855C-6031-49F4-874C-667F3A576345}.Debug|Any CPU.ActiveCfg = Debug|Any CPU
		{6DD0855C-6031-49F4-874C-667F3A576345}.Debug|Any CPU.Build.0 = Debug|Any CPU
		{6DD0855C-6031-49F4-874C-667F3A576345}.Debug|x86.ActiveCfg = Debug|Any CPU
		{6DD0855C-6031-49F4-874C-667F3A576345}.Debug|x86.Build.0 = Debug|Any CPU
		{6DD0855C-6031-49F4-874C-667F3A576345}.Release|Any CPU.ActiveCfg = Release|Any CPU
		{6DD0855C-6031-49F4-874C-667F3A576345}.Release|Any CPU.Build.0 = Release|Any CPU
		{6DD0855C-6031-49F4-874C-667F3A576345}.Release|x86.ActiveCfg = Release|Any CPU
		{6DD0855C-6031-49F4-874C-667F3A576345}.Release|x86.Build.0 = Release|Any CPU
		{6DD0855C-6031-49F4-874C-667F3A576345}.Template|Any CPU.ActiveCfg = Release|Any CPU
		{6DD0855C-6031-49F4-874C-667F3A576345}.Template|Any CPU.Build.0 = Release|Any CPU
		{6DD0855C-6031-49F4-874C-667F3A576345}.Template|x86.ActiveCfg = Release|Any CPU
		{6DD0855C-6031-49F4-874C-667F3A576345}.Template|x86.Build.0 = Release|Any CPU
		{865B9A25-1D27-4445-9CC7-7BF88D736BA8}.Debug|Any CPU.ActiveCfg = Debug|Any CPU
		{865B9A25-1D27-4445-9CC7-7BF88D736BA8}.Debug|Any CPU.Build.0 = Debug|Any CPU
		{865B9A25-1D27-4445-9CC7-7BF88D736BA8}.Debug|x86.ActiveCfg = Debug|Any CPU
		{865B9A25-1D27-4445-9CC7-7BF88D736BA8}.Debug|x86.Build.0 = Debug|Any CPU
		{865B9A25-1D27-4445-9CC7-7BF88D736BA8}.Release|Any CPU.ActiveCfg = Release|Any CPU
		{865B9A25-1D27-4445-9CC7-7BF88D736BA8}.Release|Any CPU.Build.0 = Release|Any CPU
		{865B9A25-1D27-4445-9CC7-7BF88D736BA8}.Release|x86.ActiveCfg = Release|Any CPU
		{865B9A25-1D27-4445-9CC7-7BF88D736BA8}.Release|x86.Build.0 = Release|Any CPU
		{865B9A25-1D27-4445-9CC7-7BF88D736BA8}.Template|Any CPU.ActiveCfg = Release|Any CPU
		{865B9A25-1D27-4445-9CC7-7BF88D736BA8}.Template|Any CPU.Build.0 = Release|Any CPU
		{865B9A25-1D27-4445-9CC7-7BF88D736BA8}.Template|x86.ActiveCfg = Release|Any CPU
		{865B9A25-1D27-4445-9CC7-7BF88D736BA8}.Template|x86.Build.0 = Release|Any CPU
		{B2D07DE4-9192-4531-8854-DE03CE9B0B57}.Debug|Any CPU.ActiveCfg = Debug|Any CPU
		{B2D07DE4-9192-4531-8854-DE03CE9B0B57}.Debug|Any CPU.Build.0 = Debug|Any CPU
		{B2D07DE4-9192-4531-8854-DE03CE9B0B57}.Debug|x86.ActiveCfg = Debug|Any CPU
		{B2D07DE4-9192-4531-8854-DE03CE9B0B57}.Debug|x86.Build.0 = Debug|Any CPU
		{B2D07DE4-9192-4531-8854-DE03CE9B0B57}.Release|Any CPU.ActiveCfg = Release|Any CPU
		{B2D07DE4-9192-4531-8854-DE03CE9B0B57}.Release|Any CPU.Build.0 = Release|Any CPU
		{B2D07DE4-9192-4531-8854-DE03CE9B0B57}.Release|x86.ActiveCfg = Release|Any CPU
		{B2D07DE4-9192-4531-8854-DE03CE9B0B57}.Release|x86.Build.0 = Release|Any CPU
		{B2D07DE4-9192-4531-8854-DE03CE9B0B57}.Template|Any CPU.ActiveCfg = Release|Any CPU
		{B2D07DE4-9192-4531-8854-DE03CE9B0B57}.Template|Any CPU.Build.0 = Release|Any CPU
		{B2D07DE4-9192-4531-8854-DE03CE9B0B57}.Template|x86.ActiveCfg = Release|Any CPU
		{B2D07DE4-9192-4531-8854-DE03CE9B0B57}.Template|x86.Build.0 = Release|Any CPU
		{9D9996E1-50BE-4506-B4A6-08F6B9D3F839}.Debug|Any CPU.ActiveCfg = Debug|Any CPU
		{9D9996E1-50BE-4506-B4A6-08F6B9D3F839}.Debug|Any CPU.Build.0 = Debug|Any CPU
		{9D9996E1-50BE-4506-B4A6-08F6B9D3F839}.Debug|x86.ActiveCfg = Debug|Any CPU
		{9D9996E1-50BE-4506-B4A6-08F6B9D3F839}.Debug|x86.Build.0 = Debug|Any CPU
		{9D9996E1-50BE-4506-B4A6-08F6B9D3F839}.Release|Any CPU.ActiveCfg = Release|Any CPU
		{9D9996E1-50BE-4506-B4A6-08F6B9D3F839}.Release|Any CPU.Build.0 = Release|Any CPU
		{9D9996E1-50BE-4506-B4A6-08F6B9D3F839}.Release|x86.ActiveCfg = Release|Any CPU
		{9D9996E1-50BE-4506-B4A6-08F6B9D3F839}.Release|x86.Build.0 = Release|Any CPU
		{9D9996E1-50BE-4506-B4A6-08F6B9D3F839}.Template|Any CPU.ActiveCfg = Release|Any CPU
		{9D9996E1-50BE-4506-B4A6-08F6B9D3F839}.Template|Any CPU.Build.0 = Release|Any CPU
		{9D9996E1-50BE-4506-B4A6-08F6B9D3F839}.Template|x86.ActiveCfg = Release|Any CPU
		{9D9996E1-50BE-4506-B4A6-08F6B9D3F839}.Template|x86.Build.0 = Release|Any CPU
		{E610E652-0891-40D4-B5CA-A622B87C7979}.Debug|Any CPU.ActiveCfg = Debug|Win32
		{E610E652-0891-40D4-B5CA-A622B87C7979}.Debug|x86.ActiveCfg = Debug|Win32
		{E610E652-0891-40D4-B5CA-A622B87C7979}.Debug|x86.Build.0 = Debug|Win32
		{E610E652-0891-40D4-B5CA-A622B87C7979}.Release|Any CPU.ActiveCfg = Release|Win32
		{E610E652-0891-40D4-B5CA-A622B87C7979}.Release|x86.ActiveCfg = Release|Win32
		{E610E652-0891-40D4-B5CA-A622B87C7979}.Release|x86.Build.0 = Release|Win32
		{E610E652-0891-40D4-B5CA-A622B87C7979}.Template|Any CPU.ActiveCfg = Release|Win32
		{E610E652-0891-40D4-B5CA-A622B87C7979}.Template|Any CPU.Build.0 = Release|Win32
		{E610E652-0891-40D4-B5CA-A622B87C7979}.Template|x86.ActiveCfg = Release|Win32
		{E610E652-0891-40D4-B5CA-A622B87C7979}.Template|x86.Build.0 = Release|Win32
		{76781DE2-21D2-470C-B41D-598DC0C2640B}.Debug|Any CPU.ActiveCfg = Debug|Any CPU
		{76781DE2-21D2-470C-B41D-598DC0C2640B}.Debug|Any CPU.Build.0 = Debug|Any CPU
		{76781DE2-21D2-470C-B41D-598DC0C2640B}.Debug|x86.ActiveCfg = Debug|Any CPU
		{76781DE2-21D2-470C-B41D-598DC0C2640B}.Debug|x86.Build.0 = Debug|Any CPU
		{76781DE2-21D2-470C-B41D-598DC0C2640B}.Release|Any CPU.ActiveCfg = Release|Any CPU
		{76781DE2-21D2-470C-B41D-598DC0C2640B}.Release|Any CPU.Build.0 = Release|Any CPU
		{76781DE2-21D2-470C-B41D-598DC0C2640B}.Release|x86.ActiveCfg = Release|Any CPU
		{76781DE2-21D2-470C-B41D-598DC0C2640B}.Release|x86.Build.0 = Release|Any CPU
		{76781DE2-21D2-470C-B41D-598DC0C2640B}.Template|Any CPU.ActiveCfg = Release|Any CPU
		{76781DE2-21D2-470C-B41D-598DC0C2640B}.Template|Any CPU.Build.0 = Release|Any CPU
		{76781DE2-21D2-470C-B41D-598DC0C2640B}.Template|x86.ActiveCfg = Release|Any CPU
		{76781DE2-21D2-470C-B41D-598DC0C2640B}.Template|x86.Build.0 = Release|Any CPU
		{4A3A15DD-5C9D-4921-8D7E-3BAF065FE984}.Debug|Any CPU.ActiveCfg = Debug|Win32
		{4A3A15DD-5C9D-4921-8D7E-3BAF065FE984}.Debug|x86.ActiveCfg = Debug|Win32
		{4A3A15DD-5C9D-4921-8D7E-3BAF065FE984}.Debug|x86.Build.0 = Debug|Win32
		{4A3A15DD-5C9D-4921-8D7E-3BAF065FE984}.Release|Any CPU.ActiveCfg = Release|Win32
		{4A3A15DD-5C9D-4921-8D7E-3BAF065FE984}.Release|x86.ActiveCfg = Release|Win32
		{4A3A15DD-5C9D-4921-8D7E-3BAF065FE984}.Release|x86.Build.0 = Release|Win32
		{4A3A15DD-5C9D-4921-8D7E-3BAF065FE984}.Template|Any CPU.ActiveCfg = Release|Win32
		{4A3A15DD-5C9D-4921-8D7E-3BAF065FE984}.Template|Any CPU.Build.0 = Release|Win32
		{4A3A15DD-5C9D-4921-8D7E-3BAF065FE984}.Template|x86.ActiveCfg = Release|Win32
		{4A3A15DD-5C9D-4921-8D7E-3BAF065FE984}.Template|x86.Build.0 = Release|Win32
		{91B17D62-305C-4EA4-ADD2-72AC7FE8D0AF}.Debug|Any CPU.ActiveCfg = Debug|Win32
		{91B17D62-305C-4EA4-ADD2-72AC7FE8D0AF}.Debug|x86.ActiveCfg = Debug|Win32
		{91B17D62-305C-4EA4-ADD2-72AC7FE8D0AF}.Debug|x86.Build.0 = Debug|Win32
		{91B17D62-305C-4EA4-ADD2-72AC7FE8D0AF}.Release|Any CPU.ActiveCfg = Release|Win32
		{91B17D62-305C-4EA4-ADD2-72AC7FE8D0AF}.Release|x86.ActiveCfg = Release|Win32
		{91B17D62-305C-4EA4-ADD2-72AC7FE8D0AF}.Release|x86.Build.0 = Release|Win32
		{91B17D62-305C-4EA4-ADD2-72AC7FE8D0AF}.Template|Any CPU.ActiveCfg = Template|Win32
		{91B17D62-305C-4EA4-ADD2-72AC7FE8D0AF}.Template|x86.ActiveCfg = Template|Win32
		{91B17D62-305C-4EA4-ADD2-72AC7FE8D0AF}.Template|x86.Build.0 = Template|Win32
		{4FAC64AD-4684-4FD9-88AB-E629E0561E68}.Debug|Any CPU.ActiveCfg = Debug|Win32
		{4FAC64AD-4684-4FD9-88AB-E629E0561E68}.Debug|x86.ActiveCfg = Debug|Win32
		{4FAC64AD-4684-4FD9-88AB-E629E0561E68}.Debug|x86.Build.0 = Debug|Win32
		{4FAC64AD-4684-4FD9-88AB-E629E0561E68}.Release|Any CPU.ActiveCfg = Release|Win32
		{4FAC64AD-4684-4FD9-88AB-E629E0561E68}.Release|x86.ActiveCfg = Release|Win32
		{4FAC64AD-4684-4FD9-88AB-E629E0561E68}.Release|x86.Build.0 = Release|Win32
		{4FAC64AD-4684-4FD9-88AB-E629E0561E68}.Template|Any CPU.ActiveCfg = Release|Win32
		{4FAC64AD-4684-4FD9-88AB-E629E0561E68}.Template|Any CPU.Build.0 = Release|Win32
		{4FAC64AD-4684-4FD9-88AB-E629E0561E68}.Template|x86.ActiveCfg = Release|Win32
		{4FAC64AD-4684-4FD9-88AB-E629E0561E68}.Template|x86.Build.0 = Release|Win32
		{6FA06B83-AC26-49B7-8138-9342792EACC4}.Debug|Any CPU.ActiveCfg = Debug|Win32
		{6FA06B83-AC26-49B7-8138-9342792EACC4}.Debug|x86.ActiveCfg = Debug|Win32
		{6FA06B83-AC26-49B7-8138-9342792EACC4}.Debug|x86.Build.0 = Debug|Win32
		{6FA06B83-AC26-49B7-8138-9342792EACC4}.Release|Any CPU.ActiveCfg = Release|Win32
		{6FA06B83-AC26-49B7-8138-9342792EACC4}.Release|x86.ActiveCfg = Release|Win32
		{6FA06B83-AC26-49B7-8138-9342792EACC4}.Release|x86.Build.0 = Release|Win32
		{6FA06B83-AC26-49B7-8138-9342792EACC4}.Template|Any CPU.ActiveCfg = Release|Win32
		{6FA06B83-AC26-49B7-8138-9342792EACC4}.Template|Any CPU.Build.0 = Release|Win32
		{6FA06B83-AC26-49B7-8138-9342792EACC4}.Template|x86.ActiveCfg = Release|Win32
		{6FA06B83-AC26-49B7-8138-9342792EACC4}.Template|x86.Build.0 = Release|Win32
		{08CC1AFB-7B9D-42E5-B823-DC72CDC06631}.Debug|Any CPU.ActiveCfg = Debug|Win32
		{08CC1AFB-7B9D-42E5-B823-DC72CDC06631}.Debug|x86.ActiveCfg = Debug|Win32
		{08CC1AFB-7B9D-42E5-B823-DC72CDC06631}.Debug|x86.Build.0 = Debug|Win32
		{08CC1AFB-7B9D-42E5-B823-DC72CDC06631}.Release|Any CPU.ActiveCfg = Release|Win32
		{08CC1AFB-7B9D-42E5-B823-DC72CDC06631}.Release|x86.ActiveCfg = Release|Win32
		{08CC1AFB-7B9D-42E5-B823-DC72CDC06631}.Release|x86.Build.0 = Release|Win32
		{08CC1AFB-7B9D-42E5-B823-DC72CDC06631}.Template|Any CPU.ActiveCfg = Release|Win32
		{08CC1AFB-7B9D-42E5-B823-DC72CDC06631}.Template|Any CPU.Build.0 = Release|Win32
		{08CC1AFB-7B9D-42E5-B823-DC72CDC06631}.Template|x86.ActiveCfg = Release|Win32
		{08CC1AFB-7B9D-42E5-B823-DC72CDC06631}.Template|x86.Build.0 = Release|Win32
		{05449E7C-D300-4A2A-AD14-57CE9630B49B}.Debug|Any CPU.ActiveCfg = Debug|Any CPU
		{05449E7C-D300-4A2A-AD14-57CE9630B49B}.Debug|Any CPU.Build.0 = Debug|Any CPU
		{05449E7C-D300-4A2A-AD14-57CE9630B49B}.Debug|x86.ActiveCfg = Debug|Any CPU
		{05449E7C-D300-4A2A-AD14-57CE9630B49B}.Debug|x86.Build.0 = Debug|Any CPU
		{05449E7C-D300-4A2A-AD14-57CE9630B49B}.Release|Any CPU.ActiveCfg = Release|Any CPU
		{05449E7C-D300-4A2A-AD14-57CE9630B49B}.Release|Any CPU.Build.0 = Release|Any CPU
		{05449E7C-D300-4A2A-AD14-57CE9630B49B}.Release|x86.ActiveCfg = Release|Any CPU
		{05449E7C-D300-4A2A-AD14-57CE9630B49B}.Release|x86.Build.0 = Release|Any CPU
		{05449E7C-D300-4A2A-AD14-57CE9630B49B}.Template|Any CPU.ActiveCfg = Release|Any CPU
		{05449E7C-D300-4A2A-AD14-57CE9630B49B}.Template|Any CPU.Build.0 = Release|Any CPU
		{05449E7C-D300-4A2A-AD14-57CE9630B49B}.Template|x86.ActiveCfg = Release|Any CPU
		{05449E7C-D300-4A2A-AD14-57CE9630B49B}.Template|x86.Build.0 = Release|Any CPU
		{D2DD8D8F-E632-429E-8646-B9489D21295F}.Debug|Any CPU.ActiveCfg = Debug|Any CPU
		{D2DD8D8F-E632-429E-8646-B9489D21295F}.Debug|Any CPU.Build.0 = Debug|Any CPU
		{D2DD8D8F-E632-429E-8646-B9489D21295F}.Debug|x86.ActiveCfg = Debug|Any CPU
		{D2DD8D8F-E632-429E-8646-B9489D21295F}.Debug|x86.Build.0 = Debug|Any CPU
		{D2DD8D8F-E632-429E-8646-B9489D21295F}.Release|Any CPU.ActiveCfg = Release|Any CPU
		{D2DD8D8F-E632-429E-8646-B9489D21295F}.Release|Any CPU.Build.0 = Release|Any CPU
		{D2DD8D8F-E632-429E-8646-B9489D21295F}.Release|x86.ActiveCfg = Release|Any CPU
		{D2DD8D8F-E632-429E-8646-B9489D21295F}.Release|x86.Build.0 = Release|Any CPU
		{D2DD8D8F-E632-429E-8646-B9489D21295F}.Template|Any CPU.ActiveCfg = Release|Any CPU
		{D2DD8D8F-E632-429E-8646-B9489D21295F}.Template|Any CPU.Build.0 = Release|Any CPU
		{D2DD8D8F-E632-429E-8646-B9489D21295F}.Template|x86.ActiveCfg = Release|Any CPU
		{D2DD8D8F-E632-429E-8646-B9489D21295F}.Template|x86.Build.0 = Release|Any CPU
		{9A6B9053-F351-47FC-8A0A-A984BD048B90}.Debug|Any CPU.ActiveCfg = Debug|Any CPU
		{9A6B9053-F351-47FC-8A0A-A984BD048B90}.Debug|Any CPU.Build.0 = Debug|Any CPU
		{9A6B9053-F351-47FC-8A0A-A984BD048B90}.Debug|x86.ActiveCfg = Debug|Any CPU
		{9A6B9053-F351-47FC-8A0A-A984BD048B90}.Debug|x86.Build.0 = Debug|Any CPU
		{9A6B9053-F351-47FC-8A0A-A984BD048B90}.Release|Any CPU.ActiveCfg = Release|Any CPU
		{9A6B9053-F351-47FC-8A0A-A984BD048B90}.Release|Any CPU.Build.0 = Release|Any CPU
		{9A6B9053-F351-47FC-8A0A-A984BD048B90}.Release|x86.ActiveCfg = Release|Any CPU
		{9A6B9053-F351-47FC-8A0A-A984BD048B90}.Release|x86.Build.0 = Release|Any CPU
		{9A6B9053-F351-47FC-8A0A-A984BD048B90}.Template|Any CPU.ActiveCfg = Release|Any CPU
		{9A6B9053-F351-47FC-8A0A-A984BD048B90}.Template|Any CPU.Build.0 = Release|Any CPU
		{9A6B9053-F351-47FC-8A0A-A984BD048B90}.Template|x86.ActiveCfg = Release|Any CPU
		{9A6B9053-F351-47FC-8A0A-A984BD048B90}.Template|x86.Build.0 = Release|Any CPU
		{F24CAE2E-1843-4EB8-BA93-052D93FDE850}.Debug|Any CPU.ActiveCfg = Debug|Any CPU
		{F24CAE2E-1843-4EB8-BA93-052D93FDE850}.Debug|Any CPU.Build.0 = Debug|Any CPU
		{F24CAE2E-1843-4EB8-BA93-052D93FDE850}.Debug|x86.ActiveCfg = Debug|Any CPU
		{F24CAE2E-1843-4EB8-BA93-052D93FDE850}.Debug|x86.Build.0 = Debug|Any CPU
		{F24CAE2E-1843-4EB8-BA93-052D93FDE850}.Release|Any CPU.ActiveCfg = Release|Any CPU
		{F24CAE2E-1843-4EB8-BA93-052D93FDE850}.Release|Any CPU.Build.0 = Release|Any CPU
		{F24CAE2E-1843-4EB8-BA93-052D93FDE850}.Release|x86.ActiveCfg = Release|Any CPU
		{F24CAE2E-1843-4EB8-BA93-052D93FDE850}.Release|x86.Build.0 = Release|Any CPU
		{F24CAE2E-1843-4EB8-BA93-052D93FDE850}.Template|Any CPU.ActiveCfg = Release|Any CPU
		{F24CAE2E-1843-4EB8-BA93-052D93FDE850}.Template|Any CPU.Build.0 = Release|Any CPU
		{F24CAE2E-1843-4EB8-BA93-052D93FDE850}.Template|x86.ActiveCfg = Release|Any CPU
		{F24CAE2E-1843-4EB8-BA93-052D93FDE850}.Template|x86.Build.0 = Release|Any CPU
		{F3314BBE-B008-488D-A2E0-351C49D914D7}.Debug|Any CPU.ActiveCfg = Debug|Any CPU
		{F3314BBE-B008-488D-A2E0-351C49D914D7}.Debug|Any CPU.Build.0 = Debug|Any CPU
		{F3314BBE-B008-488D-A2E0-351C49D914D7}.Debug|x86.ActiveCfg = Debug|Any CPU
		{F3314BBE-B008-488D-A2E0-351C49D914D7}.Debug|x86.Build.0 = Debug|Any CPU
		{F3314BBE-B008-488D-A2E0-351C49D914D7}.Release|Any CPU.ActiveCfg = Release|Any CPU
		{F3314BBE-B008-488D-A2E0-351C49D914D7}.Release|Any CPU.Build.0 = Release|Any CPU
		{F3314BBE-B008-488D-A2E0-351C49D914D7}.Release|x86.ActiveCfg = Release|Any CPU
		{F3314BBE-B008-488D-A2E0-351C49D914D7}.Release|x86.Build.0 = Release|Any CPU
		{F3314BBE-B008-488D-A2E0-351C49D914D7}.Template|Any CPU.ActiveCfg = Release|Any CPU
		{F3314BBE-B008-488D-A2E0-351C49D914D7}.Template|Any CPU.Build.0 = Release|Any CPU
		{F3314BBE-B008-488D-A2E0-351C49D914D7}.Template|x86.ActiveCfg = Release|Any CPU
		{F3314BBE-B008-488D-A2E0-351C49D914D7}.Template|x86.Build.0 = Release|Any CPU
		{99E0F03E-A4C5-45F3-B7F0-AB65F02CF3CB}.Debug|Any CPU.ActiveCfg = Debug|Any CPU
		{99E0F03E-A4C5-45F3-B7F0-AB65F02CF3CB}.Debug|Any CPU.Build.0 = Debug|Any CPU
		{99E0F03E-A4C5-45F3-B7F0-AB65F02CF3CB}.Debug|x86.ActiveCfg = Debug|Any CPU
		{99E0F03E-A4C5-45F3-B7F0-AB65F02CF3CB}.Debug|x86.Build.0 = Debug|Any CPU
		{99E0F03E-A4C5-45F3-B7F0-AB65F02CF3CB}.Release|Any CPU.ActiveCfg = Release|Any CPU
		{99E0F03E-A4C5-45F3-B7F0-AB65F02CF3CB}.Release|Any CPU.Build.0 = Release|Any CPU
		{99E0F03E-A4C5-45F3-B7F0-AB65F02CF3CB}.Release|x86.ActiveCfg = Release|Any CPU
		{99E0F03E-A4C5-45F3-B7F0-AB65F02CF3CB}.Release|x86.Build.0 = Release|Any CPU
		{99E0F03E-A4C5-45F3-B7F0-AB65F02CF3CB}.Template|Any CPU.ActiveCfg = Release|Any CPU
		{99E0F03E-A4C5-45F3-B7F0-AB65F02CF3CB}.Template|Any CPU.Build.0 = Release|Any CPU
		{99E0F03E-A4C5-45F3-B7F0-AB65F02CF3CB}.Template|x86.ActiveCfg = Release|Any CPU
		{99E0F03E-A4C5-45F3-B7F0-AB65F02CF3CB}.Template|x86.Build.0 = Release|Any CPU
		{B6C67039-DF95-4BC8-AEE7-533919A33778}.Debug|Any CPU.ActiveCfg = Debug|Win32
		{B6C67039-DF95-4BC8-AEE7-533919A33778}.Debug|x86.ActiveCfg = Debug|Win32
		{B6C67039-DF95-4BC8-AEE7-533919A33778}.Debug|x86.Build.0 = Debug|Win32
		{B6C67039-DF95-4BC8-AEE7-533919A33778}.Release|Any CPU.ActiveCfg = Release|Win32
		{B6C67039-DF95-4BC8-AEE7-533919A33778}.Release|x86.ActiveCfg = Release|Win32
		{B6C67039-DF95-4BC8-AEE7-533919A33778}.Release|x86.Build.0 = Release|Win32
		{B6C67039-DF95-4BC8-AEE7-533919A33778}.Template|Any CPU.ActiveCfg = Release|Win32
		{B6C67039-DF95-4BC8-AEE7-533919A33778}.Template|Any CPU.Build.0 = Release|Win32
		{B6C67039-DF95-4BC8-AEE7-533919A33778}.Template|x86.ActiveCfg = Release|Win32
		{B6C67039-DF95-4BC8-AEE7-533919A33778}.Template|x86.Build.0 = Release|Win32
		{C3FF846A-3820-4768-957E-2067A1BDF007}.Debug|Any CPU.ActiveCfg = Debug|Any CPU
		{C3FF846A-3820-4768-957E-2067A1BDF007}.Debug|Any CPU.Build.0 = Debug|Any CPU
		{C3FF846A-3820-4768-957E-2067A1BDF007}.Debug|x86.ActiveCfg = Debug|Any CPU
		{C3FF846A-3820-4768-957E-2067A1BDF007}.Debug|x86.Build.0 = Debug|Any CPU
		{C3FF846A-3820-4768-957E-2067A1BDF007}.Release|Any CPU.ActiveCfg = Release|Any CPU
		{C3FF846A-3820-4768-957E-2067A1BDF007}.Release|Any CPU.Build.0 = Release|Any CPU
		{C3FF846A-3820-4768-957E-2067A1BDF007}.Release|x86.ActiveCfg = Release|Any CPU
		{C3FF846A-3820-4768-957E-2067A1BDF007}.Release|x86.Build.0 = Release|Any CPU
		{C3FF846A-3820-4768-957E-2067A1BDF007}.Template|Any CPU.ActiveCfg = Release|Any CPU
		{C3FF846A-3820-4768-957E-2067A1BDF007}.Template|Any CPU.Build.0 = Release|Any CPU
		{C3FF846A-3820-4768-957E-2067A1BDF007}.Template|x86.ActiveCfg = Release|Any CPU
		{C3FF846A-3820-4768-957E-2067A1BDF007}.Template|x86.Build.0 = Release|Any CPU
		{5853AB0D-6C4B-452E-A576-F85361C3A769}.Debug|Any CPU.ActiveCfg = Debug|Any CPU
		{5853AB0D-6C4B-452E-A576-F85361C3A769}.Debug|Any CPU.Build.0 = Debug|Any CPU
		{5853AB0D-6C4B-452E-A576-F85361C3A769}.Debug|x86.ActiveCfg = Debug|Any CPU
		{5853AB0D-6C4B-452E-A576-F85361C3A769}.Debug|x86.Build.0 = Debug|Any CPU
		{5853AB0D-6C4B-452E-A576-F85361C3A769}.Release|Any CPU.ActiveCfg = Release|Any CPU
		{5853AB0D-6C4B-452E-A576-F85361C3A769}.Release|Any CPU.Build.0 = Release|Any CPU
		{5853AB0D-6C4B-452E-A576-F85361C3A769}.Release|x86.ActiveCfg = Release|Any CPU
		{5853AB0D-6C4B-452E-A576-F85361C3A769}.Release|x86.Build.0 = Release|Any CPU
		{5853AB0D-6C4B-452E-A576-F85361C3A769}.Template|Any CPU.ActiveCfg = Release|Any CPU
		{5853AB0D-6C4B-452E-A576-F85361C3A769}.Template|Any CPU.Build.0 = Release|Any CPU
		{5853AB0D-6C4B-452E-A576-F85361C3A769}.Template|x86.ActiveCfg = Release|Any CPU
		{5853AB0D-6C4B-452E-A576-F85361C3A769}.Template|x86.Build.0 = Release|Any CPU
		{3A0FA1AC-F8AA-477A-B0B0-3630091E520B}.Debug|Any CPU.ActiveCfg = Debug|Any CPU
		{3A0FA1AC-F8AA-477A-B0B0-3630091E520B}.Debug|Any CPU.Build.0 = Debug|Any CPU
		{3A0FA1AC-F8AA-477A-B0B0-3630091E520B}.Debug|x86.ActiveCfg = Debug|Any CPU
		{3A0FA1AC-F8AA-477A-B0B0-3630091E520B}.Debug|x86.Build.0 = Debug|Any CPU
		{3A0FA1AC-F8AA-477A-B0B0-3630091E520B}.Release|Any CPU.ActiveCfg = Release|Any CPU
		{3A0FA1AC-F8AA-477A-B0B0-3630091E520B}.Release|Any CPU.Build.0 = Release|Any CPU
		{3A0FA1AC-F8AA-477A-B0B0-3630091E520B}.Release|x86.ActiveCfg = Release|Any CPU
		{3A0FA1AC-F8AA-477A-B0B0-3630091E520B}.Release|x86.Build.0 = Release|Any CPU
		{3A0FA1AC-F8AA-477A-B0B0-3630091E520B}.Template|Any CPU.ActiveCfg = Release|Any CPU
		{3A0FA1AC-F8AA-477A-B0B0-3630091E520B}.Template|Any CPU.Build.0 = Release|Any CPU
		{3A0FA1AC-F8AA-477A-B0B0-3630091E520B}.Template|x86.ActiveCfg = Release|Any CPU
		{3A0FA1AC-F8AA-477A-B0B0-3630091E520B}.Template|x86.Build.0 = Release|Any CPU
		{88D004AE-F674-46D8-9B95-524481472FA2}.Debug|Any CPU.ActiveCfg = Debug|Any CPU
		{88D004AE-F674-46D8-9B95-524481472FA2}.Debug|Any CPU.Build.0 = Debug|Any CPU
		{88D004AE-F674-46D8-9B95-524481472FA2}.Debug|x86.ActiveCfg = Debug|Any CPU
		{88D004AE-F674-46D8-9B95-524481472FA2}.Debug|x86.Build.0 = Debug|Any CPU
		{88D004AE-F674-46D8-9B95-524481472FA2}.Release|Any CPU.ActiveCfg = Release|Any CPU
		{88D004AE-F674-46D8-9B95-524481472FA2}.Release|Any CPU.Build.0 = Release|Any CPU
		{88D004AE-F674-46D8-9B95-524481472FA2}.Release|x86.ActiveCfg = Release|Any CPU
		{88D004AE-F674-46D8-9B95-524481472FA2}.Release|x86.Build.0 = Release|Any CPU
		{88D004AE-F674-46D8-9B95-524481472FA2}.Template|Any CPU.ActiveCfg = Release|Any CPU
		{88D004AE-F674-46D8-9B95-524481472FA2}.Template|Any CPU.Build.0 = Release|Any CPU
		{88D004AE-F674-46D8-9B95-524481472FA2}.Template|x86.ActiveCfg = Release|Any CPU
		{88D004AE-F674-46D8-9B95-524481472FA2}.Template|x86.Build.0 = Release|Any CPU
		{B3CE129B-DDAB-46FD-ABD2-89C659718BBE}.Debug|Any CPU.ActiveCfg = Debug|Any CPU
		{B3CE129B-DDAB-46FD-ABD2-89C659718BBE}.Debug|Any CPU.Build.0 = Debug|Any CPU
		{B3CE129B-DDAB-46FD-ABD2-89C659718BBE}.Debug|x86.ActiveCfg = Debug|Any CPU
		{B3CE129B-DDAB-46FD-ABD2-89C659718BBE}.Debug|x86.Build.0 = Debug|Any CPU
		{B3CE129B-DDAB-46FD-ABD2-89C659718BBE}.Release|Any CPU.ActiveCfg = Release|Any CPU
		{B3CE129B-DDAB-46FD-ABD2-89C659718BBE}.Release|Any CPU.Build.0 = Release|Any CPU
		{B3CE129B-DDAB-46FD-ABD2-89C659718BBE}.Release|x86.ActiveCfg = Release|Any CPU
		{B3CE129B-DDAB-46FD-ABD2-89C659718BBE}.Release|x86.Build.0 = Release|Any CPU
		{B3CE129B-DDAB-46FD-ABD2-89C659718BBE}.Template|Any CPU.ActiveCfg = Debug|Any CPU
		{B3CE129B-DDAB-46FD-ABD2-89C659718BBE}.Template|Any CPU.Build.0 = Debug|Any CPU
		{B3CE129B-DDAB-46FD-ABD2-89C659718BBE}.Template|x86.ActiveCfg = Debug|Any CPU
		{B3CE129B-DDAB-46FD-ABD2-89C659718BBE}.Template|x86.Build.0 = Debug|Any CPU
		{A1474E20-9B5F-4DF9-A400-490270BC7999}.Debug|Any CPU.ActiveCfg = Debug|Win32
		{A1474E20-9B5F-4DF9-A400-490270BC7999}.Debug|x86.ActiveCfg = Debug|Win32
		{A1474E20-9B5F-4DF9-A400-490270BC7999}.Debug|x86.Build.0 = Debug|Win32
		{A1474E20-9B5F-4DF9-A400-490270BC7999}.Release|Any CPU.ActiveCfg = Release|Win32
		{A1474E20-9B5F-4DF9-A400-490270BC7999}.Release|x86.ActiveCfg = Release|Win32
		{A1474E20-9B5F-4DF9-A400-490270BC7999}.Release|x86.Build.0 = Release|Win32
		{A1474E20-9B5F-4DF9-A400-490270BC7999}.Template|Any CPU.ActiveCfg = Debug|Win32
		{A1474E20-9B5F-4DF9-A400-490270BC7999}.Template|Any CPU.Build.0 = Debug|Win32
		{A1474E20-9B5F-4DF9-A400-490270BC7999}.Template|x86.ActiveCfg = Debug|Win32
		{A1474E20-9B5F-4DF9-A400-490270BC7999}.Template|x86.Build.0 = Debug|Win32
		{313C9D71-62FA-4BCB-924B-ADD62975E0DF}.Debug|Any CPU.ActiveCfg = Debug|Any CPU
		{313C9D71-62FA-4BCB-924B-ADD62975E0DF}.Debug|Any CPU.Build.0 = Debug|Any CPU
		{313C9D71-62FA-4BCB-924B-ADD62975E0DF}.Debug|x86.ActiveCfg = Debug|Any CPU
		{313C9D71-62FA-4BCB-924B-ADD62975E0DF}.Debug|x86.Build.0 = Debug|Any CPU
		{313C9D71-62FA-4BCB-924B-ADD62975E0DF}.Release|Any CPU.ActiveCfg = Release|Any CPU
		{313C9D71-62FA-4BCB-924B-ADD62975E0DF}.Release|Any CPU.Build.0 = Release|Any CPU
		{313C9D71-62FA-4BCB-924B-ADD62975E0DF}.Release|x86.ActiveCfg = Release|Any CPU
		{313C9D71-62FA-4BCB-924B-ADD62975E0DF}.Release|x86.Build.0 = Release|Any CPU
		{313C9D71-62FA-4BCB-924B-ADD62975E0DF}.Template|Any CPU.ActiveCfg = Debug|Any CPU
		{313C9D71-62FA-4BCB-924B-ADD62975E0DF}.Template|Any CPU.Build.0 = Debug|Any CPU
		{313C9D71-62FA-4BCB-924B-ADD62975E0DF}.Template|x86.ActiveCfg = Debug|Any CPU
		{313C9D71-62FA-4BCB-924B-ADD62975E0DF}.Template|x86.Build.0 = Debug|Any CPU
		{E89F2408-F0F6-4FFB-AB86-2E9AC7C6451B}.Debug|Any CPU.ActiveCfg = Debug|Win32
		{E89F2408-F0F6-4FFB-AB86-2E9AC7C6451B}.Debug|Any CPU.Build.0 = Debug|Win32
		{E89F2408-F0F6-4FFB-AB86-2E9AC7C6451B}.Debug|x86.ActiveCfg = Debug|Win32
		{E89F2408-F0F6-4FFB-AB86-2E9AC7C6451B}.Debug|x86.Build.0 = Debug|Win32
		{E89F2408-F0F6-4FFB-AB86-2E9AC7C6451B}.Release|Any CPU.ActiveCfg = Release|Win32
		{E89F2408-F0F6-4FFB-AB86-2E9AC7C6451B}.Release|Any CPU.Build.0 = Release|Win32
		{E89F2408-F0F6-4FFB-AB86-2E9AC7C6451B}.Release|x86.ActiveCfg = Release|Win32
		{E89F2408-F0F6-4FFB-AB86-2E9AC7C6451B}.Release|x86.Build.0 = Release|Win32
		{E89F2408-F0F6-4FFB-AB86-2E9AC7C6451B}.Template|Any CPU.ActiveCfg = Debug|x64
		{E89F2408-F0F6-4FFB-AB86-2E9AC7C6451B}.Template|Any CPU.Build.0 = Debug|x64
		{E89F2408-F0F6-4FFB-AB86-2E9AC7C6451B}.Template|x86.ActiveCfg = Debug|Win32
		{E89F2408-F0F6-4FFB-AB86-2E9AC7C6451B}.Template|x86.Build.0 = Debug|Win32
		{E54F9E5B-086D-4584-9A10-26959B5E46CA}.Debug|Any CPU.ActiveCfg = Debug|Any CPU
		{E54F9E5B-086D-4584-9A10-26959B5E46CA}.Debug|Any CPU.Build.0 = Debug|Any CPU
		{E54F9E5B-086D-4584-9A10-26959B5E46CA}.Debug|x86.ActiveCfg = Debug|Any CPU
		{E54F9E5B-086D-4584-9A10-26959B5E46CA}.Debug|x86.Build.0 = Debug|Any CPU
		{E54F9E5B-086D-4584-9A10-26959B5E46CA}.Release|Any CPU.ActiveCfg = Release|Any CPU
		{E54F9E5B-086D-4584-9A10-26959B5E46CA}.Release|Any CPU.Build.0 = Release|Any CPU
		{E54F9E5B-086D-4584-9A10-26959B5E46CA}.Release|x86.ActiveCfg = Release|Any CPU
		{E54F9E5B-086D-4584-9A10-26959B5E46CA}.Release|x86.Build.0 = Release|Any CPU
		{E54F9E5B-086D-4584-9A10-26959B5E46CA}.Template|Any CPU.ActiveCfg = Debug|Any CPU
		{E54F9E5B-086D-4584-9A10-26959B5E46CA}.Template|Any CPU.Build.0 = Debug|Any CPU
		{E54F9E5B-086D-4584-9A10-26959B5E46CA}.Template|x86.ActiveCfg = Debug|Any CPU
		{E54F9E5B-086D-4584-9A10-26959B5E46CA}.Template|x86.Build.0 = Debug|Any CPU
	EndGlobalSection
	GlobalSection(SolutionProperties) = preSolution
		HideSolutionNode = FALSE
	EndGlobalSection
	GlobalSection(NestedProjects) = preSolution
		{7C37B0FB-81B8-4AA2-BC14-B21028C7AB9F} = {134F692E-EA89-4C72-883E-C2727EAE1ACF}
		{212E31D9-5F02-43AA-8625-BCB86B15CF8F} = {134F692E-EA89-4C72-883E-C2727EAE1ACF}
	EndGlobalSection
	GlobalSection(ExtensibilityGlobals) = postSolution
		SolutionGuid = {8A60AA7A-770C-42C9-BD66-D649BEAD5DB0}
	EndGlobalSection
EndGlobal
