
Microsoft Visual Studio Solution File, Format Version 12.00
# Visual Studio 15
VisualStudioVersion = 15.0.27004.2010
MinimumVisualStudioVersion = 10.0.40219.1
Project("{FAE04EC0-301F-11D3-BF4B-00C04F79EFBC}") = "DashboardCreator", "DashboardCreator\Core\Code\DashboardCreator.csproj", "{7B6002E2-E014-4698-8D8C-A9E4C90D61A9}"
EndProject
Project("{FAE04EC0-301F-11D3-BF4B-00C04F79EFBC}") = "DashboardViewer", "DashboardViewer\Core\Code\DashboardViewer.csproj", "{0F57183A-2B8F-4C7E-8613-EA88B33F65A8}"
EndProject
Project("{2150E333-8FDC-42A3-9474-1A3956D46DE8}") = "Dependencies", "Dependencies", "{134F692E-EA89-4C72-883E-C2727EAE1ACF}"
EndProject
Project("{FAE04EC0-301F-11D3-BF4B-00C04F79EFBC}") = "Extract", "..\Core\Code\Extract.csproj", "{7C37B0FB-81B8-4AA2-BC14-B21028C7AB9F}"
EndProject
Project("{8BC9CEB8-8B4A-11D0-8D11-00A0C91BC942}") = "Extract.Licensing", "..\Licensing\Core\Code\Extract.Licensing.vcxproj", "{212E31D9-5F02-43AA-8625-BCB86B15CF8F}"
EndProject
Global
	GlobalSection(SolutionConfigurationPlatforms) = preSolution
		Debug|Any CPU = Debug|Any CPU
		Debug|x86 = Debug|x86
		Release|Any CPU = Release|Any CPU
		Release|x86 = Release|x86
	EndGlobalSection
	GlobalSection(ProjectConfigurationPlatforms) = postSolution
		{7B6002E2-E014-4698-8D8C-A9E4C90D61A9}.Debug|Any CPU.ActiveCfg = Debug|Any CPU
		{7B6002E2-E014-4698-8D8C-A9E4C90D61A9}.Debug|Any CPU.Build.0 = Debug|Any CPU
		{7B6002E2-E014-4698-8D8C-A9E4C90D61A9}.Debug|x86.ActiveCfg = Debug|Any CPU
		{7B6002E2-E014-4698-8D8C-A9E4C90D61A9}.Debug|x86.Build.0 = Debug|Any CPU
		{7B6002E2-E014-4698-8D8C-A9E4C90D61A9}.Release|Any CPU.ActiveCfg = Release|Any CPU
		{7B6002E2-E014-4698-8D8C-A9E4C90D61A9}.Release|Any CPU.Build.0 = Release|Any CPU
		{7B6002E2-E014-4698-8D8C-A9E4C90D61A9}.Release|x86.ActiveCfg = Release|Any CPU
		{7B6002E2-E014-4698-8D8C-A9E4C90D61A9}.Release|x86.Build.0 = Release|Any CPU
		{0F57183A-2B8F-4C7E-8613-EA88B33F65A8}.Debug|Any CPU.ActiveCfg = Debug|Any CPU
		{0F57183A-2B8F-4C7E-8613-EA88B33F65A8}.Debug|Any CPU.Build.0 = Debug|Any CPU
		{0F57183A-2B8F-4C7E-8613-EA88B33F65A8}.Debug|x86.ActiveCfg = Debug|Any CPU
		{0F57183A-2B8F-4C7E-8613-EA88B33F65A8}.Debug|x86.Build.0 = Debug|Any CPU
		{0F57183A-2B8F-4C7E-8613-EA88B33F65A8}.Release|Any CPU.ActiveCfg = Release|Any CPU
		{0F57183A-2B8F-4C7E-8613-EA88B33F65A8}.Release|Any CPU.Build.0 = Release|Any CPU
		{0F57183A-2B8F-4C7E-8613-EA88B33F65A8}.Release|x86.ActiveCfg = Release|Any CPU
		{0F57183A-2B8F-4C7E-8613-EA88B33F65A8}.Release|x86.Build.0 = Release|Any CPU
		{7C37B0FB-81B8-4AA2-BC14-B21028C7AB9F}.Debug|Any CPU.ActiveCfg = Debug|Any CPU
		{7C37B0FB-81B8-4AA2-BC14-B21028C7AB9F}.Debug|Any CPU.Build.0 = Debug|Any CPU
		{7C37B0FB-81B8-4AA2-BC14-B21028C7AB9F}.Debug|x86.ActiveCfg = Debug|Any CPU
		{7C37B0FB-81B8-4AA2-BC14-B21028C7AB9F}.Debug|x86.Build.0 = Debug|Any CPU
		{7C37B0FB-81B8-4AA2-BC14-B21028C7AB9F}.Release|Any CPU.ActiveCfg = Release|Any CPU
		{7C37B0FB-81B8-4AA2-BC14-B21028C7AB9F}.Release|Any CPU.Build.0 = Release|Any CPU
		{7C37B0FB-81B8-4AA2-BC14-B21028C7AB9F}.Release|x86.ActiveCfg = Release|Any CPU
		{7C37B0FB-81B8-4AA2-BC14-B21028C7AB9F}.Release|x86.Build.0 = Release|Any CPU
		{212E31D9-5F02-43AA-8625-BCB86B15CF8F}.Debug|Any CPU.ActiveCfg = Debug|Win32
		{212E31D9-5F02-43AA-8625-BCB86B15CF8F}.Debug|x86.ActiveCfg = Debug|Win32
		{212E31D9-5F02-43AA-8625-BCB86B15CF8F}.Debug|x86.Build.0 = Debug|Win32
		{212E31D9-5F02-43AA-8625-BCB86B15CF8F}.Release|Any CPU.ActiveCfg = Release|Win32
		{212E31D9-5F02-43AA-8625-BCB86B15CF8F}.Release|x86.ActiveCfg = Release|Win32
		{212E31D9-5F02-43AA-8625-BCB86B15CF8F}.Release|x86.Build.0 = Release|Win32
	EndGlobalSection
	GlobalSection(SolutionProperties) = preSolution
		HideSolutionNode = FALSE
	EndGlobalSection
	GlobalSection(NestedProjects) = preSolution
		{7C37B0FB-81B8-4AA2-BC14-B21028C7AB9F} = {134F692E-EA89-4C72-883E-C2727EAE1ACF}
		{212E31D9-5F02-43AA-8625-BCB86B15CF8F} = {134F692E-EA89-4C72-883E-C2727EAE1ACF}
	EndGlobalSection
	GlobalSection(ExtensibilityGlobals) = postSolution
		SolutionGuid = {8A60AA7A-770C-42C9-BD66-D649BEAD5DB0}
	EndGlobalSection
EndGlobal
