
Microsoft Visual Studio Solution File, Format Version 12.00
# Visual Studio 15
VisualStudioVersion = 15.0.27004.2010
MinimumVisualStudioVersion = 10.0.40219.1
Project("{FAE04EC0-301F-11D3-BF4B-00C04F79EFBC}") = "DashboardCreator", "DashboardCreator\Core\Code\DashboardCreator.csproj", "{7B6002E2-E014-4698-8D8C-A9E4C90D61A9}"
EndProject
Project("{FAE04EC0-301F-11D3-BF4B-00C04F79EFBC}") = "DashboardViewer", "DashboardViewer\Core\Code\DashboardViewer.csproj", "{0F57183A-2B8F-4C7E-8613-EA88B33F65A8}"
EndProject
Project("{2150E333-8FDC-42A3-9474-1A3956D46DE8}") = "Dependencies", "Dependencies", "{134F692E-EA89-4C72-883E-C2727EAE1ACF}"
EndProject
Project("{FAE04EC0-301F-11D3-BF4B-00C04F79EFBC}") = "Extract", "..\Core\Code\Extract.csproj", "{7C37B0FB-81B8-4AA2-BC14-B21028C7AB9F}"
EndProject
Project("{8BC9CEB8-8B4A-11D0-8D11-00A0C91BC942}") = "Extract.Licensing", "..\Licensing\Core\Code\Extract.Licensing.vcxproj", "{212E31D9-5F02-43AA-8625-BCB86B15CF8F}"
EndProject
Project("{FAE04EC0-301F-11D3-BF4B-00C04F79EFBC}") = "Extract.Utilities", "..\Utilities\Core\Code\Extract.Utilities.csproj", "{0D4AD6D3-B177-4E6D-BA6D-D8E0F42FC653}"
EndProject
Project("{FAE04EC0-301F-11D3-BF4B-00C04F79EFBC}") = "Extract.Interop", "..\Interop\Core\Code\Extract.Interop.csproj", "{4F37507C-6CE8-4C68-A54B-EFCCE96A99EA}"
EndProject
Project("{FAE04EC0-301F-11D3-BF4B-00C04F79EFBC}") = "Extract.Code.Attributes", "..\ExtractCodeAttributes\Core\Code\Extract.Code.Attributes.csproj", "{9CA28A56-27B0-4F3A-BD61-970B3DE2A793}"
EndProject
Project("{FAE04EC0-301F-11D3-BF4B-00C04F79EFBC}") = "Extract.Interfaces", "..\Interfaces\Core\Code\Extract.Interfaces.csproj", "{8267221B-52C3-490B-A98F-7A51EBEB2A2B}"
EndProject
Project("{8BC9CEB8-8B4A-11D0-8D11-00A0C91BC942}") = "Extract.Encryption", "..\Encryption\Core\Code\Extract.Encryption.vcxproj", "{C79815C7-A80A-41AA-AB02-F6AC83EFA579}"
EndProject
Project("{FAE04EC0-301F-11D3-BF4B-00C04F79EFBC}") = "Extract.Dashboard.Utilities", "Utilities\Core\Code\Extract.Dashboard.Utilities.csproj", "{A59882B1-AF28-4892-A990-BC6E6F7BC12D}"
EndProject
Project("{FAE04EC0-301F-11D3-BF4B-00C04F79EFBC}") = "Extract.Dashboard.Forms", "Forms\Core\Code\Extract.Dashboard.Forms.csproj", "{D53A71CF-51A4-45F3-9644-FED8FAF49D3C}"
EndProject
Global
	GlobalSection(SolutionConfigurationPlatforms) = preSolution
		Debug|Any CPU = Debug|Any CPU
		Debug|x86 = Debug|x86
		Release|Any CPU = Release|Any CPU
		Release|x86 = Release|x86
	EndGlobalSection
	GlobalSection(ProjectConfigurationPlatforms) = postSolution
		{7B6002E2-E014-4698-8D8C-A9E4C90D61A9}.Debug|Any CPU.ActiveCfg = Debug|Any CPU
		{7B6002E2-E014-4698-8D8C-A9E4C90D61A9}.Debug|Any CPU.Build.0 = Debug|Any CPU
		{7B6002E2-E014-4698-8D8C-A9E4C90D61A9}.Debug|x86.ActiveCfg = Debug|Any CPU
		{7B6002E2-E014-4698-8D8C-A9E4C90D61A9}.Debug|x86.Build.0 = Debug|Any CPU
		{7B6002E2-E014-4698-8D8C-A9E4C90D61A9}.Release|Any CPU.ActiveCfg = Release|Any CPU
		{7B6002E2-E014-4698-8D8C-A9E4C90D61A9}.Release|Any CPU.Build.0 = Release|Any CPU
		{7B6002E2-E014-4698-8D8C-A9E4C90D61A9}.Release|x86.ActiveCfg = Release|Any CPU
		{7B6002E2-E014-4698-8D8C-A9E4C90D61A9}.Release|x86.Build.0 = Release|Any CPU
		{0F57183A-2B8F-4C7E-8613-EA88B33F65A8}.Debug|Any CPU.ActiveCfg = Debug|Any CPU
		{0F57183A-2B8F-4C7E-8613-EA88B33F65A8}.Debug|Any CPU.Build.0 = Debug|Any CPU
		{0F57183A-2B8F-4C7E-8613-EA88B33F65A8}.Debug|x86.ActiveCfg = Debug|Any CPU
		{0F57183A-2B8F-4C7E-8613-EA88B33F65A8}.Debug|x86.Build.0 = Debug|Any CPU
		{0F57183A-2B8F-4C7E-8613-EA88B33F65A8}.Release|Any CPU.ActiveCfg = Release|Any CPU
		{0F57183A-2B8F-4C7E-8613-EA88B33F65A8}.Release|Any CPU.Build.0 = Release|Any CPU
		{0F57183A-2B8F-4C7E-8613-EA88B33F65A8}.Release|x86.ActiveCfg = Release|Any CPU
		{0F57183A-2B8F-4C7E-8613-EA88B33F65A8}.Release|x86.Build.0 = Release|Any CPU
		{7C37B0FB-81B8-4AA2-BC14-B21028C7AB9F}.Debug|Any CPU.ActiveCfg = Debug|Any CPU
		{7C37B0FB-81B8-4AA2-BC14-B21028C7AB9F}.Debug|Any CPU.Build.0 = Debug|Any CPU
		{7C37B0FB-81B8-4AA2-BC14-B21028C7AB9F}.Debug|x86.ActiveCfg = Debug|Any CPU
		{7C37B0FB-81B8-4AA2-BC14-B21028C7AB9F}.Debug|x86.Build.0 = Debug|Any CPU
		{7C37B0FB-81B8-4AA2-BC14-B21028C7AB9F}.Release|Any CPU.ActiveCfg = Release|Any CPU
		{7C37B0FB-81B8-4AA2-BC14-B21028C7AB9F}.Release|Any CPU.Build.0 = Release|Any CPU
		{7C37B0FB-81B8-4AA2-BC14-B21028C7AB9F}.Release|x86.ActiveCfg = Release|Any CPU
		{7C37B0FB-81B8-4AA2-BC14-B21028C7AB9F}.Release|x86.Build.0 = Release|Any CPU
		{212E31D9-5F02-43AA-8625-BCB86B15CF8F}.Debug|Any CPU.ActiveCfg = Debug|Win32
		{212E31D9-5F02-43AA-8625-BCB86B15CF8F}.Debug|x86.ActiveCfg = Debug|Win32
		{212E31D9-5F02-43AA-8625-BCB86B15CF8F}.Debug|x86.Build.0 = Debug|Win32
		{212E31D9-5F02-43AA-8625-BCB86B15CF8F}.Release|Any CPU.ActiveCfg = Release|Win32
		{212E31D9-5F02-43AA-8625-BCB86B15CF8F}.Release|x86.ActiveCfg = Release|Win32
		{212E31D9-5F02-43AA-8625-BCB86B15CF8F}.Release|x86.Build.0 = Release|Win32
		{0D4AD6D3-B177-4E6D-BA6D-D8E0F42FC653}.Debug|Any CPU.ActiveCfg = Debug|Any CPU
		{0D4AD6D3-B177-4E6D-BA6D-D8E0F42FC653}.Debug|Any CPU.Build.0 = Debug|Any CPU
		{0D4AD6D3-B177-4E6D-BA6D-D8E0F42FC653}.Debug|x86.ActiveCfg = Debug|Any CPU
		{0D4AD6D3-B177-4E6D-BA6D-D8E0F42FC653}.Debug|x86.Build.0 = Debug|Any CPU
		{0D4AD6D3-B177-4E6D-BA6D-D8E0F42FC653}.Release|Any CPU.ActiveCfg = Release|Any CPU
		{0D4AD6D3-B177-4E6D-BA6D-D8E0F42FC653}.Release|Any CPU.Build.0 = Release|Any CPU
		{0D4AD6D3-B177-4E6D-BA6D-D8E0F42FC653}.Release|x86.ActiveCfg = Release|Any CPU
		{0D4AD6D3-B177-4E6D-BA6D-D8E0F42FC653}.Release|x86.Build.0 = Release|Any CPU
		{4F37507C-6CE8-4C68-A54B-EFCCE96A99EA}.Debug|Any CPU.ActiveCfg = Debug|Any CPU
		{4F37507C-6CE8-4C68-A54B-EFCCE96A99EA}.Debug|Any CPU.Build.0 = Debug|Any CPU
		{4F37507C-6CE8-4C68-A54B-EFCCE96A99EA}.Debug|x86.ActiveCfg = Debug|Any CPU
		{4F37507C-6CE8-4C68-A54B-EFCCE96A99EA}.Debug|x86.Build.0 = Debug|Any CPU
		{4F37507C-6CE8-4C68-A54B-EFCCE96A99EA}.Release|Any CPU.ActiveCfg = Release|Any CPU
		{4F37507C-6CE8-4C68-A54B-EFCCE96A99EA}.Release|Any CPU.Build.0 = Release|Any CPU
		{4F37507C-6CE8-4C68-A54B-EFCCE96A99EA}.Release|x86.ActiveCfg = Release|Any CPU
		{4F37507C-6CE8-4C68-A54B-EFCCE96A99EA}.Release|x86.Build.0 = Release|Any CPU
		{9CA28A56-27B0-4F3A-BD61-970B3DE2A793}.Debug|Any CPU.ActiveCfg = Debug|Any CPU
		{9CA28A56-27B0-4F3A-BD61-970B3DE2A793}.Debug|Any CPU.Build.0 = Debug|Any CPU
		{9CA28A56-27B0-4F3A-BD61-970B3DE2A793}.Debug|x86.ActiveCfg = Debug|Any CPU
		{9CA28A56-27B0-4F3A-BD61-970B3DE2A793}.Debug|x86.Build.0 = Debug|Any CPU
		{9CA28A56-27B0-4F3A-BD61-970B3DE2A793}.Release|Any CPU.ActiveCfg = Release|Any CPU
		{9CA28A56-27B0-4F3A-BD61-970B3DE2A793}.Release|Any CPU.Build.0 = Release|Any CPU
		{9CA28A56-27B0-4F3A-BD61-970B3DE2A793}.Release|x86.ActiveCfg = Release|Any CPU
		{9CA28A56-27B0-4F3A-BD61-970B3DE2A793}.Release|x86.Build.0 = Release|Any CPU
		{8267221B-52C3-490B-A98F-7A51EBEB2A2B}.Debug|Any CPU.ActiveCfg = Debug|Any CPU
		{8267221B-52C3-490B-A98F-7A51EBEB2A2B}.Debug|Any CPU.Build.0 = Debug|Any CPU
		{8267221B-52C3-490B-A98F-7A51EBEB2A2B}.Debug|x86.ActiveCfg = Debug|Any CPU
		{8267221B-52C3-490B-A98F-7A51EBEB2A2B}.Debug|x86.Build.0 = Debug|Any CPU
		{8267221B-52C3-490B-A98F-7A51EBEB2A2B}.Release|Any CPU.ActiveCfg = Release|Any CPU
		{8267221B-52C3-490B-A98F-7A51EBEB2A2B}.Release|Any CPU.Build.0 = Release|Any CPU
		{8267221B-52C3-490B-A98F-7A51EBEB2A2B}.Release|x86.ActiveCfg = Release|Any CPU
		{8267221B-52C3-490B-A98F-7A51EBEB2A2B}.Release|x86.Build.0 = Release|Any CPU
		{C79815C7-A80A-41AA-AB02-F6AC83EFA579}.Debug|Any CPU.ActiveCfg = Debug|Win32
		{C79815C7-A80A-41AA-AB02-F6AC83EFA579}.Debug|x86.ActiveCfg = Debug|Win32
		{C79815C7-A80A-41AA-AB02-F6AC83EFA579}.Debug|x86.Build.0 = Debug|Win32
		{C79815C7-A80A-41AA-AB02-F6AC83EFA579}.Release|Any CPU.ActiveCfg = Release|Win32
		{C79815C7-A80A-41AA-AB02-F6AC83EFA579}.Release|x86.ActiveCfg = Release|Win32
		{C79815C7-A80A-41AA-AB02-F6AC83EFA579}.Release|x86.Build.0 = Release|Win32
		{A59882B1-AF28-4892-A990-BC6E6F7BC12D}.Debug|Any CPU.ActiveCfg = Debug|Any CPU
		{A59882B1-AF28-4892-A990-BC6E6F7BC12D}.Debug|Any CPU.Build.0 = Debug|Any CPU
		{A59882B1-AF28-4892-A990-BC6E6F7BC12D}.Debug|x86.ActiveCfg = Debug|Any CPU
		{A59882B1-AF28-4892-A990-BC6E6F7BC12D}.Debug|x86.Build.0 = Debug|Any CPU
		{A59882B1-AF28-4892-A990-BC6E6F7BC12D}.Release|Any CPU.ActiveCfg = Release|Any CPU
		{A59882B1-AF28-4892-A990-BC6E6F7BC12D}.Release|Any CPU.Build.0 = Release|Any CPU
		{A59882B1-AF28-4892-A990-BC6E6F7BC12D}.Release|x86.ActiveCfg = Release|Any CPU
		{A59882B1-AF28-4892-A990-BC6E6F7BC12D}.Release|x86.Build.0 = Release|Any CPU
		{D53A71CF-51A4-45F3-9644-FED8FAF49D3C}.Debug|Any CPU.ActiveCfg = Debug|Any CPU
		{D53A71CF-51A4-45F3-9644-FED8FAF49D3C}.Debug|Any CPU.Build.0 = Debug|Any CPU
		{D53A71CF-51A4-45F3-9644-FED8FAF49D3C}.Debug|x86.ActiveCfg = Debug|Any CPU
		{D53A71CF-51A4-45F3-9644-FED8FAF49D3C}.Debug|x86.Build.0 = Debug|Any CPU
		{D53A71CF-51A4-45F3-9644-FED8FAF49D3C}.Release|Any CPU.ActiveCfg = Release|Any CPU
		{D53A71CF-51A4-45F3-9644-FED8FAF49D3C}.Release|Any CPU.Build.0 = Release|Any CPU
		{D53A71CF-51A4-45F3-9644-FED8FAF49D3C}.Release|x86.ActiveCfg = Release|Any CPU
		{D53A71CF-51A4-45F3-9644-FED8FAF49D3C}.Release|x86.Build.0 = Release|Any CPU
	EndGlobalSection
	GlobalSection(SolutionProperties) = preSolution
		HideSolutionNode = FALSE
	EndGlobalSection
	GlobalSection(NestedProjects) = preSolution
		{7C37B0FB-81B8-4AA2-BC14-B21028C7AB9F} = {134F692E-EA89-4C72-883E-C2727EAE1ACF}
		{212E31D9-5F02-43AA-8625-BCB86B15CF8F} = {134F692E-EA89-4C72-883E-C2727EAE1ACF}
	EndGlobalSection
	GlobalSection(ExtensibilityGlobals) = postSolution
		SolutionGuid = {8A60AA7A-770C-42C9-BD66-D649BEAD5DB0}
	EndGlobalSection
EndGlobal
